Microsoft Visual Studio Solution File, Format Version 8.00
Project("{FAE04EC0-301F-11D3-BF4B-00C04F79EFBC}") = "How-To Data Binding with Navigation", "How-To Data Binding with Navigation.csproj", "{51D412B3-D674-4B46-BE1B-0132333A01C7}"
	ProjectSection(ProjectDependencies) = postProject
	EndProjectSection
EndProject
Global
	GlobalSection(SolutionConfiguration) = preSolution
		Debug = Debug
		Release = Release
	EndGlobalSection
	GlobalSection(ProjectConfiguration) = postSolution
		{51D412B3-D674-4B46-BE1B-0132333A01C7}.Debug.ActiveCfg = Debug|.NET
		{51D412B3-D674-4B46-BE1B-0132333A01C7}.Debug.Build.0 = Debug|.NET
		{51D412B3-D674-4B46-BE1B-0132333A01C7}.Release.ActiveCfg = Release|.NET
		{51D412B3-D674-4B46-BE1B-0132333A01C7}.Release.Build.0 = Release|.NET
	EndGlobalSection
	GlobalSection(ExtensibilityGlobals) = postSolution
	EndGlobalSection
	GlobalSection(ExtensibilityAddIns) = postSolution
	EndGlobalSection
EndGlobal
