Microsoft Visual Studio Solution File, Format Version 8.00
Project("{FAE04EC0-301F-11D3-BF4B-00C04F79EFBC}") = "How-To Use Regular Expressions", "How-To Use Regular Expressions.csproj", "{0D10B317-21CE-4B7B-AC33-E109C74D114D}"
	ProjectSection(ProjectDependencies) = postProject
	EndProjectSection
EndProject
Global
	GlobalSection(SolutionConfiguration) = preSolution
		Debug = Debug
		Release = Release
	EndGlobalSection
	GlobalSection(ProjectConfiguration) = postSolution
		{0D10B317-21CE-4B7B-AC33-E109C74D114D}.Debug.ActiveCfg = Debug|.NET
		{0D10B317-21CE-4B7B-AC33-E109C74D114D}.Debug.Build.0 = Debug|.NET
		{0D10B317-21CE-4B7B-AC33-E109C74D114D}.Release.ActiveCfg = Release|.NET
		{0D10B317-21CE-4B7B-AC33-E109C74D114D}.Release.Build.0 = Release|.NET
	EndGlobalSection
	GlobalSection(ExtensibilityGlobals) = postSolution
	EndGlobalSection
	GlobalSection(ExtensibilityAddIns) = postSolution
	EndGlobalSection
EndGlobal
