Microsoft Visual Studio Solution File, Format Version 7.00
Project("{FAE04EC0-301F-11D3-BF4B-00C04F79EFBC}") = "CreditCardCheckService", "http://localhost/CreditCardCheckServiceCS/CreditCardCheckService.csproj", "{A6F9BDF2-A416-43CC-BC78-95D3AD3A92B6}"
EndProject
Project("{FAE04EC0-301F-11D3-BF4B-00C04F79EFBC}") = "CreditCardCheckClient", "CreditCardCheckClient\CreditCardCheckClient.csproj", "{6E4FB013-0B36-4066-8B79-66648D837C1A}"
EndProject
Global
	GlobalSection(SolutionConfiguration) = preSolution
		ConfigName.0 = Debug
		ConfigName.1 = Release
	EndGlobalSection
	GlobalSection(ProjectDependencies) = postSolution
	EndGlobalSection
	GlobalSection(ProjectConfiguration) = postSolution
		{A6F9BDF2-A416-43CC-BC78-95D3AD3A92B6}.Debug.ActiveCfg = Debug|.NET
		{A6F9BDF2-A416-43CC-BC78-95D3AD3A92B6}.Debug.Build.0 = Debug|.NET
		{A6F9BDF2-A416-43CC-BC78-95D3AD3A92B6}.Release.ActiveCfg = Release|.NET
		{A6F9BDF2-A416-43CC-BC78-95D3AD3A92B6}.Release.Build.0 = Release|.NET
		{6E4FB013-0B36-4066-8B79-66648D837C1A}.Debug.ActiveCfg = Debug|.NET
		{6E4FB013-0B36-4066-8B79-66648D837C1A}.Debug.Build.0 = Debug|.NET
		{6E4FB013-0B36-4066-8B79-66648D837C1A}.Release.ActiveCfg = Release|.NET
		{6E4FB013-0B36-4066-8B79-66648D837C1A}.Release.Build.0 = Release|.NET
	EndGlobalSection
	GlobalSection(ExtensibilityGlobals) = postSolution
	EndGlobalSection
	GlobalSection(ExtensibilityAddIns) = postSolution
	EndGlobalSection
EndGlobal
