Microsoft Visual Studio Solution File, Format Version 7.00
Project("{8BC9CEB8-8B4A-11D0-8D11-00A0C91BC942}") = "JrnlPoster", "JrnlPoster\JrnlPoster.vcproj", "{987F2D4A-0541-4981-829C-F13388730E1C}"
EndProject
Project("{8BC9CEB8-8B4A-11D0-8D11-00A0C91BC942}") = "JrnlPosterPS", "JrnlPoster\JrnlPosterPS.vcproj", "{B1B36C3D-8425-46F6-A1F6-33D1AD63DE8A}"
EndProject
Project("{8BC9CEB8-8B4A-11D0-8D11-00A0C91BC942}") = "comJrnlClient", "comJrnlClient\comJrnlClient.vcproj", "{14FCBF97-EC8B-47A9-B019-E95462294E92}"
EndProject
Project("{FAE04EC0-301F-11D3-BF4B-00C04F79EFBC}") = "netJrnlClientA", "netJrnlClientA\netJrnlClientA.csproj", "{5DEDBDE5-F5CF-4DF8-8906-2E1A7A7EF22E}"
EndProject
Project("{8BC9CEB8-8B4A-11D0-8D11-00A0C91BC942}") = "netJrnlClientB", "netJrnlClientB\netJrnlClientB.vcproj", "{125235D7-52CE-490F-BA35-EB42621C77A0}"
EndProject
Global
	GlobalSection(SolutionConfiguration) = preSolution
		ConfigName.0 = Debug
		ConfigName.1 = Release
	EndGlobalSection
	GlobalSection(ProjectDependencies) = postSolution
		{B1B36C3D-8425-46F6-A1F6-33D1AD63DE8A}.0 = {987F2D4A-0541-4981-829C-F13388730E1C}
		{14FCBF97-EC8B-47A9-B019-E95462294E92}.0 = {987F2D4A-0541-4981-829C-F13388730E1C}
		{5DEDBDE5-F5CF-4DF8-8906-2E1A7A7EF22E}.0 = {987F2D4A-0541-4981-829C-F13388730E1C}
		{125235D7-52CE-490F-BA35-EB42621C77A0}.0 = {987F2D4A-0541-4981-829C-F13388730E1C}
	EndGlobalSection
	GlobalSection(ProjectConfiguration) = postSolution
		{987F2D4A-0541-4981-829C-F13388730E1C}.Debug.ActiveCfg = Debug|Win32
		{987F2D4A-0541-4981-829C-F13388730E1C}.Debug.Build.0 = Debug|Win32
		{987F2D4A-0541-4981-829C-F13388730E1C}.Release.ActiveCfg = Release|Win32
		{987F2D4A-0541-4981-829C-F13388730E1C}.Release.Build.0 = Release|Win32
		{B1B36C3D-8425-46F6-A1F6-33D1AD63DE8A}.Debug.ActiveCfg = Debug|Win32
		{B1B36C3D-8425-46F6-A1F6-33D1AD63DE8A}.Release.ActiveCfg = Release|Win32
		{14FCBF97-EC8B-47A9-B019-E95462294E92}.Debug.ActiveCfg = Debug|Win32
		{14FCBF97-EC8B-47A9-B019-E95462294E92}.Debug.Build.0 = Debug|Win32
		{14FCBF97-EC8B-47A9-B019-E95462294E92}.Release.ActiveCfg = Release|Win32
		{14FCBF97-EC8B-47A9-B019-E95462294E92}.Release.Build.0 = Release|Win32
		{5DEDBDE5-F5CF-4DF8-8906-2E1A7A7EF22E}.Debug.ActiveCfg = Debug|.NET
		{5DEDBDE5-F5CF-4DF8-8906-2E1A7A7EF22E}.Debug.Build.0 = Debug|.NET
		{5DEDBDE5-F5CF-4DF8-8906-2E1A7A7EF22E}.Release.ActiveCfg = Release|.NET
		{5DEDBDE5-F5CF-4DF8-8906-2E1A7A7EF22E}.Release.Build.0 = Release|.NET
		{125235D7-52CE-490F-BA35-EB42621C77A0}.Debug.ActiveCfg = Debug|Win32
		{125235D7-52CE-490F-BA35-EB42621C77A0}.Debug.Build.0 = Debug|Win32
		{125235D7-52CE-490F-BA35-EB42621C77A0}.Release.ActiveCfg = Release|Win32
		{125235D7-52CE-490F-BA35-EB42621C77A0}.Release.Build.0 = Release|Win32
	EndGlobalSection
	GlobalSection(ExtensibilityGlobals) = postSolution
	EndGlobalSection
	GlobalSection(ExtensibilityAddIns) = postSolution
	EndGlobalSection
EndGlobal
