Microsoft Visual Studio Solution File, Format Version 7.00
Project("{F184B08F-C81C-45F6-A57F-5ABD9991F28F}") = "HelloServiceClient", "HelloServiceClient\HelloServiceClient.vbproj", "{8BC3D047-68A4-4B27-B17E-9648408BB125}"
EndProject
Project("{F184B08F-C81C-45F6-A57F-5ABD9991F28F}") = "HelloService", "http://localhost/HelloService/HelloService.vbproj", "{1E68C1F8-8D57-420E-BAD8-FF65B1DFBCB1}"
EndProject
Global
	GlobalSection(SolutionConfiguration) = preSolution
		ConfigName.0 = Debug
		ConfigName.1 = Release
	EndGlobalSection
	GlobalSection(ProjectDependencies) = postSolution
	EndGlobalSection
	GlobalSection(ProjectConfiguration) = postSolution
		{8BC3D047-68A4-4B27-B17E-9648408BB125}.Debug.ActiveCfg = Debug|.NET
		{8BC3D047-68A4-4B27-B17E-9648408BB125}.Debug.Build.0 = Debug|.NET
		{8BC3D047-68A4-4B27-B17E-9648408BB125}.Release.ActiveCfg = Release|.NET
		{8BC3D047-68A4-4B27-B17E-9648408BB125}.Release.Build.0 = Release|.NET
		{1E68C1F8-8D57-420E-BAD8-FF65B1DFBCB1}.Debug.ActiveCfg = Debug|.NET
		{1E68C1F8-8D57-420E-BAD8-FF65B1DFBCB1}.Debug.Build.0 = Debug|.NET
		{1E68C1F8-8D57-420E-BAD8-FF65B1DFBCB1}.Release.ActiveCfg = Release|.NET
		{1E68C1F8-8D57-420E-BAD8-FF65B1DFBCB1}.Release.Build.0 = Release|.NET
	EndGlobalSection
	GlobalSection(ExtensibilityGlobals) = postSolution
	EndGlobalSection
	GlobalSection(ExtensibilityAddIns) = postSolution
	EndGlobalSection
EndGlobal
