Microsoft Visual Studio Solution File, Format Version 7.00
Project("{FAE04EC0-301F-11D3-BF4B-00C04F79EFBC}") = "AuthenticationSample", "http://localhost/scardwell/AuthenticationSample/AuthenticationSample.csproj", "{DC1127B6-6AC4-4419-AC28-24B9A83B979A}"
EndProject
Global
	GlobalSection(SolutionConfiguration) = preSolution
		ConfigName.0 = Debug
		ConfigName.1 = Release
	EndGlobalSection
	GlobalSection(ProjectDependencies) = postSolution
	EndGlobalSection
	GlobalSection(ProjectConfiguration) = postSolution
		{DC1127B6-6AC4-4419-AC28-24B9A83B979A}.Debug.ActiveCfg = Debug|.NET
		{DC1127B6-6AC4-4419-AC28-24B9A83B979A}.Debug.Build.0 = Debug|.NET
		{DC1127B6-6AC4-4419-AC28-24B9A83B979A}.Release.ActiveCfg = Release|.NET
		{DC1127B6-6AC4-4419-AC28-24B9A83B979A}.Release.Build.0 = Release|.NET
	EndGlobalSection
	GlobalSection(ExtensibilityGlobals) = postSolution
	EndGlobalSection
	GlobalSection(ExtensibilityAddIns) = postSolution
	EndGlobalSection
EndGlobal
