Microsoft Visual Studio Solution File, Format Version 7.00
Project("{8BC9CEB8-8B4A-11D0-8D11-00A0C91BC942}") = "labdriv", "labdriv\labdriv.vcproj", "{955399AB-BEF7-4EEA-AAF1-3C9FFC28E43A}"
EndProject
Project("{8BC9CEB8-8B4A-11D0-8D11-00A0C91BC942}") = "labrador", "labrador.vcproj", "{3A2FBFB0-58C1-4EF3-8ADD-B0B895B0A9D0}"
EndProject
Project("{8BC9CEB8-8B4A-11D0-8D11-00A0C91BC942}") = "labPS", "labPS.vcproj", "{EE87811D-7F5E-460A-BF87-E85AE98A7EF2}"
EndProject
Global
	GlobalSection(SolutionConfiguration) = preSolution
		ConfigName.0 = Debug
		ConfigName.1 = Release
	EndGlobalSection
	GlobalSection(ProjectDependencies) = postSolution
		{955399AB-BEF7-4EEA-AAF1-3C9FFC28E43A}.0 = {3A2FBFB0-58C1-4EF3-8ADD-B0B895B0A9D0}
	EndGlobalSection
	GlobalSection(ProjectConfiguration) = postSolution
		{955399AB-BEF7-4EEA-AAF1-3C9FFC28E43A}.Debug.ActiveCfg = Debug|Win32
		{955399AB-BEF7-4EEA-AAF1-3C9FFC28E43A}.Debug.Build.0 = Debug|Win32
		{955399AB-BEF7-4EEA-AAF1-3C9FFC28E43A}.Release.ActiveCfg = Release|Win32
		{955399AB-BEF7-4EEA-AAF1-3C9FFC28E43A}.Release.Build.0 = Release|Win32
		{3A2FBFB0-58C1-4EF3-8ADD-B0B895B0A9D0}.Debug.ActiveCfg = Debug|Win32
		{3A2FBFB0-58C1-4EF3-8ADD-B0B895B0A9D0}.Debug.Build.0 = Debug|Win32
		{3A2FBFB0-58C1-4EF3-8ADD-B0B895B0A9D0}.Release.ActiveCfg = Release|Win32
		{3A2FBFB0-58C1-4EF3-8ADD-B0B895B0A9D0}.Release.Build.0 = Release|Win32
		{EE87811D-7F5E-460A-BF87-E85AE98A7EF2}.Debug.ActiveCfg = Debug|Win32
		{EE87811D-7F5E-460A-BF87-E85AE98A7EF2}.Debug.Build.0 = Debug|Win32
		{EE87811D-7F5E-460A-BF87-E85AE98A7EF2}.Release.ActiveCfg = Release|Win32
		{EE87811D-7F5E-460A-BF87-E85AE98A7EF2}.Release.Build.0 = Release|Win32
	EndGlobalSection
	GlobalSection(ExtensibilityGlobals) = postSolution
	EndGlobalSection
	GlobalSection(ExtensibilityAddIns) = postSolution
	EndGlobalSection
EndGlobal
