
Microsoft Visual Studio Solution File, Format Version 9.00
Project("{FAE04EC0-301F-11D3-BF4B-00C04F79EFBC}") = "CultureSample", "CultureSample\CultureSample.csproj", "{12CFE94B-6D7A-4EB1-857C-54025B0657DA}"
EndProject
Global
	GlobalSection(SolutionConfigurationPlatforms) = preSolution
		Debug|.NET = Debug|.NET
		Release|.NET = Release|.NET
	EndGlobalSection
	GlobalSection(ProjectConfigurationPlatforms) = postSolution
		{12CFE94B-6D7A-4EB1-857C-54025B0657DA}.Debug|.NET.ActiveCfg = Debug|.NET
		{12CFE94B-6D7A-4EB1-857C-54025B0657DA}.Debug|.NET.Build.0 = Debug|.NET
		{12CFE94B-6D7A-4EB1-857C-54025B0657DA}.Release|.NET.ActiveCfg = Release|.NET
		{12CFE94B-6D7A-4EB1-857C-54025B0657DA}.Release|.NET.Build.0 = Release|.NET
	EndGlobalSection
	GlobalSection(SolutionProperties) = preSolution
		HideSolutionNode = FALSE
	EndGlobalSection
EndGlobal
