Microsoft Visual Studio Solution File, Format Version 7.00
Project("{FAE04EC0-301F-11D3-BF4B-00C04F79EFBC}") = "CmdLine1", "CmdLine1\CmdLine1.csproj", "{7087117E-09D4-420D-B1FA-33C4F4AC0615}"
EndProject
Project("{FAE04EC0-301F-11D3-BF4B-00C04F79EFBC}") = "CmdLine2", "CmdLine2\CmdLine2.csproj", "{47774DAA-7132-4934-814A-1F8C119FB583}"
EndProject
Global
	GlobalSection(SolutionConfiguration) = preSolution
		ConfigName.0 = Debug
		ConfigName.1 = Release
	EndGlobalSection
	GlobalSection(ProjectDependencies) = postSolution
	EndGlobalSection
	GlobalSection(ProjectConfiguration) = postSolution
		{7087117E-09D4-420D-B1FA-33C4F4AC0615}.Debug.ActiveCfg = Debug|.NET
		{7087117E-09D4-420D-B1FA-33C4F4AC0615}.Debug.Build.0 = Debug|.NET
		{7087117E-09D4-420D-B1FA-33C4F4AC0615}.Release.ActiveCfg = Release|.NET
		{7087117E-09D4-420D-B1FA-33C4F4AC0615}.Release.Build.0 = Release|.NET
		{47774DAA-7132-4934-814A-1F8C119FB583}.Debug.ActiveCfg = Debug|.NET
		{47774DAA-7132-4934-814A-1F8C119FB583}.Debug.Build.0 = Debug|.NET
		{47774DAA-7132-4934-814A-1F8C119FB583}.Release.ActiveCfg = Release|.NET
		{47774DAA-7132-4934-814A-1F8C119FB583}.Release.Build.0 = Release|.NET
	EndGlobalSection
	GlobalSection(SolutionItems) = postSolution
		Item:1 = readme.txt
	EndGlobalSection
	GlobalSection(ExtensibilityGlobals) = postSolution
	EndGlobalSection
	GlobalSection(ExtensibilityAddIns) = postSolution
	EndGlobalSection
EndGlobal
