Microsoft Visual Studio Solution File, Format Version 7.00
Project("{FAE04EC0-301F-11D3-BF4B-00C04F79EFBC}") = "csSnakeGame", "csSnakeGame.csproj", "{CD4BD91E-C258-4305-8F0B-C3A1B8674EC0}"
EndProject
Global
	GlobalSection(SolutionConfiguration) = preSolution
		ConfigName.0 = Debug
		ConfigName.1 = Release
	EndGlobalSection
	GlobalSection(ProjectDependencies) = postSolution
	EndGlobalSection
	GlobalSection(ProjectConfiguration) = postSolution
		{CD4BD91E-C258-4305-8F0B-C3A1B8674EC0}.Debug.ActiveCfg = Debug|.NET
		{CD4BD91E-C258-4305-8F0B-C3A1B8674EC0}.Debug.Build.0 = Debug|.NET
		{CD4BD91E-C258-4305-8F0B-C3A1B8674EC0}.Release.ActiveCfg = Release|.NET
		{CD4BD91E-C258-4305-8F0B-C3A1B8674EC0}.Release.Build.0 = Release|.NET
	EndGlobalSection
	GlobalSection(ExtensibilityGlobals) = postSolution
	EndGlobalSection
	GlobalSection(ExtensibilityAddIns) = postSolution
	EndGlobalSection
EndGlobal
