Microsoft Visual Studio Solution File, Format Version 8.00
Project("{FAE04EC0-301F-11D3-BF4B-00C04F79EFBC}") = "WinCamera", "WinCamera.csproj", "{669BF947-FDE9-4403-9F1D-D6285124F5CB}"
	ProjectSection(ProjectDependencies) = postProject
	EndProjectSection
EndProject
Global
	GlobalSection(SolutionConfiguration) = preSolution
		Debug = Debug
		Release = Release
	EndGlobalSection
	GlobalSection(ProjectConfiguration) = postSolution
		{669BF947-FDE9-4403-9F1D-D6285124F5CB}.Debug.ActiveCfg = Debug|.NET
		{669BF947-FDE9-4403-9F1D-D6285124F5CB}.Debug.Build.0 = Debug|.NET
		{669BF947-FDE9-4403-9F1D-D6285124F5CB}.Release.ActiveCfg = Release|.NET
		{669BF947-FDE9-4403-9F1D-D6285124F5CB}.Release.Build.0 = Release|.NET
	EndGlobalSection
	GlobalSection(ExtensibilityGlobals) = postSolution
	EndGlobalSection
	GlobalSection(ExtensibilityAddIns) = postSolution
	EndGlobalSection
EndGlobal
