
Microsoft Visual Studio Solution File, Format Version 9.00
# Visual Studio 2005
Project("{FAE04EC0-301F-11D3-BF4B-00C04F79EFBC}") = "Ldap_PagedSearch", "Ldap_PagedSearch\Ldap_PagedSearch.csproj", "{CF2CC525-36AB-429C-A701-69810BCB4D24}"
EndProject
Global
	GlobalSection(SolutionConfigurationPlatforms) = preSolution
		Debug|Any CPU = Debug|Any CPU
		Release|Any CPU = Release|Any CPU
	EndGlobalSection
	GlobalSection(ProjectConfigurationPlatforms) = postSolution
		{CF2CC525-36AB-429C-A701-69810BCB4D24}.Debug|Any CPU.ActiveCfg = Debug|Any CPU
		{CF2CC525-36AB-429C-A701-69810BCB4D24}.Debug|Any CPU.Build.0 = Debug|Any CPU
		{CF2CC525-36AB-429C-A701-69810BCB4D24}.Release|Any CPU.ActiveCfg = Release|Any CPU
		{CF2CC525-36AB-429C-A701-69810BCB4D24}.Release|Any CPU.Build.0 = Release|Any CPU
	EndGlobalSection
	GlobalSection(SolutionProperties) = preSolution
		HideSolutionNode = FALSE
	EndGlobalSection
EndGlobal
