Microsoft Visual Studio Solution File, Format Version 8.00
Project("{FAE04EC0-301F-11D3-BF4B-00C04F79EFBC}") = "How-To Understanding the Garbage Collector", "How-To Understanding the Garbage Collector.csproj", "{CE76048A-3920-4928-B9BD-3A9CCC44610E}"
	ProjectSection(ProjectDependencies) = postProject
	EndProjectSection
EndProject
Global
	GlobalSection(SolutionConfiguration) = preSolution
		Debug = Debug
		Release = Release
	EndGlobalSection
	GlobalSection(ProjectConfiguration) = postSolution
		{CE76048A-3920-4928-B9BD-3A9CCC44610E}.Debug.ActiveCfg = Debug|.NET
		{CE76048A-3920-4928-B9BD-3A9CCC44610E}.Debug.Build.0 = Debug|.NET
		{CE76048A-3920-4928-B9BD-3A9CCC44610E}.Release.ActiveCfg = Release|.NET
		{CE76048A-3920-4928-B9BD-3A9CCC44610E}.Release.Build.0 = Release|.NET
	EndGlobalSection
	GlobalSection(ExtensibilityGlobals) = postSolution
	EndGlobalSection
	GlobalSection(ExtensibilityAddIns) = postSolution
	EndGlobalSection
EndGlobal
