Microsoft Visual Studio Solution File, Format Version 7.00
Project("{FAE04EC0-301F-11D3-BF4B-00C04F79EFBC}") = "DocExplorer", "DocExplorer.csproj", "{C654D54B-34DC-4145-B891-777368667AD7}"
EndProject
Project("{54435603-DBB4-11D2-8724-00A0C9A8B90C}") = "DocExplorerSetup", "DocExplorerSetup\DocExplorerSetup.vdproj", "{B7CE16A5-6A06-462A-BA2D-B2233670F79E}"
EndProject
Project("{FAE04EC0-301F-11D3-BF4B-00C04F79EFBC}") = "DocExplorerCtrl", "DocExplorerCtrl\DocExplorerCtrl.csproj", "{ACB87638-2B61-4424-BBF1-9E126DE41AAE}"
EndProject
Global
	GlobalSection(SolutionConfiguration) = preSolution
		ConfigName.0 = Debug
		ConfigName.1 = Release
	EndGlobalSection
	GlobalSection(ProjectDependencies) = postSolution
	EndGlobalSection
	GlobalSection(ProjectConfiguration) = postSolution
		{C654D54B-34DC-4145-B891-777368667AD7}.Debug.ActiveCfg = Debug|.NET
		{C654D54B-34DC-4145-B891-777368667AD7}.Debug.Build.0 = Debug|.NET
		{C654D54B-34DC-4145-B891-777368667AD7}.Release.ActiveCfg = Release|.NET
		{C654D54B-34DC-4145-B891-777368667AD7}.Release.Build.0 = Release|.NET
		{B7CE16A5-6A06-462A-BA2D-B2233670F79E}.Debug.ActiveCfg = Debug
		{B7CE16A5-6A06-462A-BA2D-B2233670F79E}.Debug.Build.0 = Debug
		{B7CE16A5-6A06-462A-BA2D-B2233670F79E}.Release.ActiveCfg = Release
		{B7CE16A5-6A06-462A-BA2D-B2233670F79E}.Release.Build.0 = Release
		{ACB87638-2B61-4424-BBF1-9E126DE41AAE}.Debug.ActiveCfg = Debug|.NET
		{ACB87638-2B61-4424-BBF1-9E126DE41AAE}.Debug.Build.0 = Debug|.NET
		{ACB87638-2B61-4424-BBF1-9E126DE41AAE}.Release.ActiveCfg = Release|.NET
		{ACB87638-2B61-4424-BBF1-9E126DE41AAE}.Release.Build.0 = Release|.NET
	EndGlobalSection
	GlobalSection(ExtensibilityGlobals) = postSolution
	EndGlobalSection
	GlobalSection(ExtensibilityAddIns) = postSolution
	EndGlobalSection
EndGlobal
