Microsoft Visual Studio Solution File, Format Version 7.00
Project("{8BC9CEB8-8B4A-11D0-8D11-00A0C91BC942}") = "DispClient", "DispClient\DispClient.vcproj", "{3A45123D-D01B-48ED-95CC-CAB30AAEE7EE}"
	ProjectSection(ProjectDependencies) = postProject
		0 = {6C8F97CE-1EBB-4628-BBF3-B322ED1D0DA8}
	EndProjectSection
	ProjectSection(SolutionConfiguration) = postProject
		Release.ActiveCfg = Release|Win32
		Release.Build.0 = Release|Win32
		Debug.ActiveCfg = Debug|Win32
		Debug.Build.0 = Debug|Win32
	EndProjectSection
EndProject
Project("{8BC9CEB8-8B4A-11D0-8D11-00A0C91BC942}") = "DispServer", "DispServer\DispServer.vcproj", "{6C8F97CE-1EBB-4628-BBF3-B322ED1D0DA8}"
	ProjectSection(ProjectDependencies) = postProject
	EndProjectSection
	ProjectSection(SolutionConfiguration) = postProject
		Release.ActiveCfg = Release|Win32
		Release.Build.0 = Release|Win32
		Debug.ActiveCfg = Debug|Win32
		Debug.Build.0 = Debug|Win32
	EndProjectSection
EndProject
Global
	GlobalSection(SolutionConfiguration) = preSolution
		ConfigName.0 = Debug
		ConfigName.1 = Release
		DoSign = FALSE
	EndGlobalSection
	GlobalSection(ExtensibilityGlobals) = postSolution
	EndGlobalSection
	GlobalSection(ExtensibilityAddIns) = postSolution
	EndGlobalSection
EndGlobal
