Microsoft Visual Studio Solution File, Format Version 7.00
Project("{FAE04EC0-301F-11D3-BF4B-00C04F79EFBC}") = "XBlipDataAccessLib", "XBlipDataAccessLib\XBlipDataAccessLib.csproj", "{E3C6AB79-AD8D-4E4A-B3D4-A7B8D0E691D0}"
EndProject
Project("{FAE04EC0-301F-11D3-BF4B-00C04F79EFBC}") = "DailTester", "..\XBlipDataAccessLibTesting\DailTester\DailTester.csproj", "{BCA3F879-B8B2-4ACF-9461-1097EA56FE59}"
EndProject
Global
	GlobalSection(SolutionConfiguration) = preSolution
		ConfigName.0 = Debug
		ConfigName.1 = Release
	EndGlobalSection
	GlobalSection(ProjectDependencies) = postSolution
	EndGlobalSection
	GlobalSection(ProjectConfiguration) = postSolution
		{E3C6AB79-AD8D-4E4A-B3D4-A7B8D0E691D0}.Debug.ActiveCfg = Debug|.NET
		{E3C6AB79-AD8D-4E4A-B3D4-A7B8D0E691D0}.Debug.Build.0 = Debug|.NET
		{E3C6AB79-AD8D-4E4A-B3D4-A7B8D0E691D0}.Release.ActiveCfg = Release|.NET
		{E3C6AB79-AD8D-4E4A-B3D4-A7B8D0E691D0}.Release.Build.0 = Release|.NET
		{BCA3F879-B8B2-4ACF-9461-1097EA56FE59}.Debug.ActiveCfg = Debug|.NET
		{BCA3F879-B8B2-4ACF-9461-1097EA56FE59}.Debug.Build.0 = Debug|.NET
		{BCA3F879-B8B2-4ACF-9461-1097EA56FE59}.Release.ActiveCfg = Release|.NET
		{BCA3F879-B8B2-4ACF-9461-1097EA56FE59}.Release.Build.0 = Release|.NET
	EndGlobalSection
	GlobalSection(ExtensibilityGlobals) = postSolution
	EndGlobalSection
	GlobalSection(ExtensibilityAddIns) = postSolution
	EndGlobalSection
EndGlobal
