Microsoft Visual Studio Solution File, Format Version 7.00
Project("{8BC9CEB8-8B4A-11D0-8D11-00A0C91BC942}") = "runado", "runado\runado.vcproj", "{5EF84D86-5A76-4C9F-813D-5958A9266A65}"
EndProject
Project("{8BC9CEB8-8B4A-11D0-8D11-00A0C91BC942}") = "ADOSamp", "server\adosamp.vcproj", "{82BD2374-0ED1-4DA3-A037-9426E7487F76}"
EndProject
Global
	GlobalSection(SolutionConfiguration) = preSolution
		ConfigName.0 = Debug
		ConfigName.1 = Release
	EndGlobalSection
	GlobalSection(ProjectDependencies) = postSolution
		{5EF84D86-5A76-4C9F-813D-5958A9266A65}.0 = {82BD2374-0ED1-4DA3-A037-9426E7487F76}
	EndGlobalSection
	GlobalSection(ProjectConfiguration) = postSolution
		{5EF84D86-5A76-4C9F-813D-5958A9266A65}.Debug.ActiveCfg = Debug|Win32
		{5EF84D86-5A76-4C9F-813D-5958A9266A65}.Debug.Build.0 = Debug|Win32
		{5EF84D86-5A76-4C9F-813D-5958A9266A65}.Release.ActiveCfg = Release|Win32
		{5EF84D86-5A76-4C9F-813D-5958A9266A65}.Release.Build.0 = Release|Win32
		{82BD2374-0ED1-4DA3-A037-9426E7487F76}.Debug.ActiveCfg = Debug|Win32
		{82BD2374-0ED1-4DA3-A037-9426E7487F76}.Debug.Build.0 = Debug|Win32
		{82BD2374-0ED1-4DA3-A037-9426E7487F76}.Release.ActiveCfg = Release|Win32
		{82BD2374-0ED1-4DA3-A037-9426E7487F76}.Release.Build.0 = Release|Win32
	EndGlobalSection
	GlobalSection(ExtensibilityGlobals) = postSolution
	EndGlobalSection
	GlobalSection(ExtensibilityAddIns) = postSolution
	EndGlobalSection
EndGlobal
