Microsoft Visual Studio Solution File, Format Version 8.00
Project("{FAE04EC0-301F-11D3-BF4B-00C04F79EFBC}") = "LabServer", "LabServer.csproj", "{E34C6900-6837-408C-8DB4-AB476C125597}"
EndProject
Global
	GlobalSection(SolutionConfiguration) = preSolution
		Debug = Debug
		Release = Release
	EndGlobalSection
	GlobalSection(ProjectConfiguration) = postSolution
		{E34C6900-6837-408C-8DB4-AB476C125597}.Debug.ActiveCfg = Debug|.NET
		{E34C6900-6837-408C-8DB4-AB476C125597}.Debug.Build.0 = Debug|.NET
		{E34C6900-6837-408C-8DB4-AB476C125597}.Release.ActiveCfg = Release|.NET
		{E34C6900-6837-408C-8DB4-AB476C125597}.Release.Build.0 = Release|.NET
	EndGlobalSection
	GlobalSection(SolutionProperties) = preSolution
		HideSolutionNode = FALSE
	EndGlobalSection
EndGlobal
