
Microsoft Visual Studio Solution File, Format Version 9.00
# Visual Studio 2005
Project("{F184B08F-C81C-45F6-A57F-5ABD9991F28F}") = "TaskPaneTest", "TaskPaneTest\TaskPaneTest.vbproj", "{DDB6377F-AC70-47A0-8F37-7A0ABCD7566C}"
EndProject
Project("{F184B08F-C81C-45F6-A57F-5ABD9991F28F}") = "TaskPane", "TaskPane\TaskPane.vbproj", "{8675F4D6-363E-4D5D-AAA4-5571A4D259FD}"
EndProject
Global
	GlobalSection(SolutionConfigurationPlatforms) = preSolution
		Debug|Any CPU = Debug|Any CPU
		Release|Any CPU = Release|Any CPU
	EndGlobalSection
	GlobalSection(ProjectConfigurationPlatforms) = postSolution
		{DDB6377F-AC70-47A0-8F37-7A0ABCD7566C}.Debug|Any CPU.ActiveCfg = Debug|Any CPU
		{DDB6377F-AC70-47A0-8F37-7A0ABCD7566C}.Debug|Any CPU.Build.0 = Debug|Any CPU
		{DDB6377F-AC70-47A0-8F37-7A0ABCD7566C}.Release|Any CPU.ActiveCfg = Release|Any CPU
		{DDB6377F-AC70-47A0-8F37-7A0ABCD7566C}.Release|Any CPU.Build.0 = Release|Any CPU
		{8675F4D6-363E-4D5D-AAA4-5571A4D259FD}.Debug|Any CPU.ActiveCfg = Debug|Any CPU
		{8675F4D6-363E-4D5D-AAA4-5571A4D259FD}.Debug|Any CPU.Build.0 = Debug|Any CPU
		{8675F4D6-363E-4D5D-AAA4-5571A4D259FD}.Release|Any CPU.ActiveCfg = Release|Any CPU
		{8675F4D6-363E-4D5D-AAA4-5571A4D259FD}.Release|Any CPU.Build.0 = Release|Any CPU
	EndGlobalSection
	GlobalSection(SolutionProperties) = preSolution
		HideSolutionNode = FALSE
	EndGlobalSection
EndGlobal
