Microsoft Visual Studio Solution File, Format Version 7.00
Project("{8BC9CEB8-8B4A-11D0-8D11-00A0C91BC942}") = "CircColl", "CircColl.vcproj", "{63715EB3-7DA0-4818-8CD0-B3C9478E8D97}"
EndProject
Project("{F184B08F-C81C-45F6-A57F-5ABD9991F28F}") = "CircCollClient", "CircCollClient\CircCollClient.vbproj", "{7524FDB3-41D8-41CE-885C-BAA4FBBADDF8}"
EndProject
Global
	GlobalSection(SolutionConfiguration) = preSolution
		ConfigName.0 = Debug
		ConfigName.1 = Release
	EndGlobalSection
	GlobalSection(ProjectDependencies) = postSolution
		{7524FDB3-41D8-41CE-885C-BAA4FBBADDF8}.0 = {63715EB3-7DA0-4818-8CD0-B3C9478E8D97}
	EndGlobalSection
	GlobalSection(ProjectConfiguration) = postSolution
		{63715EB3-7DA0-4818-8CD0-B3C9478E8D97}.Debug.ActiveCfg = Debug|Win32
		{63715EB3-7DA0-4818-8CD0-B3C9478E8D97}.Debug.Build.0 = Debug|Win32
		{63715EB3-7DA0-4818-8CD0-B3C9478E8D97}.Release.ActiveCfg = Release|Win32
		{63715EB3-7DA0-4818-8CD0-B3C9478E8D97}.Release.Build.0 = Release|Win32
		{7524FDB3-41D8-41CE-885C-BAA4FBBADDF8}.Debug.ActiveCfg = Debug|.NET
		{7524FDB3-41D8-41CE-885C-BAA4FBBADDF8}.Debug.Build.0 = Debug|.NET
		{7524FDB3-41D8-41CE-885C-BAA4FBBADDF8}.Release.ActiveCfg = Release|.NET
		{7524FDB3-41D8-41CE-885C-BAA4FBBADDF8}.Release.Build.0 = Release|.NET
	EndGlobalSection
	GlobalSection(ExtensibilityGlobals) = postSolution
	EndGlobalSection
	GlobalSection(ExtensibilityAddIns) = postSolution
	EndGlobalSection
EndGlobal
