Microsoft Visual Studio Solution File, Format Version 8.00
Project("{FAE04EC0-301F-11D3-BF4B-00C04F79EFBC}") = "Asterisk.NET", "Asterisk.NET\Asterisk.NET.csproj", "{28A36AD7-E6AB-4B5F-A65D-B224EA7CE3C1}"
	ProjectSection(ProjectDependencies) = postProject
	EndProjectSection
EndProject
Project("{FAE04EC0-301F-11D3-BF4B-00C04F79EFBC}") = "Asterisk.NET.Test", "Asterisk.NET.Test\Asterisk.NET.Test.csproj", "{5F65102E-BD5B-4BB8-B456-15442370DFE6}"
	ProjectSection(ProjectDependencies) = postProject
	EndProjectSection
EndProject
Project("{F184B08F-C81C-45F6-A57F-5ABD9991F28F}") = "Asterisk.NET.TestVB", "Asterisk.NET.TestVB\Asterisk.NET.TestVB.vbproj", "{9B26D0EF-052F-4FB0-BEA4-370E6E5F321F}"
	ProjectSection(ProjectDependencies) = postProject
	EndProjectSection
EndProject
Global
	GlobalSection(SolutionConfiguration) = preSolution
		Debug = Debug
		Release = Release
	EndGlobalSection
	GlobalSection(ProjectConfiguration) = postSolution
		{28A36AD7-E6AB-4B5F-A65D-B224EA7CE3C1}.Debug.ActiveCfg = Debug|.NET
		{28A36AD7-E6AB-4B5F-A65D-B224EA7CE3C1}.Debug.Build.0 = Debug|.NET
		{28A36AD7-E6AB-4B5F-A65D-B224EA7CE3C1}.Release.ActiveCfg = Release|.NET
		{28A36AD7-E6AB-4B5F-A65D-B224EA7CE3C1}.Release.Build.0 = Release|.NET
		{5F65102E-BD5B-4BB8-B456-15442370DFE6}.Debug.ActiveCfg = Debug|.NET
		{5F65102E-BD5B-4BB8-B456-15442370DFE6}.Debug.Build.0 = Debug|.NET
		{5F65102E-BD5B-4BB8-B456-15442370DFE6}.Release.ActiveCfg = Release|.NET
		{5F65102E-BD5B-4BB8-B456-15442370DFE6}.Release.Build.0 = Release|.NET
		{9B26D0EF-052F-4FB0-BEA4-370E6E5F321F}.Debug.ActiveCfg = Debug|.NET
		{9B26D0EF-052F-4FB0-BEA4-370E6E5F321F}.Debug.Build.0 = Debug|.NET
		{9B26D0EF-052F-4FB0-BEA4-370E6E5F321F}.Release.ActiveCfg = Release|.NET
		{9B26D0EF-052F-4FB0-BEA4-370E6E5F321F}.Release.Build.0 = Release|.NET
	EndGlobalSection
	GlobalSection(ExtensibilityGlobals) = postSolution
	EndGlobalSection
	GlobalSection(ExtensibilityAddIns) = postSolution
	EndGlobalSection
EndGlobal
