Microsoft Visual Studio Solution File, Format Version 7.00
Project("{F184B08F-C81C-45F6-A57F-5ABD9991F28F}") = "VB.NET How-To Sockets Client", "VB.NET How-To Sockets Client.vbproj", "{F153A1D7-6846-4564-A195-43433A966293}"
EndProject
Global
	GlobalSection(SolutionConfiguration) = preSolution
		ConfigName.0 = Debug
		ConfigName.1 = Release
	EndGlobalSection
	GlobalSection(ProjectDependencies) = postSolution
	EndGlobalSection
	GlobalSection(ProjectConfiguration) = postSolution
		{F153A1D7-6846-4564-A195-43433A966293}.Debug.ActiveCfg = Debug|.NET
		{F153A1D7-6846-4564-A195-43433A966293}.Debug.Build.0 = Debug|.NET
		{F153A1D7-6846-4564-A195-43433A966293}.Release.ActiveCfg = Release|.NET
		{F153A1D7-6846-4564-A195-43433A966293}.Release.Build.0 = Release|.NET
	EndGlobalSection
	GlobalSection(ExtensibilityGlobals) = postSolution
	EndGlobalSection
	GlobalSection(ExtensibilityAddIns) = postSolution
	EndGlobalSection
EndGlobal
