Microsoft Visual Studio Solution File, Format Version 8.00
Project("{FAE04EC0-301F-11D3-BF4B-00C04F79EFBC}") = "How-To Work with Resource Files", "How-To Work with Resource Files.csproj", "{983E24FF-829A-4DCC-BF5A-26C617E7AC1B}"
	ProjectSection(ProjectDependencies) = postProject
	EndProjectSection
EndProject
Global
	GlobalSection(SolutionConfiguration) = preSolution
		Debug = Debug
		Release = Release
	EndGlobalSection
	GlobalSection(ProjectConfiguration) = postSolution
		{983E24FF-829A-4DCC-BF5A-26C617E7AC1B}.Debug.ActiveCfg = Debug|.NET
		{983E24FF-829A-4DCC-BF5A-26C617E7AC1B}.Debug.Build.0 = Debug|.NET
		{983E24FF-829A-4DCC-BF5A-26C617E7AC1B}.Release.ActiveCfg = Release|.NET
		{983E24FF-829A-4DCC-BF5A-26C617E7AC1B}.Release.Build.0 = Release|.NET
	EndGlobalSection
	GlobalSection(ExtensibilityGlobals) = postSolution
	EndGlobalSection
	GlobalSection(ExtensibilityAddIns) = postSolution
	EndGlobalSection
EndGlobal
