Microsoft Visual Studio Solution File, Format Version 8.00
Project("{FAE04EC0-301F-11D3-BF4B-00C04F79EFBC}") = "How-To Drag and Drop", "How-To Drag and Drop.csproj", "{28143BAB-E116-4A62-AC28-095F372DA725}"
	ProjectSection(ProjectDependencies) = postProject
	EndProjectSection
EndProject
Global
	GlobalSection(SolutionConfiguration) = preSolution
		Debug = Debug
		Release = Release
	EndGlobalSection
	GlobalSection(ProjectConfiguration) = postSolution
		{28143BAB-E116-4A62-AC28-095F372DA725}.Debug.ActiveCfg = Debug|.NET
		{28143BAB-E116-4A62-AC28-095F372DA725}.Debug.Build.0 = Debug|.NET
		{28143BAB-E116-4A62-AC28-095F372DA725}.Release.ActiveCfg = Release|.NET
		{28143BAB-E116-4A62-AC28-095F372DA725}.Release.Build.0 = Release|.NET
	EndGlobalSection
	GlobalSection(ExtensibilityGlobals) = postSolution
	EndGlobalSection
	GlobalSection(ExtensibilityAddIns) = postSolution
	EndGlobalSection
EndGlobal
