Microsoft Visual Studio Solution File, Format Version 7.00
Project("{8BC9CEB8-8B4A-11D0-8D11-00A0C91BC942}") = "ATLMovie", "ATLMovie.vcproj", "{B0708981-42C2-4FFC-A824-D05499417ABF}"
EndProject
Global
	GlobalSection(SolutionConfiguration) = preSolution
		ConfigName.0 = Debug
		ConfigName.1 = Release MinDependency
		ConfigName.2 = Release MinSize
		ConfigName.3 = Unicode Debug
		ConfigName.4 = Unicode Release MinDependency
		ConfigName.5 = Unicode Release MinSize
	EndGlobalSection
	GlobalSection(ProjectDependencies) = postSolution
	EndGlobalSection
	GlobalSection(ProjectConfiguration) = postSolution
		{B0708981-42C2-4FFC-A824-D05499417ABF}.Debug.ActiveCfg = Debug|Win32
		{B0708981-42C2-4FFC-A824-D05499417ABF}.Debug.Build.0 = Debug|Win32
		{B0708981-42C2-4FFC-A824-D05499417ABF}.Release MinDependency.ActiveCfg = Release|Win32
		{B0708981-42C2-4FFC-A824-D05499417ABF}.Release MinSize.ActiveCfg = Release|Win32
		{B0708981-42C2-4FFC-A824-D05499417ABF}.Release MinSize.Build.0 = Release|Win32
		{B0708981-42C2-4FFC-A824-D05499417ABF}.Unicode Debug.ActiveCfg = Release|Win32
		{B0708981-42C2-4FFC-A824-D05499417ABF}.Unicode Debug.Build.0 = Release|Win32
		{B0708981-42C2-4FFC-A824-D05499417ABF}.Unicode Release MinDependency.ActiveCfg = Release|Win32
		{B0708981-42C2-4FFC-A824-D05499417ABF}.Unicode Release MinDependency.Build.0 = Release|Win32
		{B0708981-42C2-4FFC-A824-D05499417ABF}.Unicode Release MinSize.ActiveCfg = Release|Win32
		{B0708981-42C2-4FFC-A824-D05499417ABF}.Unicode Release MinSize.Build.0 = Release|Win32
	EndGlobalSection
	GlobalSection(ExtensibilityGlobals) = postSolution
	EndGlobalSection
	GlobalSection(ExtensibilityAddIns) = postSolution
	EndGlobalSection
EndGlobal
