Microsoft Visual Studio Solution File, Format Version 8.00
Project("{FAE04EC0-301F-11D3-BF4B-00C04F79EFBC}") = "How-To Web Service Graphics", "How-To Web Service Graphics.csproj", "{2E62735E-50D4-40E8-AD57-9B295BA0D6D3}"
	ProjectSection(ProjectDependencies) = postProject
	EndProjectSection
EndProject
Project("{FAE04EC0-301F-11D3-BF4B-00C04F79EFBC}") = "HowToGraphicsServer", "http://localhost/HowToGraphicsServer/HowToGraphicsServer.csproj", "{1F68B64A-EA07-4FA5-B15F-6455970906CB}"
	ProjectSection(ProjectDependencies) = postProject
	EndProjectSection
EndProject
Global
	GlobalSection(SolutionConfiguration) = preSolution
		Debug = Debug
		Release = Release
	EndGlobalSection
	GlobalSection(ProjectConfiguration) = postSolution
		{2E62735E-50D4-40E8-AD57-9B295BA0D6D3}.Debug.ActiveCfg = Debug|.NET
		{2E62735E-50D4-40E8-AD57-9B295BA0D6D3}.Debug.Build.0 = Debug|.NET
		{2E62735E-50D4-40E8-AD57-9B295BA0D6D3}.Release.ActiveCfg = Release|.NET
		{2E62735E-50D4-40E8-AD57-9B295BA0D6D3}.Release.Build.0 = Release|.NET
		{1F68B64A-EA07-4FA5-B15F-6455970906CB}.Debug.ActiveCfg = Debug|.NET
		{1F68B64A-EA07-4FA5-B15F-6455970906CB}.Debug.Build.0 = Debug|.NET
		{1F68B64A-EA07-4FA5-B15F-6455970906CB}.Release.ActiveCfg = Release|.NET
		{1F68B64A-EA07-4FA5-B15F-6455970906CB}.Release.Build.0 = Release|.NET
	EndGlobalSection
	GlobalSection(ExtensibilityGlobals) = postSolution
	EndGlobalSection
	GlobalSection(ExtensibilityAddIns) = postSolution
	EndGlobalSection
EndGlobal
