Microsoft Visual Studio Solution File, Format Version 7.00
Project("{FAE04EC0-301F-11D3-BF4B-00C04F79EFBC}") = "XSLQueryBuilderApp", "XSLQueryBuilderApp.csproj", "{A01367B3-E006-400E-947F-CABA834E3635}"
EndProject
Global
	GlobalSection(SolutionConfiguration) = preSolution
		ConfigName.0 = Debug
		ConfigName.1 = Release
	EndGlobalSection
	GlobalSection(ProjectDependencies) = postSolution
	EndGlobalSection
	GlobalSection(ProjectConfiguration) = postSolution
		{A01367B3-E006-400E-947F-CABA834E3635}.Debug.ActiveCfg = Debug|.NET
		{A01367B3-E006-400E-947F-CABA834E3635}.Debug.Build.0 = Debug|.NET
		{A01367B3-E006-400E-947F-CABA834E3635}.Release.ActiveCfg = Release|.NET
		{A01367B3-E006-400E-947F-CABA834E3635}.Release.Build.0 = Release|.NET
	EndGlobalSection
	GlobalSection(ExtensibilityGlobals) = postSolution
	EndGlobalSection
	GlobalSection(ExtensibilityAddIns) = postSolution
	EndGlobalSection
EndGlobal
