
Microsoft Visual Studio Solution File, Format Version 9.00
# Visual Studio 2005
Project("{FAE04EC0-301F-11D3-BF4B-00C04F79EFBC}") = "IntegratingWindowsFormsIntoOutlook", "IntegratingWindowsFormsIntoOutlook\IntegratingWindowsFormsIntoOutlook.csproj", "{7BA8C041-48AB-4813-8199-CE719F08649D}"
EndProject
Project("{54435603-DBB4-11D2-8724-00A0C9A8B90C}") = "IntegratingWindowsFormsIntoOutlookSetup", "IntegratingWindowsFormsIntoOutlookSetup\IntegratingWindowsFormsIntoOutlookSetup", "{6C5D2870-B586-41B2-878B-A64C7FEE6FB1}"
EndProject
Global
	GlobalSection(SolutionConfigurationPlatforms) = preSolution
		Debug|Any CPU = Debug|Any CPU
		Release|Any CPU = Release|Any CPU
	EndGlobalSection
	GlobalSection(ProjectConfigurationPlatforms) = postSolution
		{7BA8C041-48AB-4813-8199-CE719F08649D}.Debug|Any CPU.ActiveCfg = Debug|Any CPU
		{7BA8C041-48AB-4813-8199-CE719F08649D}.Debug|Any CPU.Build.0 = Debug|Any CPU
		{7BA8C041-48AB-4813-8199-CE719F08649D}.Release|Any CPU.ActiveCfg = Release|Any CPU
		{7BA8C041-48AB-4813-8199-CE719F08649D}.Release|Any CPU.Build.0 = Release|Any CPU
		{6C5D2870-B586-41B2-878B-A64C7FEE6FB1}.Debug|Any CPU.ActiveCfg = Debug
		{6C5D2870-B586-41B2-878B-A64C7FEE6FB1}.Release|Any CPU.ActiveCfg = Release
	EndGlobalSection
	GlobalSection(SolutionProperties) = preSolution
		HideSolutionNode = FALSE
	EndGlobalSection
EndGlobal
