Microsoft Visual Studio Solution File, Format Version 7.00
Project("{8BC9CEB8-8B4A-11D0-8D11-00A0C91BC942}") = "COMClient", "COMClient\COMClient.vcproj", "{9EB2D97D-487A-4B8F-ACCE-5AB6085DB960}"
	ProjectSection(ProjectDependencies) = postProject
		0 = {AB540626-1673-4F81-B287-1E56B00CC6A0}
		1 = {EB15E289-5D3C-42F2-AF58-BD28E049F08F}
	EndProjectSection
	ProjectSection(SolutionConfiguration) = postProject
		Debug.ActiveCfg = Debug|Win32
		Debug.Build.0 = Debug|Win32
		Release.ActiveCfg = Release|Win32
		Release.Build.0 = Release|Win32
	EndProjectSection
EndProject
Project("{8BC9CEB8-8B4A-11D0-8D11-00A0C91BC942}") = "RegisterCSharpServerAndExportTLB", "RegisterCSharpServerAndExportTLB\RegisterCSharpServerAndExportTLB.vcproj", "{EB15E289-5D3C-42F2-AF58-BD28E049F08F}"
	ProjectSection(ProjectDependencies) = postProject
		0 = {AB540626-1673-4F81-B287-1E56B00CC6A0}
	EndProjectSection
	ProjectSection(SolutionConfiguration) = postProject
		Debug.ActiveCfg = Debug|Win32
		Debug.Build.0 = Debug|Win32
		Release.ActiveCfg = Release|Win32
		Release.Build.0 = Release|Win32
	EndProjectSection
EndProject
Project("{FAE04EC0-301F-11D3-BF4B-00C04F79EFBC}") = "CSharpServer", "CSharpServer\CSharpServer.csproj", "{AB540626-1673-4F81-B287-1E56B00CC6A0}"
	ProjectSection(ProjectDependencies) = postProject
	EndProjectSection
	ProjectSection(SolutionConfiguration) = postProject
		Debug.ActiveCfg = Debug|.NET
		Debug.Build.0 = Debug|.NET
		Release.ActiveCfg = Release|.NET
		Release.Build.0 = Release|.NET
	EndProjectSection
EndProject
Global
	GlobalSection(SolutionConfiguration) = preSolution
		ConfigName.0 = Release
		ConfigName.1 = Debug
		DoSign = FALSE
	EndGlobalSection
	GlobalSection(ExtensibilityGlobals) = postSolution
	EndGlobalSection
	GlobalSection(ExtensibilityAddIns) = postSolution
	EndGlobalSection
EndGlobal
