
Microsoft Visual Studio Solution File, Format Version 9.00
# Visual Studio 2005
Project("{FAE04EC0-301F-11D3-BF4B-00C04F79EFBC}") = "Dsml_SendRequest", "Dsml_SendRequest\Dsml_SendRequest.csproj", "{82006527-C30D-4704-A576-5F0E3D87512B}"
EndProject
Global
	GlobalSection(SolutionConfigurationPlatforms) = preSolution
		Debug|Any CPU = Debug|Any CPU
		Release|Any CPU = Release|Any CPU
	EndGlobalSection
	GlobalSection(ProjectConfigurationPlatforms) = postSolution
		{82006527-C30D-4704-A576-5F0E3D87512B}.Debug|Any CPU.ActiveCfg = Debug|Any CPU
		{82006527-C30D-4704-A576-5F0E3D87512B}.Debug|Any CPU.Build.0 = Debug|Any CPU
		{82006527-C30D-4704-A576-5F0E3D87512B}.Release|Any CPU.ActiveCfg = Release|Any CPU
		{82006527-C30D-4704-A576-5F0E3D87512B}.Release|Any CPU.Build.0 = Release|Any CPU
	EndGlobalSection
	GlobalSection(SolutionProperties) = preSolution
		HideSolutionNode = FALSE
	EndGlobalSection
EndGlobal
