
Microsoft Visual Studio Solution File, Format Version 9.00
# Visual Studio 2005
Project("{FAE04EC0-301F-11D3-BF4B-00C04F79EFBC}") = "ExpenseLocalServices", "ExpenseLocalServices\ExpenseLocalServices.csproj", "{A8ADA17E-594B-42DF-AA4C-DC91CC035A3E}"
EndProject
Project("{FAE04EC0-301F-11D3-BF4B-00C04F79EFBC}") = "ExpenseActivities", "ExpenseActivities\ExpenseActivities.csproj", "{78148163-3810-4DF8-8D72-18103F281691}"
EndProject
Project("{FAE04EC0-301F-11D3-BF4B-00C04F79EFBC}") = "ExpenseApplication", "ExpenseApplication\ExpenseApplication.csproj", "{2AF46166-4940-4240-9A7E-3E42E54967EC}"
EndProject
Project("{FAE04EC0-301F-11D3-BF4B-00C04F79EFBC}") = "ExpenseHost", "ExpenseHost\ExpenseHost.csproj", "{BB278A46-A9C5-4CE0-BA0E-A0F4E7F56075}"
EndProject
Project("{FAE04EC0-301F-11D3-BF4B-00C04F79EFBC}") = "ManagerApplication", "ManagerApplication\ManagerApplication.csproj", "{BF93968E-900A-4EAA-AA34-65DD86C8869E}"
EndProject
Project("{FAE04EC0-301F-11D3-BF4B-00C04F79EFBC}") = "ExpenseWorkflows", "ExpenseWorkflows\ExpenseWorkflows.csproj", "{413954E6-C663-4D38-A7B2-F4CFFA37630B}"
EndProject
Project("{FAE04EC0-301F-11D3-BF4B-00C04F79EFBC}") = "ExpenseContracts", "ExpenseContracts\ExpenseContracts.csproj", "{9E847A4B-4B07-45D9-B832-74CAD79DD25E}"
EndProject
Project("{FAE04EC0-301F-11D3-BF4B-00C04F79EFBC}") = "WcfExtensions", "WCFExtensions\WcfExtensions.csproj", "{ECC860A2-2B23-4E48-BDB0-C38E1C01E241}"
EndProject
Project("{FAE04EC0-301F-11D3-BF4B-00C04F79EFBC}") = "ConsoleTracking", "ConsoleTracking\ConsoleTracking.csproj", "{0D0AAA44-32E4-4D35-A94D-37938B391447}"
EndProject
Project("{FAE04EC0-301F-11D3-BF4B-00C04F79EFBC}") = "ExpenseService", "ExpenseService\ExpenseService.csproj", "{37FC42DD-0E25-4C13-86EA-20BD93014B51}"
EndProject
Project("{2150E333-8FDC-42A3-9474-1A3956D46DE8}") = "Solution Items", "Solution Items", "{4416C560-69F8-405B-8EB6-E31760C42EF1}"
	ProjectSection(SolutionItems) = preProject
		ExpenseReport Changes and TODOs.txt = ExpenseReport Changes and TODOs.txt
	EndProjectSection
EndProject
Project("{2150E333-8FDC-42A3-9474-1A3956D46DE8}") = "Workflows", "Workflows", "{36337BE5-DB5F-49D0-9380-B4540C45E7B3}"
EndProject
Project("{2150E333-8FDC-42A3-9474-1A3956D46DE8}") = "Services", "Services", "{5904017E-3504-4F36-B1CF-D2FE8A7FBA28}"
EndProject
Project("{2150E333-8FDC-42A3-9474-1A3956D46DE8}") = "Consumers", "Consumers", "{466E10DA-43B2-481F-BAC2-686C7F8CBCA6}"
EndProject
Project("{2150E333-8FDC-42A3-9474-1A3956D46DE8}") = "Contracts", "Contracts", "{9BA3C442-3041-4194-A3B7-55CE23ED6087}"
EndProject
Project("{2150E333-8FDC-42A3-9474-1A3956D46DE8}") = "Extensions", "Extensions", "{F4775A26-67C9-490E-A895-4FA04FE60265}"
EndProject
Project("{2150E333-8FDC-42A3-9474-1A3956D46DE8}") = "Hosts", "Hosts", "{48C2AB02-AE5A-4964-B2B5-CE4FAF0AD9B4}"
EndProject
Global
	GlobalSection(SolutionConfigurationPlatforms) = preSolution
		Debug - Common Bin|Any CPU = Debug - Common Bin|Any CPU
		Debug|Any CPU = Debug|Any CPU
		Release - Common Bin|Any CPU = Release - Common Bin|Any CPU
		Release|Any CPU = Release|Any CPU
	EndGlobalSection
	GlobalSection(ProjectConfigurationPlatforms) = postSolution
		{A8ADA17E-594B-42DF-AA4C-DC91CC035A3E}.Debug - Common Bin|Any CPU.ActiveCfg = Debug - Common Bin|Any CPU
		{A8ADA17E-594B-42DF-AA4C-DC91CC035A3E}.Debug - Common Bin|Any CPU.Build.0 = Debug - Common Bin|Any CPU
		{A8ADA17E-594B-42DF-AA4C-DC91CC035A3E}.Debug|Any CPU.ActiveCfg = Debug|Any CPU
		{A8ADA17E-594B-42DF-AA4C-DC91CC035A3E}.Debug|Any CPU.Build.0 = Debug|Any CPU
		{A8ADA17E-594B-42DF-AA4C-DC91CC035A3E}.Release - Common Bin|Any CPU.ActiveCfg = Release - Common Bin|Any CPU
		{A8ADA17E-594B-42DF-AA4C-DC91CC035A3E}.Release - Common Bin|Any CPU.Build.0 = Release - Common Bin|Any CPU
		{A8ADA17E-594B-42DF-AA4C-DC91CC035A3E}.Release|Any CPU.ActiveCfg = Release|Any CPU
		{A8ADA17E-594B-42DF-AA4C-DC91CC035A3E}.Release|Any CPU.Build.0 = Release|Any CPU
		{78148163-3810-4DF8-8D72-18103F281691}.Debug - Common Bin|Any CPU.ActiveCfg = Debug - Common Bin|Any CPU
		{78148163-3810-4DF8-8D72-18103F281691}.Debug - Common Bin|Any CPU.Build.0 = Debug - Common Bin|Any CPU
		{78148163-3810-4DF8-8D72-18103F281691}.Debug|Any CPU.ActiveCfg = Debug|Any CPU
		{78148163-3810-4DF8-8D72-18103F281691}.Debug|Any CPU.Build.0 = Debug|Any CPU
		{78148163-3810-4DF8-8D72-18103F281691}.Release - Common Bin|Any CPU.ActiveCfg = Release - Common Bin|Any CPU
		{78148163-3810-4DF8-8D72-18103F281691}.Release - Common Bin|Any CPU.Build.0 = Release - Common Bin|Any CPU
		{78148163-3810-4DF8-8D72-18103F281691}.Release|Any CPU.ActiveCfg = Release|Any CPU
		{78148163-3810-4DF8-8D72-18103F281691}.Release|Any CPU.Build.0 = Release|Any CPU
		{2AF46166-4940-4240-9A7E-3E42E54967EC}.Debug - Common Bin|Any CPU.ActiveCfg = Debug - Common Bin|Any CPU
		{2AF46166-4940-4240-9A7E-3E42E54967EC}.Debug - Common Bin|Any CPU.Build.0 = Debug - Common Bin|Any CPU
		{2AF46166-4940-4240-9A7E-3E42E54967EC}.Debug|Any CPU.ActiveCfg = Debug|Any CPU
		{2AF46166-4940-4240-9A7E-3E42E54967EC}.Debug|Any CPU.Build.0 = Debug|Any CPU
		{2AF46166-4940-4240-9A7E-3E42E54967EC}.Release - Common Bin|Any CPU.ActiveCfg = Release - Common Bin|Any CPU
		{2AF46166-4940-4240-9A7E-3E42E54967EC}.Release - Common Bin|Any CPU.Build.0 = Release - Common Bin|Any CPU
		{2AF46166-4940-4240-9A7E-3E42E54967EC}.Release|Any CPU.ActiveCfg = Release|Any CPU
		{2AF46166-4940-4240-9A7E-3E42E54967EC}.Release|Any CPU.Build.0 = Release|Any CPU
		{BB278A46-A9C5-4CE0-BA0E-A0F4E7F56075}.Debug - Common Bin|Any CPU.ActiveCfg = Debug - Common Bin|Any CPU
		{BB278A46-A9C5-4CE0-BA0E-A0F4E7F56075}.Debug - Common Bin|Any CPU.Build.0 = Debug - Common Bin|Any CPU
		{BB278A46-A9C5-4CE0-BA0E-A0F4E7F56075}.Debug|Any CPU.ActiveCfg = Debug|Any CPU
		{BB278A46-A9C5-4CE0-BA0E-A0F4E7F56075}.Debug|Any CPU.Build.0 = Debug|Any CPU
		{BB278A46-A9C5-4CE0-BA0E-A0F4E7F56075}.Release - Common Bin|Any CPU.ActiveCfg = Release - Common Bin|Any CPU
		{BB278A46-A9C5-4CE0-BA0E-A0F4E7F56075}.Release - Common Bin|Any CPU.Build.0 = Release - Common Bin|Any CPU
		{BB278A46-A9C5-4CE0-BA0E-A0F4E7F56075}.Release|Any CPU.ActiveCfg = Release|Any CPU
		{BB278A46-A9C5-4CE0-BA0E-A0F4E7F56075}.Release|Any CPU.Build.0 = Release|Any CPU
		{BF93968E-900A-4EAA-AA34-65DD86C8869E}.Debug - Common Bin|Any CPU.ActiveCfg = Debug - Common Bin|Any CPU
		{BF93968E-900A-4EAA-AA34-65DD86C8869E}.Debug - Common Bin|Any CPU.Build.0 = Debug - Common Bin|Any CPU
		{BF93968E-900A-4EAA-AA34-65DD86C8869E}.Debug|Any CPU.ActiveCfg = Debug|Any CPU
		{BF93968E-900A-4EAA-AA34-65DD86C8869E}.Debug|Any CPU.Build.0 = Debug|Any CPU
		{BF93968E-900A-4EAA-AA34-65DD86C8869E}.Release - Common Bin|Any CPU.ActiveCfg = Release - Common Bin|Any CPU
		{BF93968E-900A-4EAA-AA34-65DD86C8869E}.Release - Common Bin|Any CPU.Build.0 = Release - Common Bin|Any CPU
		{BF93968E-900A-4EAA-AA34-65DD86C8869E}.Release|Any CPU.ActiveCfg = Release|Any CPU
		{BF93968E-900A-4EAA-AA34-65DD86C8869E}.Release|Any CPU.Build.0 = Release|Any CPU
		{413954E6-C663-4D38-A7B2-F4CFFA37630B}.Debug - Common Bin|Any CPU.ActiveCfg = Debug - Common Bin|Any CPU
		{413954E6-C663-4D38-A7B2-F4CFFA37630B}.Debug - Common Bin|Any CPU.Build.0 = Debug - Common Bin|Any CPU
		{413954E6-C663-4D38-A7B2-F4CFFA37630B}.Debug|Any CPU.ActiveCfg = Debug|Any CPU
		{413954E6-C663-4D38-A7B2-F4CFFA37630B}.Debug|Any CPU.Build.0 = Debug|Any CPU
		{413954E6-C663-4D38-A7B2-F4CFFA37630B}.Release - Common Bin|Any CPU.ActiveCfg = Release - Common Bin|Any CPU
		{413954E6-C663-4D38-A7B2-F4CFFA37630B}.Release - Common Bin|Any CPU.Build.0 = Release - Common Bin|Any CPU
		{413954E6-C663-4D38-A7B2-F4CFFA37630B}.Release|Any CPU.ActiveCfg = Release|Any CPU
		{413954E6-C663-4D38-A7B2-F4CFFA37630B}.Release|Any CPU.Build.0 = Release|Any CPU
		{9E847A4B-4B07-45D9-B832-74CAD79DD25E}.Debug - Common Bin|Any CPU.ActiveCfg = Debug - Common Bin|Any CPU
		{9E847A4B-4B07-45D9-B832-74CAD79DD25E}.Debug - Common Bin|Any CPU.Build.0 = Debug - Common Bin|Any CPU
		{9E847A4B-4B07-45D9-B832-74CAD79DD25E}.Debug|Any CPU.ActiveCfg = Debug|Any CPU
		{9E847A4B-4B07-45D9-B832-74CAD79DD25E}.Debug|Any CPU.Build.0 = Debug|Any CPU
		{9E847A4B-4B07-45D9-B832-74CAD79DD25E}.Release - Common Bin|Any CPU.ActiveCfg = Release - Common Bin|Any CPU
		{9E847A4B-4B07-45D9-B832-74CAD79DD25E}.Release - Common Bin|Any CPU.Build.0 = Release - Common Bin|Any CPU
		{9E847A4B-4B07-45D9-B832-74CAD79DD25E}.Release|Any CPU.ActiveCfg = Release|Any CPU
		{9E847A4B-4B07-45D9-B832-74CAD79DD25E}.Release|Any CPU.Build.0 = Release|Any CPU
		{ECC860A2-2B23-4E48-BDB0-C38E1C01E241}.Debug - Common Bin|Any CPU.ActiveCfg = Debug - Common Bin|Any CPU
		{ECC860A2-2B23-4E48-BDB0-C38E1C01E241}.Debug - Common Bin|Any CPU.Build.0 = Debug - Common Bin|Any CPU
		{ECC860A2-2B23-4E48-BDB0-C38E1C01E241}.Debug|Any CPU.ActiveCfg = Debug|Any CPU
		{ECC860A2-2B23-4E48-BDB0-C38E1C01E241}.Debug|Any CPU.Build.0 = Debug|Any CPU
		{ECC860A2-2B23-4E48-BDB0-C38E1C01E241}.Release - Common Bin|Any CPU.ActiveCfg = Release - Common Bin|Any CPU
		{ECC860A2-2B23-4E48-BDB0-C38E1C01E241}.Release - Common Bin|Any CPU.Build.0 = Release - Common Bin|Any CPU
		{ECC860A2-2B23-4E48-BDB0-C38E1C01E241}.Release|Any CPU.ActiveCfg = Release|Any CPU
		{ECC860A2-2B23-4E48-BDB0-C38E1C01E241}.Release|Any CPU.Build.0 = Release|Any CPU
		{0D0AAA44-32E4-4D35-A94D-37938B391447}.Debug - Common Bin|Any CPU.ActiveCfg = Debug - Common Bin|Any CPU
		{0D0AAA44-32E4-4D35-A94D-37938B391447}.Debug - Common Bin|Any CPU.Build.0 = Debug - Common Bin|Any CPU
		{0D0AAA44-32E4-4D35-A94D-37938B391447}.Debug|Any CPU.ActiveCfg = Debug|Any CPU
		{0D0AAA44-32E4-4D35-A94D-37938B391447}.Debug|Any CPU.Build.0 = Debug|Any CPU
		{0D0AAA44-32E4-4D35-A94D-37938B391447}.Release - Common Bin|Any CPU.ActiveCfg = Release - Common Bin|Any CPU
		{0D0AAA44-32E4-4D35-A94D-37938B391447}.Release - Common Bin|Any CPU.Build.0 = Release - Common Bin|Any CPU
		{0D0AAA44-32E4-4D35-A94D-37938B391447}.Release|Any CPU.ActiveCfg = Release|Any CPU
		{0D0AAA44-32E4-4D35-A94D-37938B391447}.Release|Any CPU.Build.0 = Release|Any CPU
		{37FC42DD-0E25-4C13-86EA-20BD93014B51}.Debug - Common Bin|Any CPU.ActiveCfg = Debug - Common Bin|Any CPU
		{37FC42DD-0E25-4C13-86EA-20BD93014B51}.Debug - Common Bin|Any CPU.Build.0 = Debug - Common Bin|Any CPU
		{37FC42DD-0E25-4C13-86EA-20BD93014B51}.Debug|Any CPU.ActiveCfg = Debug|Any CPU
		{37FC42DD-0E25-4C13-86EA-20BD93014B51}.Debug|Any CPU.Build.0 = Debug|Any CPU
		{37FC42DD-0E25-4C13-86EA-20BD93014B51}.Release - Common Bin|Any CPU.ActiveCfg = Release - Common Bin|Any CPU
		{37FC42DD-0E25-4C13-86EA-20BD93014B51}.Release - Common Bin|Any CPU.Build.0 = Release - Common Bin|Any CPU
		{37FC42DD-0E25-4C13-86EA-20BD93014B51}.Release|Any CPU.ActiveCfg = Release|Any CPU
		{37FC42DD-0E25-4C13-86EA-20BD93014B51}.Release|Any CPU.Build.0 = Release|Any CPU
	EndGlobalSection
	GlobalSection(SolutionProperties) = preSolution
		HideSolutionNode = FALSE
	EndGlobalSection
	GlobalSection(NestedProjects) = preSolution
		{37FC42DD-0E25-4C13-86EA-20BD93014B51} = {5904017E-3504-4F36-B1CF-D2FE8A7FBA28}
		{A8ADA17E-594B-42DF-AA4C-DC91CC035A3E} = {5904017E-3504-4F36-B1CF-D2FE8A7FBA28}
		{413954E6-C663-4D38-A7B2-F4CFFA37630B} = {36337BE5-DB5F-49D0-9380-B4540C45E7B3}
		{78148163-3810-4DF8-8D72-18103F281691} = {36337BE5-DB5F-49D0-9380-B4540C45E7B3}
		{BF93968E-900A-4EAA-AA34-65DD86C8869E} = {466E10DA-43B2-481F-BAC2-686C7F8CBCA6}
		{2AF46166-4940-4240-9A7E-3E42E54967EC} = {466E10DA-43B2-481F-BAC2-686C7F8CBCA6}
		{BB278A46-A9C5-4CE0-BA0E-A0F4E7F56075} = {48C2AB02-AE5A-4964-B2B5-CE4FAF0AD9B4}
		{9E847A4B-4B07-45D9-B832-74CAD79DD25E} = {9BA3C442-3041-4194-A3B7-55CE23ED6087}
		{0D0AAA44-32E4-4D35-A94D-37938B391447} = {F4775A26-67C9-490E-A895-4FA04FE60265}
		{ECC860A2-2B23-4E48-BDB0-C38E1C01E241} = {F4775A26-67C9-490E-A895-4FA04FE60265}
	EndGlobalSection
EndGlobal
