Microsoft Visual Studio Solution File, Format Version 7.00
Project("{F184B08F-C81C-45F6-A57F-5ABD9991F28F}") = "XMLDocumentationTool", "XMLDocumentationTool.vbproj", "{38CF64C8-B6F3-4B81-803E-C649B1246AE7}"
EndProject
Global
	GlobalSection(SolutionConfiguration) = preSolution
		ConfigName.0 = Debug
		ConfigName.1 = Release
	EndGlobalSection
	GlobalSection(ProjectDependencies) = postSolution
	EndGlobalSection
	GlobalSection(ProjectConfiguration) = postSolution
		{38CF64C8-B6F3-4B81-803E-C649B1246AE7}.Debug.ActiveCfg = Debug|.NET
		{38CF64C8-B6F3-4B81-803E-C649B1246AE7}.Debug.Build.0 = Debug|.NET
		{38CF64C8-B6F3-4B81-803E-C649B1246AE7}.Release.ActiveCfg = Release|.NET
		{38CF64C8-B6F3-4B81-803E-C649B1246AE7}.Release.Build.0 = Release|.NET
	EndGlobalSection
	GlobalSection(ExtensibilityGlobals) = postSolution
	EndGlobalSection
	GlobalSection(ExtensibilityAddIns) = postSolution
	EndGlobalSection
EndGlobal
