Microsoft Visual Studio Solution File, Format Version 1.00
Project("{8BC9CEB8-8B4A-11D0-8D11-00A0C91BC942}") = "DLLHusk", "dllhusk.vcproj", "{F55E1AC6-5931-4C21-8B6A-1C7B0B294FA1}"
	ProjectSection(ProjectDependencies) = postProject
		0 = {0BB8319E-925B-4101-ADD3-FA32605CB35E}
		1 = {BBA5BF2F-8F2F-4267-AB4E-58D5A8DC4268}
	EndProjectSection
	ProjectSection(SolutionConfiguration) = postProject
		Debug.ActiveCfg = Debug|Win32
		Debug.Build.0 = Debug|Win32
		Release.ActiveCfg = Release|Win32
		Release.Build.0 = Release|Win32
	EndProjectSection
EndProject
Project("{8BC9CEB8-8B4A-11D0-8D11-00A0C91BC942}") = "TestDll1", "TestDll1.vcproj", "{0BB8319E-925B-4101-ADD3-FA32605CB35E}"
	ProjectSection(ProjectDependencies) = postProject
	EndProjectSection
	ProjectSection(SolutionConfiguration) = postProject
		Debug.ActiveCfg = Debug|Win32
		Debug.Build.0 = Debug|Win32
		Release.ActiveCfg = Release|Win32
		Release.Build.0 = Release|Win32
	EndProjectSection
EndProject
Project("{8BC9CEB8-8B4A-11D0-8D11-00A0C91BC942}") = "TestDll2", "TestDll2.vcproj", "{BBA5BF2F-8F2F-4267-AB4E-58D5A8DC4268}"
	ProjectSection(ProjectDependencies) = postProject
	EndProjectSection
	ProjectSection(SolutionConfiguration) = postProject
		Debug.ActiveCfg = Debug|Win32
		Debug.Build.0 = Debug|Win32
		Release.ActiveCfg = Release|Win32
		Release.Build.0 = Release|Win32
	EndProjectSection
EndProject
Global
	GlobalSection(SolutionConfiguration) = preSolution
		ConfigName.0 = Release
		ConfigName.1 = Debug
		DoSign = FALSE
	EndGlobalSection
	GlobalSection(ExtensibilityGlobals) = postSolution
	EndGlobalSection
	GlobalSection(ExtensibilityAddIns) = postSolution
	EndGlobalSection
EndGlobal
