Microsoft Visual Studio Solution File, Format Version 7.00
Project("{8BC9CEB8-8B4A-11D0-8D11-00A0C91BC942}") = "CalcDriv", "calcdriv\calcdriv.vcproj", "{B50FC853-7BC4-48F1-9883-E251FEACA82B}"
EndProject
Project("{8BC9CEB8-8B4A-11D0-8D11-00A0C91BC942}") = "MfcCalc", "server\mfccalc.vcproj", "{149D9E35-5E09-4FC0-9718-826E92161DED}"
EndProject
Global
	GlobalSection(SolutionConfiguration) = preSolution
		ConfigName.0 = Debug
		ConfigName.1 = Release
		ConfigName.2 = Unicode Debug
		ConfigName.3 = Unicode Release
	EndGlobalSection
	GlobalSection(ProjectDependencies) = postSolution
		{B50FC853-7BC4-48F1-9883-E251FEACA82B}.0 = {149D9E35-5E09-4FC0-9718-826E92161DED}
	EndGlobalSection
	GlobalSection(ProjectConfiguration) = postSolution
		{B50FC853-7BC4-48F1-9883-E251FEACA82B}.Debug.ActiveCfg = Debug|Win32
		{B50FC853-7BC4-48F1-9883-E251FEACA82B}.Debug.Build.0 = Debug|Win32
		{B50FC853-7BC4-48F1-9883-E251FEACA82B}.Release.ActiveCfg = Release|Win32
		{B50FC853-7BC4-48F1-9883-E251FEACA82B}.Release.Build.0 = Release|Win32
		{B50FC853-7BC4-48F1-9883-E251FEACA82B}.Unicode Debug.ActiveCfg = Unicode Debug|Win32
		{B50FC853-7BC4-48F1-9883-E251FEACA82B}.Unicode Debug.Build.0 = Unicode Debug|Win32
		{B50FC853-7BC4-48F1-9883-E251FEACA82B}.Unicode Release.ActiveCfg = Unicode Release|Win32
		{B50FC853-7BC4-48F1-9883-E251FEACA82B}.Unicode Release.Build.0 = Unicode Release|Win32
		{149D9E35-5E09-4FC0-9718-826E92161DED}.Debug.ActiveCfg = Debug|Win32
		{149D9E35-5E09-4FC0-9718-826E92161DED}.Debug.Build.0 = Debug|Win32
		{149D9E35-5E09-4FC0-9718-826E92161DED}.Release.ActiveCfg = Release|Win32
		{149D9E35-5E09-4FC0-9718-826E92161DED}.Release.Build.0 = Release|Win32
		{149D9E35-5E09-4FC0-9718-826E92161DED}.Unicode Debug.ActiveCfg = Unicode Debug|Win32
		{149D9E35-5E09-4FC0-9718-826E92161DED}.Unicode Debug.Build.0 = Unicode Debug|Win32
		{149D9E35-5E09-4FC0-9718-826E92161DED}.Unicode Release.ActiveCfg = Unicode Release|Win32
		{149D9E35-5E09-4FC0-9718-826E92161DED}.Unicode Release.Build.0 = Unicode Release|Win32
	EndGlobalSection
	GlobalSection(ExtensibilityGlobals) = postSolution
	EndGlobalSection
	GlobalSection(ExtensibilityAddIns) = postSolution
	EndGlobalSection
EndGlobal
