Microsoft Visual Studio Solution File, Format Version 7.00
Project("{FAE04EC0-301F-11D3-BF4B-00C04F79EFBC}") = "FIWiz", "FIWiz\FIWiz.csproj", "{01790A73-F717-4C58-8F9E-AD21DECE7E7C}"
EndProject
Project("{FAE04EC0-301F-11D3-BF4B-00C04F79EFBC}") = "Wiz", "Wiz\Wiz.csproj", "{EDA30DC8-0DC2-4CD1-A9BF-D0BA17B32126}"
EndProject
Global
	GlobalSection(SolutionConfiguration) = preSolution
		ConfigName.0 = Debug
		ConfigName.1 = Release
	EndGlobalSection
	GlobalSection(ProjectDependencies) = postSolution
	EndGlobalSection
	GlobalSection(ProjectConfiguration) = postSolution
		{01790A73-F717-4C58-8F9E-AD21DECE7E7C}.Debug.ActiveCfg = Debug|.NET
		{01790A73-F717-4C58-8F9E-AD21DECE7E7C}.Debug.Build.0 = Debug|.NET
		{01790A73-F717-4C58-8F9E-AD21DECE7E7C}.Release.ActiveCfg = Release|.NET
		{01790A73-F717-4C58-8F9E-AD21DECE7E7C}.Release.Build.0 = Release|.NET
		{EDA30DC8-0DC2-4CD1-A9BF-D0BA17B32126}.Debug.ActiveCfg = Debug|.NET
		{EDA30DC8-0DC2-4CD1-A9BF-D0BA17B32126}.Debug.Build.0 = Debug|.NET
		{EDA30DC8-0DC2-4CD1-A9BF-D0BA17B32126}.Release.ActiveCfg = Release|.NET
		{EDA30DC8-0DC2-4CD1-A9BF-D0BA17B32126}.Release.Build.0 = Release|.NET
	EndGlobalSection
	GlobalSection(SolutionItems) = postSolution
		Item:1 = Readme.txt
	EndGlobalSection
	GlobalSection(ExtensibilityGlobals) = postSolution
	EndGlobalSection
	GlobalSection(ExtensibilityAddIns) = postSolution
	EndGlobalSection
EndGlobal
