Microsoft Visual Studio Solution File, Format Version 8.00
Project("{FAE04EC0-301F-11D3-BF4B-00C04F79EFBC}") = "How-To Multithreading", "How-To Multithreading.csproj", "{0E6B858A-5C26-4D28-BD9C-5F1FD081A88F}"
	ProjectSection(ProjectDependencies) = postProject
	EndProjectSection
EndProject
Global
	GlobalSection(SolutionConfiguration) = preSolution
		Debug = Debug
		Release = Release
	EndGlobalSection
	GlobalSection(ProjectConfiguration) = postSolution
		{0E6B858A-5C26-4D28-BD9C-5F1FD081A88F}.Debug.ActiveCfg = Debug|.NET
		{0E6B858A-5C26-4D28-BD9C-5F1FD081A88F}.Debug.Build.0 = Debug|.NET
		{0E6B858A-5C26-4D28-BD9C-5F1FD081A88F}.Release.ActiveCfg = Release|.NET
		{0E6B858A-5C26-4D28-BD9C-5F1FD081A88F}.Release.Build.0 = Release|.NET
	EndGlobalSection
	GlobalSection(ExtensibilityGlobals) = postSolution
	EndGlobalSection
	GlobalSection(ExtensibilityAddIns) = postSolution
	EndGlobalSection
EndGlobal
