Microsoft Visual Studio Solution File, Format Version 7.00
Project("{8BC9CEB8-8B4A-11D0-8D11-00A0C91BC942}") = "MantaWeb", "MantaWeb\MantaWeb.vcproj", "{1A3D6BF3-3BD5-4005-A3E1-493CF6C24320}"
EndProject
Project("{8BC9CEB8-8B4A-11D0-8D11-00A0C91BC942}") = "Login", "Login\Login.vcproj", "{2F83DA07-8E57-4A13-AE85-7705C025C7B4}"
EndProject
Project("{8BC9CEB8-8B4A-11D0-8D11-00A0C91BC942}") = "Mailbox", "Mailbox\Mailbox.vcproj", "{0A1F2EF2-8A7B-42A8-B80C-D9FD3BAB1F03}"
EndProject
Project("{8BC9CEB8-8B4A-11D0-8D11-00A0C91BC942}") = "Calendar", "Calendar\Calendar.vcproj", "{DCC416C2-75E4-48A0-A136-6967E00174E3}"
EndProject
Project("{8BC9CEB8-8B4A-11D0-8D11-00A0C91BC942}") = "FileStore", "FileStore\FileStore.vcproj", "{E08A814E-9139-423A-B051-C00167DC614F}"
EndProject
Project("{8BC9CEB8-8B4A-11D0-8D11-00A0C91BC942}") = "Main", "Main\Main.vcproj", "{AC9DE03D-8359-4B88-A930-A5D047617BE1}"
EndProject
Project("{8BC9CEB8-8B4A-11D0-8D11-00A0C91BC942}") = "MailService", "MailService\MailService.vcproj", "{BFDC2A6D-94A0-4047-A122-BE6FBE6BF29A}"
EndProject
Project("{8BC9CEB8-8B4A-11D0-8D11-00A0C91BC942}") = "MailClientMFC", "MailClientMFC\MailClientMFC.vcproj", "{FBEA6814-F44F-4980-95CD-C95999CA7E07}"
EndProject
Global
	GlobalSection(SolutionConfiguration) = preSolution
		ConfigName.0 = Debug
		ConfigName.1 = Release
	EndGlobalSection
	GlobalSection(ProjectDependencies) = postSolution
	EndGlobalSection
	GlobalSection(ProjectConfiguration) = postSolution
		{1A3D6BF3-3BD5-4005-A3E1-493CF6C24320}.Debug.ActiveCfg = Debug|Win32
		{1A3D6BF3-3BD5-4005-A3E1-493CF6C24320}.Debug.Build.0 = Debug|Win32
		{1A3D6BF3-3BD5-4005-A3E1-493CF6C24320}.Release.ActiveCfg = Release|Win32
		{1A3D6BF3-3BD5-4005-A3E1-493CF6C24320}.Release.Build.0 = Release|Win32
		{2F83DA07-8E57-4A13-AE85-7705C025C7B4}.Debug.ActiveCfg = Debug|Win32
		{2F83DA07-8E57-4A13-AE85-7705C025C7B4}.Debug.Build.0 = Debug|Win32
		{2F83DA07-8E57-4A13-AE85-7705C025C7B4}.Release.ActiveCfg = Release|Win32
		{2F83DA07-8E57-4A13-AE85-7705C025C7B4}.Release.Build.0 = Release|Win32
		{0A1F2EF2-8A7B-42A8-B80C-D9FD3BAB1F03}.Debug.ActiveCfg = Debug|Win32
		{0A1F2EF2-8A7B-42A8-B80C-D9FD3BAB1F03}.Debug.Build.0 = Debug|Win32
		{0A1F2EF2-8A7B-42A8-B80C-D9FD3BAB1F03}.Release.ActiveCfg = Release|Win32
		{0A1F2EF2-8A7B-42A8-B80C-D9FD3BAB1F03}.Release.Build.0 = Release|Win32
		{DCC416C2-75E4-48A0-A136-6967E00174E3}.Debug.ActiveCfg = Debug|Win32
		{DCC416C2-75E4-48A0-A136-6967E00174E3}.Debug.Build.0 = Debug|Win32
		{DCC416C2-75E4-48A0-A136-6967E00174E3}.Release.ActiveCfg = Release|Win32
		{DCC416C2-75E4-48A0-A136-6967E00174E3}.Release.Build.0 = Release|Win32
		{E08A814E-9139-423A-B051-C00167DC614F}.Debug.ActiveCfg = Debug|Win32
		{E08A814E-9139-423A-B051-C00167DC614F}.Debug.Build.0 = Debug|Win32
		{E08A814E-9139-423A-B051-C00167DC614F}.Release.ActiveCfg = Release|Win32
		{E08A814E-9139-423A-B051-C00167DC614F}.Release.Build.0 = Release|Win32
		{AC9DE03D-8359-4B88-A930-A5D047617BE1}.Debug.ActiveCfg = Debug|Win32
		{AC9DE03D-8359-4B88-A930-A5D047617BE1}.Debug.Build.0 = Debug|Win32
		{AC9DE03D-8359-4B88-A930-A5D047617BE1}.Release.ActiveCfg = Release|Win32
		{AC9DE03D-8359-4B88-A930-A5D047617BE1}.Release.Build.0 = Release|Win32
		{BFDC2A6D-94A0-4047-A122-BE6FBE6BF29A}.Debug.ActiveCfg = Debug|Win32
		{BFDC2A6D-94A0-4047-A122-BE6FBE6BF29A}.Debug.Build.0 = Debug|Win32
		{BFDC2A6D-94A0-4047-A122-BE6FBE6BF29A}.Release.ActiveCfg = Release|Win32
		{BFDC2A6D-94A0-4047-A122-BE6FBE6BF29A}.Release.Build.0 = Release|Win32
		{FBEA6814-F44F-4980-95CD-C95999CA7E07}.Debug.ActiveCfg = Debug|Win32
		{FBEA6814-F44F-4980-95CD-C95999CA7E07}.Debug.Build.0 = Debug|Win32
		{FBEA6814-F44F-4980-95CD-C95999CA7E07}.Release.ActiveCfg = Release|Win32
		{FBEA6814-F44F-4980-95CD-C95999CA7E07}.Release.Build.0 = Release|Win32
	EndGlobalSection
	GlobalSection(SolutionItems) = postSolution
		Item:1 = Common\Crypt.h
		Item:2 = Common\MWS_Common.h
	EndGlobalSection
	GlobalSection(ExtensibilityGlobals) = postSolution
	EndGlobalSection
	GlobalSection(ExtensibilityAddIns) = postSolution
	EndGlobalSection
EndGlobal
