Microsoft Visual Studio Solution File, Format Version 7.00
Project("{8BC9CEB8-8B4A-11D0-8D11-00A0C91BC942}") = "QStat", "server\QStat.vcproj", "{13F38462-4C23-4CAD-A528-2E9556360DE9}"
EndProject
Project("{8BC9CEB8-8B4A-11D0-8D11-00A0C91BC942}") = "nativeClient", "nativeClient\nativeClient.vcproj", "{8214AE31-0D39-45B6-A46E-0F2C39E8EBEC}"
EndProject
Project("{8BC9CEB8-8B4A-11D0-8D11-00A0C91BC942}") = "netQStat", "netQStat\netQStat.vcproj", "{8C6DF82C-D2EF-4354-A5C1-23B8C7108657}"
EndProject
Project("{8BC9CEB8-8B4A-11D0-8D11-00A0C91BC942}") = "netClient", "netClient\netClient.vcproj", "{B31FD77B-B30E-47DE-BE62-A8E11A186A17}"
EndProject
Global
	GlobalSection(SolutionConfiguration) = preSolution
		ConfigName.0 = Debug
		ConfigName.1 = Release
	EndGlobalSection
	GlobalSection(ProjectDependencies) = postSolution
		{8214AE31-0D39-45B6-A46E-0F2C39E8EBEC}.0 = {13F38462-4C23-4CAD-A528-2E9556360DE9}
		{8C6DF82C-D2EF-4354-A5C1-23B8C7108657}.0 = {13F38462-4C23-4CAD-A528-2E9556360DE9}
	EndGlobalSection
	GlobalSection(ProjectConfiguration) = postSolution
		{13F38462-4C23-4CAD-A528-2E9556360DE9}.Debug.ActiveCfg = Debug|Win32
		{13F38462-4C23-4CAD-A528-2E9556360DE9}.Debug.Build.0 = Debug|Win32
		{13F38462-4C23-4CAD-A528-2E9556360DE9}.Release.ActiveCfg = Release|Win32
		{13F38462-4C23-4CAD-A528-2E9556360DE9}.Release.Build.0 = Release|Win32
		{8214AE31-0D39-45B6-A46E-0F2C39E8EBEC}.Debug.ActiveCfg = Debug|Win32
		{8214AE31-0D39-45B6-A46E-0F2C39E8EBEC}.Debug.Build.0 = Debug|Win32
		{8214AE31-0D39-45B6-A46E-0F2C39E8EBEC}.Release.ActiveCfg = Release|Win32
		{8214AE31-0D39-45B6-A46E-0F2C39E8EBEC}.Release.Build.0 = Release|Win32
		{8C6DF82C-D2EF-4354-A5C1-23B8C7108657}.Debug.ActiveCfg = Debug|Win32
		{8C6DF82C-D2EF-4354-A5C1-23B8C7108657}.Debug.Build.0 = Debug|Win32
		{8C6DF82C-D2EF-4354-A5C1-23B8C7108657}.Release.ActiveCfg = Release|Win32
		{8C6DF82C-D2EF-4354-A5C1-23B8C7108657}.Release.Build.0 = Release|Win32
		{B31FD77B-B30E-47DE-BE62-A8E11A186A17}.Debug.ActiveCfg = Debug|Win32
		{B31FD77B-B30E-47DE-BE62-A8E11A186A17}.Debug.Build.0 = Debug|Win32
		{B31FD77B-B30E-47DE-BE62-A8E11A186A17}.Release.ActiveCfg = Release|Win32
		{B31FD77B-B30E-47DE-BE62-A8E11A186A17}.Release.Build.0 = Release|Win32
	EndGlobalSection
	GlobalSection(ExtensibilityGlobals) = postSolution
	EndGlobalSection
	GlobalSection(ExtensibilityAddIns) = postSolution
	EndGlobalSection
EndGlobal
