Microsoft Visual Studio Solution File, Format Version 7.00
Project("{8BC9CEB8-8B4A-11D0-8D11-00A0C91BC942}") = "EuclidStep2", "EuclidStep2.vcproj", "{7D809DEB-962C-49CC-A6AE-213E1BCF9F3A}"
EndProject
Global
	GlobalSection(SolutionConfiguration) = preSolution
		ConfigName.0 = Debug
		ConfigName.1 = Release
	EndGlobalSection
	GlobalSection(ProjectDependencies) = postSolution
	EndGlobalSection
	GlobalSection(ProjectConfiguration) = postSolution
		{7D809DEB-962C-49CC-A6AE-213E1BCF9F3A}.Debug.ActiveCfg = Debug|Win32
		{7D809DEB-962C-49CC-A6AE-213E1BCF9F3A}.Debug.Build.0 = Debug|Win32
		{7D809DEB-962C-49CC-A6AE-213E1BCF9F3A}.Release.ActiveCfg = Release|Win32
		{7D809DEB-962C-49CC-A6AE-213E1BCF9F3A}.Release.Build.0 = Release|Win32
	EndGlobalSection
	GlobalSection(ExtensibilityGlobals) = postSolution
	EndGlobalSection
	GlobalSection(ExtensibilityAddIns) = postSolution
	EndGlobalSection
EndGlobal
