Microsoft Visual Studio Solution File, Format Version 7.00
Project("{FAE04EC0-301F-11D3-BF4B-00C04F79EFBC}") = "Indexers", "Indexers.csproj", "{7153E88A-5352-4CB0-9F78-600E1D678C92}"
EndProject
Global
	GlobalSection(SolutionConfiguration) = preSolution
		ConfigName.0 = Debug
		ConfigName.1 = Release
	EndGlobalSection
	GlobalSection(ProjectDependencies) = postSolution
	EndGlobalSection
	GlobalSection(ProjectConfiguration) = postSolution
		{7153E88A-5352-4CB0-9F78-600E1D678C92}.Debug.ActiveCfg = Debug|.NET
		{7153E88A-5352-4CB0-9F78-600E1D678C92}.Debug.Build.0 = Debug|.NET
		{7153E88A-5352-4CB0-9F78-600E1D678C92}.Release.ActiveCfg = Release|.NET
		{7153E88A-5352-4CB0-9F78-600E1D678C92}.Release.Build.0 = Release|.NET
	EndGlobalSection
	GlobalSection(SolutionItems) = postSolution
		Item:1 = readme.txt
	EndGlobalSection
	GlobalSection(ExtensibilityGlobals) = postSolution
	EndGlobalSection
	GlobalSection(ExtensibilityAddIns) = postSolution
	EndGlobalSection
EndGlobal
