Microsoft Visual Studio Solution File, Format Version 7.00
Project("{F184B08F-C81C-45F6-A57F-5ABD9991F28F}") = "VB.NET How-To Stack Frame", "VB.NET How-To Stack Frame.vbproj", "{725CB880-8F22-4AFC-A208-B3EFA2DE10A9}"
EndProject
Global
	GlobalSection(SolutionConfiguration) = preSolution
		ConfigName.0 = Debug
		ConfigName.1 = Release
	EndGlobalSection
	GlobalSection(ProjectDependencies) = postSolution
	EndGlobalSection
	GlobalSection(ProjectConfiguration) = postSolution
		{725CB880-8F22-4AFC-A208-B3EFA2DE10A9}.Debug.ActiveCfg = Debug|.NET
		{725CB880-8F22-4AFC-A208-B3EFA2DE10A9}.Debug.Build.0 = Debug|.NET
		{725CB880-8F22-4AFC-A208-B3EFA2DE10A9}.Release.ActiveCfg = Release|.NET
		{725CB880-8F22-4AFC-A208-B3EFA2DE10A9}.Release.Build.0 = Release|.NET
	EndGlobalSection
	GlobalSection(ExtensibilityGlobals) = postSolution
	EndGlobalSection
	GlobalSection(ExtensibilityAddIns) = postSolution
	EndGlobalSection
EndGlobal
