
Microsoft Visual Studio Solution File, Format Version 9.00
# Visual Studio 2005
Project("{FAE04EC0-301F-11D3-BF4B-00C04F79EFBC}") = "WorkflowConsoleApplication1", "WorkflowConsoleApplication1\WorkflowConsoleApplication1.csproj", "{CE82D737-2283-4DC5-ABEF-8173FDA52DFB}"
EndProject
Project("{FAE04EC0-301F-11D3-BF4B-00C04F79EFBC}") = "ActivityLibrary2", "ActivityLibrary2\ActivityLibrary2.csproj", "{D87DE01F-8072-463C-B6A1-4F87D6D807BE}"
EndProject
Global
	GlobalSection(SolutionConfigurationPlatforms) = preSolution
		Debug|Any CPU = Debug|Any CPU
		Release|Any CPU = Release|Any CPU
	EndGlobalSection
	GlobalSection(ProjectConfigurationPlatforms) = postSolution
		{CE82D737-2283-4DC5-ABEF-8173FDA52DFB}.Debug|Any CPU.ActiveCfg = Debug|Any CPU
		{CE82D737-2283-4DC5-ABEF-8173FDA52DFB}.Debug|Any CPU.Build.0 = Debug|Any CPU
		{CE82D737-2283-4DC5-ABEF-8173FDA52DFB}.Release|Any CPU.ActiveCfg = Release|Any CPU
		{CE82D737-2283-4DC5-ABEF-8173FDA52DFB}.Release|Any CPU.Build.0 = Release|Any CPU
		{D87DE01F-8072-463C-B6A1-4F87D6D807BE}.Debug|Any CPU.ActiveCfg = Debug|Any CPU
		{D87DE01F-8072-463C-B6A1-4F87D6D807BE}.Debug|Any CPU.Build.0 = Debug|Any CPU
		{D87DE01F-8072-463C-B6A1-4F87D6D807BE}.Release|Any CPU.ActiveCfg = Release|Any CPU
		{D87DE01F-8072-463C-B6A1-4F87D6D807BE}.Release|Any CPU.Build.0 = Release|Any CPU
	EndGlobalSection
	GlobalSection(SolutionProperties) = preSolution
		HideSolutionNode = FALSE
	EndGlobalSection
EndGlobal
