Microsoft Visual Studio Solution File, Format Version 7.00
Project("{FAE04EC0-301F-11D3-BF4B-00C04F79EFBC}") = "ConditionalMethods", "ConditionalMethods.csproj", "{820957CA-E3EA-4FA9-91D9-DD9D08CC5DF2}"
EndProject
Global
	GlobalSection(SolutionConfiguration) = preSolution
		ConfigName.0 = Debug
		ConfigName.1 = Release
	EndGlobalSection
	GlobalSection(ProjectDependencies) = postSolution
	EndGlobalSection
	GlobalSection(ProjectConfiguration) = postSolution
		{820957CA-E3EA-4FA9-91D9-DD9D08CC5DF2}.Debug.ActiveCfg = Debug|.NET
		{820957CA-E3EA-4FA9-91D9-DD9D08CC5DF2}.Debug.Build.0 = Debug|.NET
		{820957CA-E3EA-4FA9-91D9-DD9D08CC5DF2}.Release.ActiveCfg = Release|.NET
		{820957CA-E3EA-4FA9-91D9-DD9D08CC5DF2}.Release.Build.0 = Release|.NET
	EndGlobalSection
	GlobalSection(SolutionItems) = postSolution
		Item:1 = readme.txt
	EndGlobalSection
	GlobalSection(ExtensibilityGlobals) = postSolution
	EndGlobalSection
	GlobalSection(ExtensibilityAddIns) = postSolution
	EndGlobalSection
EndGlobal
