
Microsoft Visual Studio Solution File, Format Version 9.00
# Visual Studio 2005
Project("{E24C65DC-7377-472B-9ABA-BC803B73C61A}") = "C:\...\WebSite1\", "WebSite1\", "{9A96AC82-7614-4DBE-AAF5-B6A8545CA3A8}"
	ProjectSection(WebsiteProperties) = preProject
		ProjectReferences = "{85E7F2F2-6246-4D91-93CD-53EE463A8505}|WorkflowLibrary1.dll;"
		Debug.AspNetCompiler.VirtualPath = "/WebSite1"
		Debug.AspNetCompiler.PhysicalPath = "WebSite1\"
		Debug.AspNetCompiler.TargetPath = "PrecompiledWeb\WebSite1\"
		Debug.AspNetCompiler.Updateable = "true"
		Debug.AspNetCompiler.ForceOverwrite = "true"
		Debug.AspNetCompiler.FixedNames = "true"
		Debug.AspNetCompiler.Debug = "True"
		Release.AspNetCompiler.VirtualPath = "/WebSite1"
		Release.AspNetCompiler.PhysicalPath = "WebSite1\"
		Release.AspNetCompiler.TargetPath = "PrecompiledWeb\WebSite1\"
		Release.AspNetCompiler.Updateable = "true"
		Release.AspNetCompiler.ForceOverwrite = "true"
		Release.AspNetCompiler.FixedNames = "true"
		Release.AspNetCompiler.Debug = "False"
		VWDPort = "5282"
		DefaultWebSiteLanguage = "Visual C#"
	EndProjectSection
EndProject
Project("{FAE04EC0-301F-11D3-BF4B-00C04F79EFBC}") = "WorkflowLibrary1", "WorkflowLibrary1\WorkflowLibrary1.csproj", "{85E7F2F2-6246-4D91-93CD-53EE463A8505}"
EndProject
Global
	GlobalSection(SolutionConfigurationPlatforms) = preSolution
		Debug|Any CPU = Debug|Any CPU
		Debug|Mixed Platforms = Debug|Mixed Platforms
		Release|Any CPU = Release|Any CPU
		Release|Mixed Platforms = Release|Mixed Platforms
	EndGlobalSection
	GlobalSection(ProjectConfigurationPlatforms) = postSolution
		{9A96AC82-7614-4DBE-AAF5-B6A8545CA3A8}.Debug|Any CPU.ActiveCfg = Debug|.NET
		{9A96AC82-7614-4DBE-AAF5-B6A8545CA3A8}.Debug|Any CPU.Build.0 = Debug|.NET
		{9A96AC82-7614-4DBE-AAF5-B6A8545CA3A8}.Debug|Mixed Platforms.ActiveCfg = Debug|.NET
		{9A96AC82-7614-4DBE-AAF5-B6A8545CA3A8}.Debug|Mixed Platforms.Build.0 = Debug|.NET
		{9A96AC82-7614-4DBE-AAF5-B6A8545CA3A8}.Release|Any CPU.ActiveCfg = Debug|.NET
		{9A96AC82-7614-4DBE-AAF5-B6A8545CA3A8}.Release|Any CPU.Build.0 = Debug|.NET
		{9A96AC82-7614-4DBE-AAF5-B6A8545CA3A8}.Release|Mixed Platforms.ActiveCfg = Debug|.NET
		{9A96AC82-7614-4DBE-AAF5-B6A8545CA3A8}.Release|Mixed Platforms.Build.0 = Debug|.NET
		{85E7F2F2-6246-4D91-93CD-53EE463A8505}.Debug|Any CPU.ActiveCfg = Debug|Any CPU
		{85E7F2F2-6246-4D91-93CD-53EE463A8505}.Debug|Mixed Platforms.ActiveCfg = Debug|Any CPU
		{85E7F2F2-6246-4D91-93CD-53EE463A8505}.Debug|Mixed Platforms.Build.0 = Debug|Any CPU
		{85E7F2F2-6246-4D91-93CD-53EE463A8505}.Release|Any CPU.ActiveCfg = Release|Any CPU
		{85E7F2F2-6246-4D91-93CD-53EE463A8505}.Release|Mixed Platforms.ActiveCfg = Release|Any CPU
		{85E7F2F2-6246-4D91-93CD-53EE463A8505}.Release|Mixed Platforms.Build.0 = Release|Any CPU
	EndGlobalSection
	GlobalSection(SolutionProperties) = preSolution
		HideSolutionNode = FALSE
	EndGlobalSection
EndGlobal
