
Microsoft Visual Studio Solution File, Format Version 9.00
# Visual Studio 2005
Project("{FAE04EC0-301F-11D3-BF4B-00C04F79EFBC}") = "PortalStyleFlowLayout", "PortalStyleFlowLayout\PortalStyleFlowLayout.csproj", "{D03E486D-A923-46CA-8CD7-551926FA49A0}"
EndProject
Global
	GlobalSection(SolutionConfigurationPlatforms) = preSolution
		Debug|Any CPU = Debug|Any CPU
		Release|Any CPU = Release|Any CPU
	EndGlobalSection
	GlobalSection(ProjectConfigurationPlatforms) = postSolution
		{D03E486D-A923-46CA-8CD7-551926FA49A0}.Debug|Any CPU.ActiveCfg = Debug|Any CPU
		{D03E486D-A923-46CA-8CD7-551926FA49A0}.Debug|Any CPU.Build.0 = Debug|Any CPU
		{D03E486D-A923-46CA-8CD7-551926FA49A0}.Release|Any CPU.ActiveCfg = Release|Any CPU
		{D03E486D-A923-46CA-8CD7-551926FA49A0}.Release|Any CPU.Build.0 = Release|Any CPU
	EndGlobalSection
	GlobalSection(SolutionProperties) = preSolution
		HideSolutionNode = FALSE
	EndGlobalSection
EndGlobal
