Microsoft Visual Studio Solution File, Format Version 7.00
Project("{FAE04EC0-301F-11D3-BF4B-00C04F79EFBC}") = "Events1", "Events1\Events1.csproj", "{D42A742B-AA9F-44EF-8B37-7985FF16C3E9}"
EndProject
Project("{FAE04EC0-301F-11D3-BF4B-00C04F79EFBC}") = "Events2", "Events2\Events2.csproj", "{C42E2BA6-6AA0-4564-99CA-833349CA6AD5}"
EndProject
Global
	GlobalSection(SolutionConfiguration) = preSolution
		ConfigName.0 = Debug
		ConfigName.1 = Release
	EndGlobalSection
	GlobalSection(ProjectDependencies) = postSolution
	EndGlobalSection
	GlobalSection(ProjectConfiguration) = postSolution
		{D42A742B-AA9F-44EF-8B37-7985FF16C3E9}.Debug.ActiveCfg = Debug|.NET
		{D42A742B-AA9F-44EF-8B37-7985FF16C3E9}.Debug.Build.0 = Debug|.NET
		{D42A742B-AA9F-44EF-8B37-7985FF16C3E9}.Release.ActiveCfg = Release|.NET
		{D42A742B-AA9F-44EF-8B37-7985FF16C3E9}.Release.Build.0 = Release|.NET
		{C42E2BA6-6AA0-4564-99CA-833349CA6AD5}.Debug.ActiveCfg = Debug|.NET
		{C42E2BA6-6AA0-4564-99CA-833349CA6AD5}.Debug.Build.0 = Debug|.NET
		{C42E2BA6-6AA0-4564-99CA-833349CA6AD5}.Release.ActiveCfg = Release|.NET
		{C42E2BA6-6AA0-4564-99CA-833349CA6AD5}.Release.Build.0 = Release|.NET
	EndGlobalSection
	GlobalSection(SolutionItems) = postSolution
		Item:1 = readme.txt
	EndGlobalSection
	GlobalSection(ExtensibilityGlobals) = postSolution
	EndGlobalSection
	GlobalSection(ExtensibilityAddIns) = postSolution
	EndGlobalSection
EndGlobal
