Microsoft Visual Studio Solution File, Format Version 7.00
Project("{8BC9CEB8-8B4A-11D0-8D11-00A0C91BC942}") = "Drive", "drive\drive.vcproj", "{161236EA-B00A-4CEF-99EE-2FC461DC163A}"
EndProject
Project("{8BC9CEB8-8B4A-11D0-8D11-00A0C91BC942}") = "MDrive", "mdrive\mdrive.vcproj", "{339C33CC-BF97-45A6-AFFD-917214758182}"
EndProject
Project("{8BC9CEB8-8B4A-11D0-8D11-00A0C91BC942}") = "Connect", "server\connect.vcproj", "{FB904E6D-31E6-4C4B-B62B-F87D0A02D485}"
EndProject
Global
	GlobalSection(SolutionConfiguration) = preSolution
		ConfigName.0 = Debug
		ConfigName.1 = Release
	EndGlobalSection
	GlobalSection(ProjectDependencies) = postSolution
		{161236EA-B00A-4CEF-99EE-2FC461DC163A}.0 = {FB904E6D-31E6-4C4B-B62B-F87D0A02D485}
		{339C33CC-BF97-45A6-AFFD-917214758182}.0 = {161236EA-B00A-4CEF-99EE-2FC461DC163A}
	EndGlobalSection
	GlobalSection(ProjectConfiguration) = postSolution
		{161236EA-B00A-4CEF-99EE-2FC461DC163A}.Debug.ActiveCfg = Debug|Win32
		{161236EA-B00A-4CEF-99EE-2FC461DC163A}.Debug.Build.0 = Debug|Win32
		{161236EA-B00A-4CEF-99EE-2FC461DC163A}.Release.ActiveCfg = Release|Win32
		{161236EA-B00A-4CEF-99EE-2FC461DC163A}.Release.Build.0 = Release|Win32
		{339C33CC-BF97-45A6-AFFD-917214758182}.Debug.ActiveCfg = Debug|Win32
		{339C33CC-BF97-45A6-AFFD-917214758182}.Debug.Build.0 = Debug|Win32
		{339C33CC-BF97-45A6-AFFD-917214758182}.Release.ActiveCfg = Release|Win32
		{339C33CC-BF97-45A6-AFFD-917214758182}.Release.Build.0 = Release|Win32
		{FB904E6D-31E6-4C4B-B62B-F87D0A02D485}.Debug.ActiveCfg = Debug|Win32
		{FB904E6D-31E6-4C4B-B62B-F87D0A02D485}.Debug.Build.0 = Debug|Win32
		{FB904E6D-31E6-4C4B-B62B-F87D0A02D485}.Release.ActiveCfg = Release|Win32
		{FB904E6D-31E6-4C4B-B62B-F87D0A02D485}.Release.Build.0 = Release|Win32
	EndGlobalSection
	GlobalSection(ExtensibilityGlobals) = postSolution
	EndGlobalSection
	GlobalSection(ExtensibilityAddIns) = postSolution
	EndGlobalSection
EndGlobal
