Microsoft Visual Studio Solution File, Format Version 7.00
Project("{8BC9CEB8-8B4A-11D0-8D11-00A0C91BC942}") = "DispClient", "DispClient\DispClient.vcproj", "{63AF77FB-5070-4B00-9A1E-14B1CC4DD5A6}"
EndProject
Project("{8BC9CEB8-8B4A-11D0-8D11-00A0C91BC942}") = "DispClientPS", "DispClient\DispClientPS.vcproj", "{F0F50519-55C6-466B-A998-EE16E89BB95C}"
EndProject
Project("{8BC9CEB8-8B4A-11D0-8D11-00A0C91BC942}") = "DispServer", "DispServer\DispServer.vcproj", "{CB701451-144C-4C1C-8F18-CD22939A5C7D}"
EndProject
Project("{8BC9CEB8-8B4A-11D0-8D11-00A0C91BC942}") = "DispServerPS", "DispServer\DispServerPS.vcproj", "{63F887E5-76A4-4AD2-A5F7-60B2205D2097}"
EndProject
Global
	GlobalSection(SolutionConfiguration) = preSolution
		ConfigName.0 = Debug
		ConfigName.1 = Release
	EndGlobalSection
	GlobalSection(ProjectDependencies) = postSolution
		{F0F50519-55C6-466B-A998-EE16E89BB95C}.0 = {63AF77FB-5070-4B00-9A1E-14B1CC4DD5A6}
		{63F887E5-76A4-4AD2-A5F7-60B2205D2097}.0 = {CB701451-144C-4C1C-8F18-CD22939A5C7D}
	EndGlobalSection
	GlobalSection(ProjectConfiguration) = postSolution
		{63AF77FB-5070-4B00-9A1E-14B1CC4DD5A6}.Debug.ActiveCfg = Debug|Win32
		{63AF77FB-5070-4B00-9A1E-14B1CC4DD5A6}.Debug.Build.0 = Debug|Win32
		{63AF77FB-5070-4B00-9A1E-14B1CC4DD5A6}.Release.ActiveCfg = Release|Win32
		{63AF77FB-5070-4B00-9A1E-14B1CC4DD5A6}.Release.Build.0 = Release|Win32
		{F0F50519-55C6-466B-A998-EE16E89BB95C}.Debug.ActiveCfg = Debug|Win32
		{F0F50519-55C6-466B-A998-EE16E89BB95C}.Release.ActiveCfg = Release|Win32
		{CB701451-144C-4C1C-8F18-CD22939A5C7D}.Debug.ActiveCfg = Debug|Win32
		{CB701451-144C-4C1C-8F18-CD22939A5C7D}.Debug.Build.0 = Debug|Win32
		{CB701451-144C-4C1C-8F18-CD22939A5C7D}.Release.ActiveCfg = Release|Win32
		{CB701451-144C-4C1C-8F18-CD22939A5C7D}.Release.Build.0 = Release|Win32
		{63F887E5-76A4-4AD2-A5F7-60B2205D2097}.Debug.ActiveCfg = Debug|Win32
		{63F887E5-76A4-4AD2-A5F7-60B2205D2097}.Release.ActiveCfg = Release|Win32
	EndGlobalSection
	GlobalSection(ExtensibilityGlobals) = postSolution
	EndGlobalSection
	GlobalSection(ExtensibilityAddIns) = postSolution
	EndGlobalSection
EndGlobal
