Microsoft Visual Studio Solution File, Format Version 7.00
Project("{FAE04EC0-301F-11D3-BF4B-00C04F79EFBC}") = "FindAPooch", "FindAPooch\FindAPooch.csproj", "{7339BF92-3868-4751-92B5-95380556D10D}"
EndProject
Project("{FAE04EC0-301F-11D3-BF4B-00C04F79EFBC}") = "PoochObjects", "PoochObjects\PoochObjects.csproj", "{B9809EE5-3442-47BE-B432-0D253D5841A0}"
EndProject
Global
	GlobalSection(SolutionConfiguration) = preSolution
		ConfigName.0 = Debug
		ConfigName.1 = Release
	EndGlobalSection
	GlobalSection(ProjectDependencies) = postSolution
	EndGlobalSection
	GlobalSection(ProjectConfiguration) = postSolution
		{7339BF92-3868-4751-92B5-95380556D10D}.Debug.ActiveCfg = Debug|.NET
		{7339BF92-3868-4751-92B5-95380556D10D}.Debug.Build.0 = Debug|.NET
		{7339BF92-3868-4751-92B5-95380556D10D}.Release.ActiveCfg = Release|.NET
		{7339BF92-3868-4751-92B5-95380556D10D}.Release.Build.0 = Release|.NET
		{B9809EE5-3442-47BE-B432-0D253D5841A0}.Debug.ActiveCfg = Debug|.NET
		{B9809EE5-3442-47BE-B432-0D253D5841A0}.Debug.Build.0 = Debug|.NET
		{B9809EE5-3442-47BE-B432-0D253D5841A0}.Release.ActiveCfg = Release|.NET
		{B9809EE5-3442-47BE-B432-0D253D5841A0}.Release.Build.0 = Release|.NET
	EndGlobalSection
	GlobalSection(ExtensibilityGlobals) = postSolution
	EndGlobalSection
	GlobalSection(ExtensibilityAddIns) = postSolution
	EndGlobalSection
EndGlobal
