Microsoft Visual Studio Solution File, Format Version 7.00
Project("{FAE04EC0-301F-11D3-BF4B-00C04F79EFBC}") = "PropSheetHandler", "PropSheetHandler.csproj", "{33ABEA15-ADDF-453F-9A2A-2029DE91C1DD}"
EndProject
Project("{8BC9CEB8-8B4A-11D0-8D11-00A0C91BC942}") = "Wrapper", "..\Wrapper\Wrapper.vcproj", "{6A0B81C0-B3B4-4BE7-94C5-332C3E77CB5A}"
EndProject
Project("{54435603-DBB4-11D2-8724-00A0C9A8B90C}") = "SetupProject", "..\SetupProject\SetupProject.vdproj", "{CC288589-2F62-47C0-B80C-3ABB34C5A7EB}"
EndProject
Global
	GlobalSection(SourceCodeControl) = preSolution
		SccNumberOfProjects = 4
		SccProjectName0 = \u0022$/Users/Sonjake/PropSheetHandler\u0022,\u0020GSUNAAAA
		SccLocalPath0 = ..
		SccProvider0 = MSSCCI:Microsoft\u0020Visual\u0020SourceSafe
		CanCheckoutShared = true
		SccProjectFilePathRelativizedFromConnection0 = PropSheetHandler\\
		SolutionUniqueID = {97181C5C-462A-4B39-A4D5-71F9219920FA}
		SccProjectUniqueName1 = PropSheetHandler.csproj
		SccLocalPath1 = ..
		CanCheckoutShared = true
		SccProjectFilePathRelativizedFromConnection1 = PropSheetHandler\\
		SccProjectUniqueName2 = ..\\Wrapper\\Wrapper.vcproj
		SccLocalPath2 = ..
		CanCheckoutShared = true
		SccProjectFilePathRelativizedFromConnection2 = Wrapper\\
		SccProjectUniqueName3 = ..\\SetupProject\\SetupProject.vdproj
		SccLocalPath3 = ..
		CanCheckoutShared = true
		SccProjectFilePathRelativizedFromConnection3 = SetupProject\\
	EndGlobalSection
	GlobalSection(SolutionConfiguration) = preSolution
		ConfigName.0 = Debug
		ConfigName.1 = Release
	EndGlobalSection
	GlobalSection(ProjectDependencies) = postSolution
		{33ABEA15-ADDF-453F-9A2A-2029DE91C1DD}.0 = {6A0B81C0-B3B4-4BE7-94C5-332C3E77CB5A}
	EndGlobalSection
	GlobalSection(ProjectConfiguration) = postSolution
		{33ABEA15-ADDF-453F-9A2A-2029DE91C1DD}.Debug.ActiveCfg = Debug|.NET
		{33ABEA15-ADDF-453F-9A2A-2029DE91C1DD}.Debug.Build.0 = Debug|.NET
		{33ABEA15-ADDF-453F-9A2A-2029DE91C1DD}.Release.ActiveCfg = Release|.NET
		{33ABEA15-ADDF-453F-9A2A-2029DE91C1DD}.Release.Build.0 = Release|.NET
		{6A0B81C0-B3B4-4BE7-94C5-332C3E77CB5A}.Debug.ActiveCfg = Debug|Win32
		{6A0B81C0-B3B4-4BE7-94C5-332C3E77CB5A}.Debug.Build.0 = Debug|Win32
		{6A0B81C0-B3B4-4BE7-94C5-332C3E77CB5A}.Release.ActiveCfg = Release|Win32
		{6A0B81C0-B3B4-4BE7-94C5-332C3E77CB5A}.Release.Build.0 = Release|Win32
		{CC288589-2F62-47C0-B80C-3ABB34C5A7EB}.Debug.ActiveCfg = Debug
		{CC288589-2F62-47C0-B80C-3ABB34C5A7EB}.Release.ActiveCfg = Release
	EndGlobalSection
	GlobalSection(ExtensibilityGlobals) = postSolution
	EndGlobalSection
	GlobalSection(ExtensibilityAddIns) = postSolution
	EndGlobalSection
EndGlobal
