Microsoft Visual Studio Solution File, Format Version 7.00
Project("{F184B08F-C81C-45F6-A57F-5ABD9991F28F}") = "MyVBClass", "MyVBClass.vbproj", "{AE18A4D9-8385-4489-8514-C485F4FE3790}"
EndProject
Global
	GlobalSection(SolutionConfiguration) = preSolution
		ConfigName.0 = Debug
		ConfigName.1 = Release
	EndGlobalSection
	GlobalSection(ProjectDependencies) = postSolution
	EndGlobalSection
	GlobalSection(ProjectConfiguration) = postSolution
		{AE18A4D9-8385-4489-8514-C485F4FE3790}.Debug.ActiveCfg = Debug|.NET
		{AE18A4D9-8385-4489-8514-C485F4FE3790}.Debug.Build.0 = Debug|.NET
		{AE18A4D9-8385-4489-8514-C485F4FE3790}.Release.ActiveCfg = Release|.NET
		{AE18A4D9-8385-4489-8514-C485F4FE3790}.Release.Build.0 = Release|.NET
	EndGlobalSection
	GlobalSection(ExtensibilityGlobals) = postSolution
	EndGlobalSection
	GlobalSection(ExtensibilityAddIns) = postSolution
	EndGlobalSection
EndGlobal
