Microsoft Visual Studio Solution File, Format Version 7.00
Project("{8BC9CEB8-8B4A-11D0-8D11-00A0C91BC942}") = "Localize", "localize.vcproj", "{7A16ECC1-959B-4F45-884E-E0CA5657124C}"
EndProject
Project("{8BC9CEB8-8B4A-11D0-8D11-00A0C91BC942}") = "Locresde", "Locresde.vcproj", "{5CEE36C5-EE5E-43CE-8809-A2D52A1E01FF}"
EndProject
Project("{8BC9CEB8-8B4A-11D0-8D11-00A0C91BC942}") = "Locresfr", "Locresfr.vcproj", "{40FE5278-07D8-414A-9507-04874345037C}"
EndProject
Global
	GlobalSection(SolutionConfiguration) = preSolution
		ConfigName.0 = Debug
		ConfigName.1 = Release
	EndGlobalSection
	GlobalSection(ProjectDependencies) = postSolution
		{7A16ECC1-959B-4F45-884E-E0CA5657124C}.0 = {5CEE36C5-EE5E-43CE-8809-A2D52A1E01FF}
		{7A16ECC1-959B-4F45-884E-E0CA5657124C}.1 = {40FE5278-07D8-414A-9507-04874345037C}
	EndGlobalSection
	GlobalSection(ProjectConfiguration) = postSolution
		{7A16ECC1-959B-4F45-884E-E0CA5657124C}.Debug.ActiveCfg = Debug|Win32
		{7A16ECC1-959B-4F45-884E-E0CA5657124C}.Debug.Build.0 = Debug|Win32
		{7A16ECC1-959B-4F45-884E-E0CA5657124C}.Release.ActiveCfg = Release|Win32
		{7A16ECC1-959B-4F45-884E-E0CA5657124C}.Release.Build.0 = Release|Win32
		{5CEE36C5-EE5E-43CE-8809-A2D52A1E01FF}.Debug.ActiveCfg = Debug|Win32
		{5CEE36C5-EE5E-43CE-8809-A2D52A1E01FF}.Debug.Build.0 = Debug|Win32
		{5CEE36C5-EE5E-43CE-8809-A2D52A1E01FF}.Release.ActiveCfg = Release|Win32
		{5CEE36C5-EE5E-43CE-8809-A2D52A1E01FF}.Release.Build.0 = Release|Win32
		{40FE5278-07D8-414A-9507-04874345037C}.Debug.ActiveCfg = Debug|Win32
		{40FE5278-07D8-414A-9507-04874345037C}.Debug.Build.0 = Debug|Win32
		{40FE5278-07D8-414A-9507-04874345037C}.Release.ActiveCfg = Release|Win32
		{40FE5278-07D8-414A-9507-04874345037C}.Release.Build.0 = Release|Win32
	EndGlobalSection
	GlobalSection(ExtensibilityGlobals) = postSolution
	EndGlobalSection
	GlobalSection(ExtensibilityAddIns) = postSolution
	EndGlobalSection
EndGlobal
