Microsoft Visual Studio Solution File, Format Version 7.00
Project("{F184B08F-C81C-45F6-A57F-5ABD9991F28F}") = "VB.NET How-To Sample N-Tier Data Form App", "VB.NET How-To Sample N-Tier Data Form App.vbproj", "{63C25FC4-CC7A-48B0-814E-6B6FF47EDCF7}"
EndProject
Project("{F184B08F-C81C-45F6-A57F-5ABD9991F28F}") = "DataAccessLayer", "DataAccessLayer\DataAccessLayer.vbproj", "{B4880115-8374-4ACB-821E-839D0DB7C68B}"
EndProject
Global
	GlobalSection(SolutionConfiguration) = preSolution
		ConfigName.0 = Debug
		ConfigName.1 = Release
	EndGlobalSection
	GlobalSection(ProjectDependencies) = postSolution
	EndGlobalSection
	GlobalSection(ProjectConfiguration) = postSolution
		{63C25FC4-CC7A-48B0-814E-6B6FF47EDCF7}.Debug.ActiveCfg = Debug|.NET
		{63C25FC4-CC7A-48B0-814E-6B6FF47EDCF7}.Debug.Build.0 = Debug|.NET
		{63C25FC4-CC7A-48B0-814E-6B6FF47EDCF7}.Release.ActiveCfg = Release|.NET
		{63C25FC4-CC7A-48B0-814E-6B6FF47EDCF7}.Release.Build.0 = Release|.NET
		{B4880115-8374-4ACB-821E-839D0DB7C68B}.Debug.ActiveCfg = Debug|.NET
		{B4880115-8374-4ACB-821E-839D0DB7C68B}.Debug.Build.0 = Debug|.NET
		{B4880115-8374-4ACB-821E-839D0DB7C68B}.Release.ActiveCfg = Release|.NET
		{B4880115-8374-4ACB-821E-839D0DB7C68B}.Release.Build.0 = Release|.NET
	EndGlobalSection
	GlobalSection(ExtensibilityGlobals) = postSolution
	EndGlobalSection
	GlobalSection(ExtensibilityAddIns) = postSolution
	EndGlobalSection
EndGlobal
