Microsoft Visual Studio Solution File, Format Version 7.00
Project("{F184B08F-C81C-45F6-A57F-5ABD9991F28F}") = "wabTSDemo", "wabTSDemo.vbproj", "{35F58243-D81E-4CB6-A82B-24438BF4F842}"
EndProject
Project("{FAE04EC0-301F-11D3-BF4B-00C04F79EFBC}") = "wacTSDemo", "..\wacTSDemo\wacTSDemo.csproj", "{80AFC6C6-8815-4A55-8645-43077428FA8B}"
EndProject
Project("{F184B08F-C81C-45F6-A57F-5ABD9991F28F}") = "webbTSDemo", "http://bjarned06/webbTSDemo/webbTSDemo.vbproj", "{E297E390-FF87-4E3F-988A-8BF9F2E7E92C}"
EndProject
Project("{F184B08F-C81C-45F6-A57F-5ABD9991F28F}") = "mwebbTSDemo", "http://bjarned06/mwebbTSDemo/mwebbTSDemo.vbproj", "{F4C1BE48-9BD6-46B4-B7FB-774C1BBEAF94}"
EndProject
Global
	GlobalSection(SolutionConfiguration) = preSolution
		ConfigName.0 = Debug
		ConfigName.1 = Release
	EndGlobalSection
	GlobalSection(ProjectDependencies) = postSolution
	EndGlobalSection
	GlobalSection(ProjectConfiguration) = postSolution
		{35F58243-D81E-4CB6-A82B-24438BF4F842}.Debug.ActiveCfg = Debug|.NET
		{35F58243-D81E-4CB6-A82B-24438BF4F842}.Debug.Build.0 = Debug|.NET
		{35F58243-D81E-4CB6-A82B-24438BF4F842}.Release.ActiveCfg = Release|.NET
		{35F58243-D81E-4CB6-A82B-24438BF4F842}.Release.Build.0 = Release|.NET
		{80AFC6C6-8815-4A55-8645-43077428FA8B}.Debug.ActiveCfg = Debug|.NET
		{80AFC6C6-8815-4A55-8645-43077428FA8B}.Debug.Build.0 = Debug|.NET
		{80AFC6C6-8815-4A55-8645-43077428FA8B}.Release.ActiveCfg = Release|.NET
		{80AFC6C6-8815-4A55-8645-43077428FA8B}.Release.Build.0 = Release|.NET
		{E297E390-FF87-4E3F-988A-8BF9F2E7E92C}.Debug.ActiveCfg = Debug|.NET
		{E297E390-FF87-4E3F-988A-8BF9F2E7E92C}.Debug.Build.0 = Debug|.NET
		{E297E390-FF87-4E3F-988A-8BF9F2E7E92C}.Release.ActiveCfg = Release|.NET
		{E297E390-FF87-4E3F-988A-8BF9F2E7E92C}.Release.Build.0 = Release|.NET
		{F4C1BE48-9BD6-46B4-B7FB-774C1BBEAF94}.Debug.ActiveCfg = Debug|.NET
		{F4C1BE48-9BD6-46B4-B7FB-774C1BBEAF94}.Debug.Build.0 = Debug|.NET
		{F4C1BE48-9BD6-46B4-B7FB-774C1BBEAF94}.Release.ActiveCfg = Release|.NET
		{F4C1BE48-9BD6-46B4-B7FB-774C1BBEAF94}.Release.Build.0 = Release|.NET
	EndGlobalSection
	GlobalSection(SolutionItems) = postSolution
		Item:1 = wabTSDemo.vsd
	EndGlobalSection
	GlobalSection(ExtensibilityGlobals) = postSolution
	EndGlobalSection
	GlobalSection(ExtensibilityAddIns) = postSolution
	EndGlobalSection
EndGlobal
