Microsoft Visual Studio Solution File, Format Version 7.00
Project("{FAE04EC0-301F-11D3-BF4B-00C04F79EFBC}") = "Client", "Client\Client.csproj", "{DA03B9AA-8269-4574-B027-03F10AA64E69}"
EndProject
Project("{FAE04EC0-301F-11D3-BF4B-00C04F79EFBC}") = "RemotingCache", "RemotingCache\RemotingCache.csproj", "{201005A8-8068-4853-B5AA-A8686A845414}"
EndProject
Project("{FAE04EC0-301F-11D3-BF4B-00C04F79EFBC}") = "SampleObject", "SampleObject\SampleObject.csproj", "{9DC530B0-9688-4E5C-80B4-5685F1EDFF95}"
EndProject
Project("{FAE04EC0-301F-11D3-BF4B-00C04F79EFBC}") = "Server", "Server\Server.csproj", "{3B331747-5807-4282-AFA5-A8D511DF4F91}"
EndProject
Global
	GlobalSection(SolutionConfiguration) = preSolution
		ConfigName.0 = Debug
		ConfigName.1 = Release
	EndGlobalSection
	GlobalSection(ProjectDependencies) = postSolution
	EndGlobalSection
	GlobalSection(ProjectConfiguration) = postSolution
		{DA03B9AA-8269-4574-B027-03F10AA64E69}.Debug.ActiveCfg = Debug|.NET
		{DA03B9AA-8269-4574-B027-03F10AA64E69}.Debug.Build.0 = Debug|.NET
		{DA03B9AA-8269-4574-B027-03F10AA64E69}.Release.ActiveCfg = Release|.NET
		{DA03B9AA-8269-4574-B027-03F10AA64E69}.Release.Build.0 = Release|.NET
		{201005A8-8068-4853-B5AA-A8686A845414}.Debug.ActiveCfg = Debug|.NET
		{201005A8-8068-4853-B5AA-A8686A845414}.Debug.Build.0 = Debug|.NET
		{201005A8-8068-4853-B5AA-A8686A845414}.Release.ActiveCfg = Release|.NET
		{201005A8-8068-4853-B5AA-A8686A845414}.Release.Build.0 = Release|.NET
		{9DC530B0-9688-4E5C-80B4-5685F1EDFF95}.Debug.ActiveCfg = Debug|.NET
		{9DC530B0-9688-4E5C-80B4-5685F1EDFF95}.Debug.Build.0 = Debug|.NET
		{9DC530B0-9688-4E5C-80B4-5685F1EDFF95}.Release.ActiveCfg = Release|.NET
		{9DC530B0-9688-4E5C-80B4-5685F1EDFF95}.Release.Build.0 = Release|.NET
		{3B331747-5807-4282-AFA5-A8D511DF4F91}.Debug.ActiveCfg = Debug|.NET
		{3B331747-5807-4282-AFA5-A8D511DF4F91}.Debug.Build.0 = Debug|.NET
		{3B331747-5807-4282-AFA5-A8D511DF4F91}.Release.ActiveCfg = Release|.NET
		{3B331747-5807-4282-AFA5-A8D511DF4F91}.Release.Build.0 = Release|.NET
	EndGlobalSection
	GlobalSection(ExtensibilityGlobals) = postSolution
	EndGlobalSection
	GlobalSection(ExtensibilityAddIns) = postSolution
	EndGlobalSection
EndGlobal
