Microsoft Visual Studio Solution File, Format Version 7.00
Project("{8BC9CEB8-8B4A-11D0-8D11-00A0C91BC942}") = "rtcsample", "rtcsample.vcproj", "{085891AE-38C2-4792-BE59-4DB10CEA705B}"
	ProjectSection(ProjectDependencies) = postProject
	EndProjectSection
	ProjectSection(SolutionConfiguration) = postProject
		Normal.ActiveCfg = Normal|Win32
		Normal.Build.0 = Normal|Win32
		No CRT.ActiveCfg = No CRT|Win32
		No CRT.Build.0 = No CRT|Win32
	EndProjectSection
EndProject
Global
	GlobalSection(SolutionConfiguration) = preSolution
		ConfigName.0 = Normal
		ConfigName.1 = No CRT
		DoSign = FALSE
	EndGlobalSection
	GlobalSection(ExtensibilityGlobals) = postSolution
	EndGlobalSection
	GlobalSection(ExtensibilityAddIns) = postSolution
	EndGlobalSection
EndGlobal
