Microsoft Visual Studio Solution File, Format Version 7.00
Project("{8BC9CEB8-8B4A-11D0-8D11-00A0C91BC942}") = "AutoClient", "AutoClient\AutoClient.vcproj", "{020FEDB9-E7C7-4861-9079-C7D3F9C99AD9}"
EndProject
Project("{8BC9CEB8-8B4A-11D0-8D11-00A0C91BC942}") = "AutoServer", "AutoServer\AutoServer.vcproj", "{AE67C6DA-4B81-4323-8078-C1A859CC854F}"
EndProject
Global
	GlobalSection(SolutionConfiguration) = preSolution
		ConfigName.0 = Debug
		ConfigName.1 = Release
	EndGlobalSection
	GlobalSection(ProjectDependencies) = postSolution
		{020FEDB9-E7C7-4861-9079-C7D3F9C99AD9}.0 = {AE67C6DA-4B81-4323-8078-C1A859CC854F}
	EndGlobalSection
	GlobalSection(ProjectConfiguration) = postSolution
		{020FEDB9-E7C7-4861-9079-C7D3F9C99AD9}.Debug.ActiveCfg = Debug|Win32
		{020FEDB9-E7C7-4861-9079-C7D3F9C99AD9}.Debug.Build.0 = Debug|Win32
		{020FEDB9-E7C7-4861-9079-C7D3F9C99AD9}.Release.ActiveCfg = Release|Win32
		{020FEDB9-E7C7-4861-9079-C7D3F9C99AD9}.Release.Build.0 = Release|Win32
		{AE67C6DA-4B81-4323-8078-C1A859CC854F}.Debug.ActiveCfg = Debug|Win32
		{AE67C6DA-4B81-4323-8078-C1A859CC854F}.Debug.Build.0 = Debug|Win32
		{AE67C6DA-4B81-4323-8078-C1A859CC854F}.Release.ActiveCfg = Release|Win32
		{AE67C6DA-4B81-4323-8078-C1A859CC854F}.Release.Build.0 = Release|Win32
	EndGlobalSection
	GlobalSection(ExtensibilityGlobals) = postSolution
	EndGlobalSection
	GlobalSection(ExtensibilityAddIns) = postSolution
	EndGlobalSection
EndGlobal
