Microsoft Visual Studio Solution File, Format Version 7.00
Project("{8BC9CEB8-8B4A-11D0-8D11-00A0C91BC942}") = "duck", "duck\duck.vcproj", "{442D509D-694C-4A47-89A1-4D017169829A}"
EndProject
Project("{8BC9CEB8-8B4A-11D0-8D11-00A0C91BC942}") = "atlduck", "atlduck.vcproj", "{261A71A4-6B6D-4AEB-8991-15A943D3EABC}"
EndProject
Project("{8BC9CEB8-8B4A-11D0-8D11-00A0C91BC942}") = "duckPS", "duck\DuckPS.vcproj", "{46B738D9-5D35-46FC-874A-0C7F68A6230A}"
EndProject
Project("{8BC9CEB8-8B4A-11D0-8D11-00A0C91BC942}") = "atlduckPS", "atlduckPS.vcproj", "{684BEA13-8B3C-42F2-B444-44F1E7E9DFA2}"
EndProject
Global
	GlobalSection(SolutionConfiguration) = preSolution
		ConfigName.0 = Debug
		ConfigName.1 = Release
	EndGlobalSection
	GlobalSection(ProjectDependencies) = postSolution
		{442D509D-694C-4A47-89A1-4D017169829A}.0 = {261A71A4-6B6D-4AEB-8991-15A943D3EABC}
		{46B738D9-5D35-46FC-874A-0C7F68A6230A}.0 = {442D509D-694C-4A47-89A1-4D017169829A}
		{684BEA13-8B3C-42F2-B444-44F1E7E9DFA2}.0 = {261A71A4-6B6D-4AEB-8991-15A943D3EABC}
	EndGlobalSection
	GlobalSection(ProjectConfiguration) = postSolution
		{442D509D-694C-4A47-89A1-4D017169829A}.Debug.ActiveCfg = Debug|Win32
		{442D509D-694C-4A47-89A1-4D017169829A}.Debug.Build.0 = Debug|Win32
		{442D509D-694C-4A47-89A1-4D017169829A}.Release.ActiveCfg = Release|Win32
		{442D509D-694C-4A47-89A1-4D017169829A}.Release.Build.0 = Release|Win32
		{261A71A4-6B6D-4AEB-8991-15A943D3EABC}.Debug.ActiveCfg = Debug|Win32
		{261A71A4-6B6D-4AEB-8991-15A943D3EABC}.Debug.Build.0 = Debug|Win32
		{261A71A4-6B6D-4AEB-8991-15A943D3EABC}.Release.ActiveCfg = Release|Win32
		{261A71A4-6B6D-4AEB-8991-15A943D3EABC}.Release.Build.0 = Release|Win32
		{46B738D9-5D35-46FC-874A-0C7F68A6230A}.Debug.ActiveCfg = Debug|Win32
		{46B738D9-5D35-46FC-874A-0C7F68A6230A}.Debug.Build.0 = Debug|Win32
		{46B738D9-5D35-46FC-874A-0C7F68A6230A}.Release.ActiveCfg = Release|Win32
		{46B738D9-5D35-46FC-874A-0C7F68A6230A}.Release.Build.0 = Release|Win32
		{684BEA13-8B3C-42F2-B444-44F1E7E9DFA2}.Debug.ActiveCfg = Debug|Win32
		{684BEA13-8B3C-42F2-B444-44F1E7E9DFA2}.Debug.Build.0 = Debug|Win32
		{684BEA13-8B3C-42F2-B444-44F1E7E9DFA2}.Release.ActiveCfg = Release|Win32
		{684BEA13-8B3C-42F2-B444-44F1E7E9DFA2}.Release.Build.0 = Release|Win32
	EndGlobalSection
	GlobalSection(ExtensibilityGlobals) = postSolution
	EndGlobalSection
	GlobalSection(ExtensibilityAddIns) = postSolution
	EndGlobalSection
EndGlobal
