Microsoft Visual Studio Solution File, Format Version 7.00
Project("{8BC9CEB8-8B4A-11D0-8D11-00A0C91BC942}") = "TankOnline", "TankOnline.vcproj", "{00FAC510-CAF2-4240-8BB1-A36BB563E081}"
EndProject
Project("{8BC9CEB8-8B4A-11D0-8D11-00A0C91BC942}") = "TankOnlineIsapi", "..\TankOnlineIsapi\TankOnlineIsapi.vcproj", "{A176998E-4A72-4D58-85EB-E996DC88E3AE}"
EndProject
Global
	GlobalSection(SolutionConfiguration) = preSolution
		ConfigName.0 = Debug
		ConfigName.1 = Release
	EndGlobalSection
	GlobalSection(ProjectDependencies) = postSolution
	EndGlobalSection
	GlobalSection(ProjectConfiguration) = postSolution
		{00FAC510-CAF2-4240-8BB1-A36BB563E081}.Debug.ActiveCfg = Debug|Win32
		{00FAC510-CAF2-4240-8BB1-A36BB563E081}.Debug.Build.0 = Debug|Win32
		{00FAC510-CAF2-4240-8BB1-A36BB563E081}.Release.ActiveCfg = Release|Win32
		{00FAC510-CAF2-4240-8BB1-A36BB563E081}.Release.Build.0 = Release|Win32
		{A176998E-4A72-4D58-85EB-E996DC88E3AE}.Debug.ActiveCfg = Debug|Win32
		{A176998E-4A72-4D58-85EB-E996DC88E3AE}.Debug.Build.0 = Debug|Win32
		{A176998E-4A72-4D58-85EB-E996DC88E3AE}.Release.ActiveCfg = Release|Win32
		{A176998E-4A72-4D58-85EB-E996DC88E3AE}.Release.Build.0 = Release|Win32
	EndGlobalSection
	GlobalSection(ExtensibilityGlobals) = postSolution
	EndGlobalSection
	GlobalSection(ExtensibilityAddIns) = postSolution
	EndGlobalSection
EndGlobal
