Microsoft Visual Studio Solution File, Format Version 8.00
Project("{FAE04EC0-301F-11D3-BF4B-00C04F79EFBC}") = "ExplorerTreeView", "ExplorerTreeView.csproj", "{3E5290C0-EA54-4F48-8542-83B9A35C3E26}"
	ProjectSection(ProjectDependencies) = postProject
	EndProjectSection
EndProject
Global
	GlobalSection(SolutionConfiguration) = preSolution
		Debug = Debug
		Release = Release
	EndGlobalSection
	GlobalSection(ProjectConfiguration) = postSolution
		{3E5290C0-EA54-4F48-8542-83B9A35C3E26}.Debug.ActiveCfg = Debug|.NET
		{3E5290C0-EA54-4F48-8542-83B9A35C3E26}.Debug.Build.0 = Debug|.NET
		{3E5290C0-EA54-4F48-8542-83B9A35C3E26}.Release.ActiveCfg = Release|.NET
		{3E5290C0-EA54-4F48-8542-83B9A35C3E26}.Release.Build.0 = Release|.NET
	EndGlobalSection
	GlobalSection(ExtensibilityGlobals) = postSolution
	EndGlobalSection
	GlobalSection(ExtensibilityAddIns) = postSolution
	EndGlobalSection
EndGlobal
