Microsoft Visual Studio Solution File, Format Version 7.00
Project("{FAE04EC0-301F-11D3-BF4B-00C04F79EFBC}") = "LogFile", "LogFile.csproj", "{35282F1E-29BD-476A-8338-181EE0480134}"
EndProject
Global
	GlobalSection(SolutionConfiguration) = preSolution
		ConfigName.0 = Debug
		ConfigName.1 = Release
	EndGlobalSection
	GlobalSection(ProjectDependencies) = postSolution
	EndGlobalSection
	GlobalSection(ProjectConfiguration) = postSolution
		{35282F1E-29BD-476A-8338-181EE0480134}.Debug.ActiveCfg = Debug|.NET
		{35282F1E-29BD-476A-8338-181EE0480134}.Debug.Build.0 = Debug|.NET
		{35282F1E-29BD-476A-8338-181EE0480134}.Release.ActiveCfg = Release|.NET
		{35282F1E-29BD-476A-8338-181EE0480134}.Release.Build.0 = Release|.NET
	EndGlobalSection
	GlobalSection(ExtensibilityGlobals) = postSolution
	EndGlobalSection
	GlobalSection(ExtensibilityAddIns) = postSolution
	EndGlobalSection
EndGlobal
