Microsoft Visual Studio Solution File, Format Version 8.00
Project("{FAE04EC0-301F-11D3-BF4B-00C04F79EFBC}") = "HowToDoDataGridPaging", "http://localhost/HowToDoDataGridPaging/HowToDoDataGridPaging.csproj", "{32673FAD-5158-4891-8B0B-6D05C9D833AB}"
	ProjectSection(ProjectDependencies) = postProject
	EndProjectSection
EndProject
Global
	GlobalSection(SolutionConfiguration) = preSolution
		Debug = Debug
		Release = Release
	EndGlobalSection
	GlobalSection(ProjectConfiguration) = postSolution
		{32673FAD-5158-4891-8B0B-6D05C9D833AB}.Debug.ActiveCfg = Debug|.NET
		{32673FAD-5158-4891-8B0B-6D05C9D833AB}.Debug.Build.0 = Debug|.NET
		{32673FAD-5158-4891-8B0B-6D05C9D833AB}.Release.ActiveCfg = Release|.NET
		{32673FAD-5158-4891-8B0B-6D05C9D833AB}.Release.Build.0 = Release|.NET
	EndGlobalSection
	GlobalSection(ExtensibilityGlobals) = postSolution
	EndGlobalSection
	GlobalSection(ExtensibilityAddIns) = postSolution
	EndGlobalSection
EndGlobal
