
Microsoft Visual Studio Solution File, Format Version 9.00
# Visual Studio 2005
Project("{FAE04EC0-301F-11D3-BF4B-00C04F79EFBC}") = "WorkingWithContactsAndTasksInOutlook", "WorkingWithContactsAndTasksInOutlook\WorkingWithContactsAndTasksInOutlook.csproj", "{094E02AE-B5CE-4913-81BA-273572034AFC}"
EndProject
Project("{54435603-DBB4-11D2-8724-00A0C9A8B90C}") = "WorkingWithContactsAndTasksInOutlookSetup", "WorkingWithContactsAndTasksInOutlookSetup\WorkingWithContactsAndTasksInOutlookSetup", "{7E80BD4B-6AB4-467F-9946-1356C55C6752}"
EndProject
Global
	GlobalSection(SolutionConfigurationPlatforms) = preSolution
		Debug|Any CPU = Debug|Any CPU
		Release|Any CPU = Release|Any CPU
	EndGlobalSection
	GlobalSection(ProjectConfigurationPlatforms) = postSolution
		{094E02AE-B5CE-4913-81BA-273572034AFC}.Debug|Any CPU.ActiveCfg = Debug|Any CPU
		{094E02AE-B5CE-4913-81BA-273572034AFC}.Debug|Any CPU.Build.0 = Debug|Any CPU
		{094E02AE-B5CE-4913-81BA-273572034AFC}.Release|Any CPU.ActiveCfg = Release|Any CPU
		{094E02AE-B5CE-4913-81BA-273572034AFC}.Release|Any CPU.Build.0 = Release|Any CPU
		{7E80BD4B-6AB4-467F-9946-1356C55C6752}.Debug|Any CPU.ActiveCfg = Debug
		{7E80BD4B-6AB4-467F-9946-1356C55C6752}.Release|Any CPU.ActiveCfg = Release
	EndGlobalSection
	GlobalSection(SolutionProperties) = preSolution
		HideSolutionNode = FALSE
	EndGlobalSection
EndGlobal
