Microsoft Visual Studio Solution File, Format Version 7.00
Project("{8BC9CEB8-8B4A-11D0-8D11-00A0C91BC942}") = "Aggreg", "aggreg\aggreg.vcproj", "{675BCA01-5C11-4603-8303-4FE2932B8C6D}"
EndProject
Project("{8BC9CEB8-8B4A-11D0-8D11-00A0C91BC942}") = "ctlcomm", "ctlcomm\ctlcomm.vcproj", "{516C58EB-2C09-47AA-B69F-C36D1624344A}"
EndProject
Project("{8BC9CEB8-8B4A-11D0-8D11-00A0C91BC942}") = "COMMap", "COMMap.vcproj", "{20213FAE-60E4-4384-9031-471BC86D7128}"
EndProject
Global
	GlobalSection(SolutionConfiguration) = preSolution
		ConfigName.0 = Debug
		ConfigName.1 = Release
	EndGlobalSection
	GlobalSection(ProjectDependencies) = postSolution
		{516C58EB-2C09-47AA-B69F-C36D1624344A}.0 = {675BCA01-5C11-4603-8303-4FE2932B8C6D}
		{516C58EB-2C09-47AA-B69F-C36D1624344A}.1 = {20213FAE-60E4-4384-9031-471BC86D7128}
		{20213FAE-60E4-4384-9031-471BC86D7128}.0 = {675BCA01-5C11-4603-8303-4FE2932B8C6D}
	EndGlobalSection
	GlobalSection(ProjectConfiguration) = postSolution
		{675BCA01-5C11-4603-8303-4FE2932B8C6D}.Debug.ActiveCfg = Debug|Win32
		{675BCA01-5C11-4603-8303-4FE2932B8C6D}.Debug.Build.0 = Debug|Win32
		{675BCA01-5C11-4603-8303-4FE2932B8C6D}.Release.ActiveCfg = Release|Win32
		{675BCA01-5C11-4603-8303-4FE2932B8C6D}.Release.Build.0 = Release|Win32
		{516C58EB-2C09-47AA-B69F-C36D1624344A}.Debug.ActiveCfg = Debug|Win32
		{516C58EB-2C09-47AA-B69F-C36D1624344A}.Debug.Build.0 = Debug|Win32
		{516C58EB-2C09-47AA-B69F-C36D1624344A}.Release.ActiveCfg = Release|Win32
		{516C58EB-2C09-47AA-B69F-C36D1624344A}.Release.Build.0 = Release|Win32
		{20213FAE-60E4-4384-9031-471BC86D7128}.Debug.ActiveCfg = Debug|Win32
		{20213FAE-60E4-4384-9031-471BC86D7128}.Debug.Build.0 = Debug|Win32
		{20213FAE-60E4-4384-9031-471BC86D7128}.Release.ActiveCfg = Release|Win32
		{20213FAE-60E4-4384-9031-471BC86D7128}.Release.Build.0 = Release|Win32
	EndGlobalSection
	GlobalSection(ExtensibilityGlobals) = postSolution
	EndGlobalSection
	GlobalSection(ExtensibilityAddIns) = postSolution
	EndGlobalSection
EndGlobal
