Microsoft Visual Studio Solution File, Format Version 8.00
Project("{F184B08F-C81C-45F6-A57F-5ABD9991F28F}") = "ContextMenu", "ContextMenu.vbproj", "{191712DC-AF63-4B87-8D79-505C269D21D2}"
	ProjectSection(ProjectDependencies) = postProject
	EndProjectSection
EndProject
Project("{FAE04EC0-301F-11D3-BF4B-00C04F79EFBC}") = "WebTestHarness", "http://localhost/WebTestHarness/WebTestHarness.csproj", "{37DC6685-1875-4E79-B019-BFB804CB3F0A}"
	ProjectSection(ProjectDependencies) = postProject
	EndProjectSection
EndProject
Project("{F184B08F-C81C-45F6-A57F-5ABD9991F28F}") = "TestServerControls", "..\TestServerControls\TestServerControls.vbproj", "{1C5EB3A0-D9D8-4218-B871-7CC263499613}"
	ProjectSection(ProjectDependencies) = postProject
	EndProjectSection
EndProject
Project("{FAE04EC0-301F-11D3-BF4B-00C04F79EFBC}") = "Timer", "..\Timer\Timer.csproj", "{348BEDA6-51C6-4F38-9CDE-6FAADD00EB5B}"
	ProjectSection(ProjectDependencies) = postProject
	EndProjectSection
EndProject
Global
	GlobalSection(SolutionConfiguration) = preSolution
		Debug = Debug
		Release = Release
	EndGlobalSection
	GlobalSection(ProjectConfiguration) = postSolution
		{191712DC-AF63-4B87-8D79-505C269D21D2}.Debug.ActiveCfg = Debug|.NET
		{191712DC-AF63-4B87-8D79-505C269D21D2}.Debug.Build.0 = Debug|.NET
		{191712DC-AF63-4B87-8D79-505C269D21D2}.Release.ActiveCfg = Release|.NET
		{191712DC-AF63-4B87-8D79-505C269D21D2}.Release.Build.0 = Release|.NET
		{37DC6685-1875-4E79-B019-BFB804CB3F0A}.Debug.ActiveCfg = Debug|.NET
		{37DC6685-1875-4E79-B019-BFB804CB3F0A}.Debug.Build.0 = Debug|.NET
		{37DC6685-1875-4E79-B019-BFB804CB3F0A}.Release.ActiveCfg = Release|.NET
		{37DC6685-1875-4E79-B019-BFB804CB3F0A}.Release.Build.0 = Release|.NET
		{1C5EB3A0-D9D8-4218-B871-7CC263499613}.Debug.ActiveCfg = Debug|.NET
		{1C5EB3A0-D9D8-4218-B871-7CC263499613}.Debug.Build.0 = Debug|.NET
		{1C5EB3A0-D9D8-4218-B871-7CC263499613}.Release.ActiveCfg = Release|.NET
		{1C5EB3A0-D9D8-4218-B871-7CC263499613}.Release.Build.0 = Release|.NET
		{348BEDA6-51C6-4F38-9CDE-6FAADD00EB5B}.Debug.ActiveCfg = Debug|.NET
		{348BEDA6-51C6-4F38-9CDE-6FAADD00EB5B}.Debug.Build.0 = Debug|.NET
		{348BEDA6-51C6-4F38-9CDE-6FAADD00EB5B}.Release.ActiveCfg = Release|.NET
		{348BEDA6-51C6-4F38-9CDE-6FAADD00EB5B}.Release.Build.0 = Release|.NET
	EndGlobalSection
	GlobalSection(ExtensibilityGlobals) = postSolution
	EndGlobalSection
	GlobalSection(ExtensibilityAddIns) = postSolution
	EndGlobalSection
EndGlobal
