Microsoft Visual Studio Solution File, Format Version 7.00
Project("{FAE04EC0-301F-11D3-BF4B-00C04F79EFBC}") = "Menus", "Menus.csproj", "{8CEAD1AA-7194-448D-87DB-F8F7019A711F}"
EndProject
Global
	GlobalSection(SolutionConfiguration) = preSolution
		ConfigName.0 = Debug
		ConfigName.1 = Release
	EndGlobalSection
	GlobalSection(ProjectDependencies) = postSolution
	EndGlobalSection
	GlobalSection(ProjectConfiguration) = postSolution
		{8CEAD1AA-7194-448D-87DB-F8F7019A711F}.Debug.ActiveCfg = Debug|.NET
		{8CEAD1AA-7194-448D-87DB-F8F7019A711F}.Debug.Build.0 = Debug|.NET
		{8CEAD1AA-7194-448D-87DB-F8F7019A711F}.Release.ActiveCfg = Release|.NET
		{8CEAD1AA-7194-448D-87DB-F8F7019A711F}.Release.Build.0 = Release|.NET
	EndGlobalSection
	GlobalSection(ExtensibilityGlobals) = postSolution
	EndGlobalSection
	GlobalSection(ExtensibilityAddIns) = postSolution
	EndGlobalSection
EndGlobal
