Microsoft Visual Studio Solution File, Format Version 7.00
Project("{8BC9CEB8-8B4A-11D0-8D11-00A0C91BC942}") = "MyIsapi", "MyIsapi\MyIsapi.vcproj", "{DD9C2C26-EF99-43AC-904F-F5DD338F6714}"
EndProject
Project("{8BC9CEB8-8B4A-11D0-8D11-00A0C91BC942}") = "Form", "Form\Form.vcproj", "{C4A035E8-9513-4A53-B3E5-8577BF039805}"
EndProject
Project("{8BC9CEB8-8B4A-11D0-8D11-00A0C91BC942}") = "ConfirmUser", "ConfirmUser\ConfirmUser.vcproj", "{7B5CB873-A440-4D18-A96C-7EC651AC0FBD}"
EndProject
Project("{8BC9CEB8-8B4A-11D0-8D11-00A0C91BC942}") = "ForceLogin", "ForceLogin\ForceLogin.vcproj", "{3DC999C1-214B-4047-8FDF-9D9D72739175}"
EndProject
Project("{8BC9CEB8-8B4A-11D0-8D11-00A0C91BC942}") = "HelloWorld", "HelloWorld\HelloWorld.vcproj", "{7C39C7BC-DDFF-44AF-93B3-E57EFBE2D2D6}"
EndProject
Project("{8BC9CEB8-8B4A-11D0-8D11-00A0C91BC942}") = "NotModified", "NotModified\NotModified.vcproj", "{25738E8C-00E7-4FDA-9473-829825008D18}"
EndProject
Project("{8BC9CEB8-8B4A-11D0-8D11-00A0C91BC942}") = "SetCookies", "SetCookies\SetCookies.vcproj", "{7386F951-965C-4EDD-8FA7-D67533251A25}"
EndProject
Project("{8BC9CEB8-8B4A-11D0-8D11-00A0C91BC942}") = "ShowAccept", "ShowAccept\ShowAccept.vcproj", "{3801E4B1-A6CA-48B9-824A-61D9FCB7E6F4}"
EndProject
Project("{8BC9CEB8-8B4A-11D0-8D11-00A0C91BC942}") = "ShowBrowser", "ShowBrowser\ShowBrowser.vcproj", "{11A4247F-7159-4ED6-96AE-8E39ACCD9D92}"
EndProject
Project("{8BC9CEB8-8B4A-11D0-8D11-00A0C91BC942}") = "ShowCookies", "ShowCookies\ShowCookies.vcproj", "{B10ACFA1-7F14-46C5-959F-B51C1E2D5358}"
EndProject
Project("{8BC9CEB8-8B4A-11D0-8D11-00A0C91BC942}") = "ShowErrors", "ShowErrors\ShowErrors.vcproj", "{65D8DC47-48FF-43FB-BB3C-8FBA86E1EE26}"
EndProject
Project("{8BC9CEB8-8B4A-11D0-8D11-00A0C91BC942}") = "ShowFiles", "ShowFiles\ShowFiles.vcproj", "{6DDB6C2D-CEF9-4824-BAA6-CF740C12AD22}"
EndProject
Project("{8BC9CEB8-8B4A-11D0-8D11-00A0C91BC942}") = "ShowForm", "ShowForm\ShowForm.vcproj", "{CA421DFD-C51C-427D-A67D-962EB8F145B0}"
EndProject
Project("{8BC9CEB8-8B4A-11D0-8D11-00A0C91BC942}") = "ShowImage", "ShowImage\ShowImage.vcproj", "{8537A3E7-6C9D-4C08-A109-6D5BC2BDE361}"
EndProject
Project("{8BC9CEB8-8B4A-11D0-8D11-00A0C91BC942}") = "ShowLocalized", "ShowLocalized\ShowLocalized.vcproj", "{A0DBF423-4860-40A9-ADAF-6C5013BCA988}"
EndProject
Project("{8BC9CEB8-8B4A-11D0-8D11-00A0C91BC942}") = "ShowQueryString", "ShowQueryString\ShowQueryString.vcproj", "{470D6B83-3329-409A-9F08-52FDBF871D86}"
EndProject
Project("{8BC9CEB8-8B4A-11D0-8D11-00A0C91BC942}") = "ShowRequest", "ShowRequest\ShowRequest.vcproj", "{1581C334-86C2-4B32-AC59-5B08202E2CAA}"
EndProject
Project("{8BC9CEB8-8B4A-11D0-8D11-00A0C91BC942}") = "ShowSession", "ShowSession\ShowSession.vcproj", "{FA6CE303-1EA4-4A39-ADD7-4F3D04A6DFBF}"
EndProject
Project("{8BC9CEB8-8B4A-11D0-8D11-00A0C91BC942}") = "ShowUser", "ShowUser\ShowUser.vcproj", "{0243BB0E-CEE3-483D-B1E2-21F7C0FC9CA5}"
EndProject
Project("{8BC9CEB8-8B4A-11D0-8D11-00A0C91BC942}") = "ShowVariables", "ShowVariables\ShowVariables.vcproj", "{ABC54D53-9021-4282-A50D-A5C498926A0E}"
EndProject
Global
	GlobalSection(SolutionConfiguration) = preSolution
		ConfigName.0 = Debug
		ConfigName.1 = Release
	EndGlobalSection
	GlobalSection(ProjectDependencies) = postSolution
	EndGlobalSection
	GlobalSection(ProjectConfiguration) = postSolution
		{DD9C2C26-EF99-43AC-904F-F5DD338F6714}.Debug.ActiveCfg = Debug|Win32
		{DD9C2C26-EF99-43AC-904F-F5DD338F6714}.Debug.Build.0 = Debug|Win32
		{DD9C2C26-EF99-43AC-904F-F5DD338F6714}.Release.ActiveCfg = Release|Win32
		{DD9C2C26-EF99-43AC-904F-F5DD338F6714}.Release.Build.0 = Release|Win32
		{C4A035E8-9513-4A53-B3E5-8577BF039805}.Debug.ActiveCfg = Debug|Win32
		{C4A035E8-9513-4A53-B3E5-8577BF039805}.Debug.Build.0 = Debug|Win32
		{C4A035E8-9513-4A53-B3E5-8577BF039805}.Release.ActiveCfg = Release|Win32
		{C4A035E8-9513-4A53-B3E5-8577BF039805}.Release.Build.0 = Release|Win32
		{7B5CB873-A440-4D18-A96C-7EC651AC0FBD}.Debug.ActiveCfg = Debug|Win32
		{7B5CB873-A440-4D18-A96C-7EC651AC0FBD}.Debug.Build.0 = Debug|Win32
		{7B5CB873-A440-4D18-A96C-7EC651AC0FBD}.Release.ActiveCfg = Release|Win32
		{7B5CB873-A440-4D18-A96C-7EC651AC0FBD}.Release.Build.0 = Release|Win32
		{3DC999C1-214B-4047-8FDF-9D9D72739175}.Debug.ActiveCfg = Debug|Win32
		{3DC999C1-214B-4047-8FDF-9D9D72739175}.Debug.Build.0 = Debug|Win32
		{3DC999C1-214B-4047-8FDF-9D9D72739175}.Release.ActiveCfg = Release|Win32
		{3DC999C1-214B-4047-8FDF-9D9D72739175}.Release.Build.0 = Release|Win32
		{7C39C7BC-DDFF-44AF-93B3-E57EFBE2D2D6}.Debug.ActiveCfg = Debug|Win32
		{7C39C7BC-DDFF-44AF-93B3-E57EFBE2D2D6}.Debug.Build.0 = Debug|Win32
		{7C39C7BC-DDFF-44AF-93B3-E57EFBE2D2D6}.Release.ActiveCfg = Release|Win32
		{7C39C7BC-DDFF-44AF-93B3-E57EFBE2D2D6}.Release.Build.0 = Release|Win32
		{25738E8C-00E7-4FDA-9473-829825008D18}.Debug.ActiveCfg = Debug|Win32
		{25738E8C-00E7-4FDA-9473-829825008D18}.Debug.Build.0 = Debug|Win32
		{25738E8C-00E7-4FDA-9473-829825008D18}.Release.ActiveCfg = Release|Win32
		{25738E8C-00E7-4FDA-9473-829825008D18}.Release.Build.0 = Release|Win32
		{7386F951-965C-4EDD-8FA7-D67533251A25}.Debug.ActiveCfg = Debug|Win32
		{7386F951-965C-4EDD-8FA7-D67533251A25}.Debug.Build.0 = Debug|Win32
		{7386F951-965C-4EDD-8FA7-D67533251A25}.Release.ActiveCfg = Release|Win32
		{7386F951-965C-4EDD-8FA7-D67533251A25}.Release.Build.0 = Release|Win32
		{3801E4B1-A6CA-48B9-824A-61D9FCB7E6F4}.Debug.ActiveCfg = Debug|Win32
		{3801E4B1-A6CA-48B9-824A-61D9FCB7E6F4}.Debug.Build.0 = Debug|Win32
		{3801E4B1-A6CA-48B9-824A-61D9FCB7E6F4}.Release.ActiveCfg = Release|Win32
		{3801E4B1-A6CA-48B9-824A-61D9FCB7E6F4}.Release.Build.0 = Release|Win32
		{11A4247F-7159-4ED6-96AE-8E39ACCD9D92}.Debug.ActiveCfg = Debug|Win32
		{11A4247F-7159-4ED6-96AE-8E39ACCD9D92}.Debug.Build.0 = Debug|Win32
		{11A4247F-7159-4ED6-96AE-8E39ACCD9D92}.Release.ActiveCfg = Release|Win32
		{11A4247F-7159-4ED6-96AE-8E39ACCD9D92}.Release.Build.0 = Release|Win32
		{B10ACFA1-7F14-46C5-959F-B51C1E2D5358}.Debug.ActiveCfg = Debug|Win32
		{B10ACFA1-7F14-46C5-959F-B51C1E2D5358}.Debug.Build.0 = Debug|Win32
		{B10ACFA1-7F14-46C5-959F-B51C1E2D5358}.Release.ActiveCfg = Release|Win32
		{B10ACFA1-7F14-46C5-959F-B51C1E2D5358}.Release.Build.0 = Release|Win32
		{65D8DC47-48FF-43FB-BB3C-8FBA86E1EE26}.Debug.ActiveCfg = Debug|Win32
		{65D8DC47-48FF-43FB-BB3C-8FBA86E1EE26}.Debug.Build.0 = Debug|Win32
		{65D8DC47-48FF-43FB-BB3C-8FBA86E1EE26}.Release.ActiveCfg = Release|Win32
		{65D8DC47-48FF-43FB-BB3C-8FBA86E1EE26}.Release.Build.0 = Release|Win32
		{6DDB6C2D-CEF9-4824-BAA6-CF740C12AD22}.Debug.ActiveCfg = Debug|Win32
		{6DDB6C2D-CEF9-4824-BAA6-CF740C12AD22}.Debug.Build.0 = Debug|Win32
		{6DDB6C2D-CEF9-4824-BAA6-CF740C12AD22}.Release.ActiveCfg = Release|Win32
		{6DDB6C2D-CEF9-4824-BAA6-CF740C12AD22}.Release.Build.0 = Release|Win32
		{CA421DFD-C51C-427D-A67D-962EB8F145B0}.Debug.ActiveCfg = Debug|Win32
		{CA421DFD-C51C-427D-A67D-962EB8F145B0}.Debug.Build.0 = Debug|Win32
		{CA421DFD-C51C-427D-A67D-962EB8F145B0}.Release.ActiveCfg = Release|Win32
		{CA421DFD-C51C-427D-A67D-962EB8F145B0}.Release.Build.0 = Release|Win32
		{8537A3E7-6C9D-4C08-A109-6D5BC2BDE361}.Debug.ActiveCfg = Debug|Win32
		{8537A3E7-6C9D-4C08-A109-6D5BC2BDE361}.Debug.Build.0 = Debug|Win32
		{8537A3E7-6C9D-4C08-A109-6D5BC2BDE361}.Release.ActiveCfg = Release|Win32
		{8537A3E7-6C9D-4C08-A109-6D5BC2BDE361}.Release.Build.0 = Release|Win32
		{A0DBF423-4860-40A9-ADAF-6C5013BCA988}.Debug.ActiveCfg = Debug|Win32
		{A0DBF423-4860-40A9-ADAF-6C5013BCA988}.Debug.Build.0 = Debug|Win32
		{A0DBF423-4860-40A9-ADAF-6C5013BCA988}.Release.ActiveCfg = Release|Win32
		{A0DBF423-4860-40A9-ADAF-6C5013BCA988}.Release.Build.0 = Release|Win32
		{470D6B83-3329-409A-9F08-52FDBF871D86}.Debug.ActiveCfg = Debug|Win32
		{470D6B83-3329-409A-9F08-52FDBF871D86}.Debug.Build.0 = Debug|Win32
		{470D6B83-3329-409A-9F08-52FDBF871D86}.Release.ActiveCfg = Release|Win32
		{470D6B83-3329-409A-9F08-52FDBF871D86}.Release.Build.0 = Release|Win32
		{1581C334-86C2-4B32-AC59-5B08202E2CAA}.Debug.ActiveCfg = Debug|Win32
		{1581C334-86C2-4B32-AC59-5B08202E2CAA}.Debug.Build.0 = Debug|Win32
		{1581C334-86C2-4B32-AC59-5B08202E2CAA}.Release.ActiveCfg = Release|Win32
		{1581C334-86C2-4B32-AC59-5B08202E2CAA}.Release.Build.0 = Release|Win32
		{FA6CE303-1EA4-4A39-ADD7-4F3D04A6DFBF}.Debug.ActiveCfg = Debug|Win32
		{FA6CE303-1EA4-4A39-ADD7-4F3D04A6DFBF}.Debug.Build.0 = Debug|Win32
		{FA6CE303-1EA4-4A39-ADD7-4F3D04A6DFBF}.Release.ActiveCfg = Release|Win32
		{FA6CE303-1EA4-4A39-ADD7-4F3D04A6DFBF}.Release.Build.0 = Release|Win32
		{0243BB0E-CEE3-483D-B1E2-21F7C0FC9CA5}.Debug.ActiveCfg = Debug|Win32
		{0243BB0E-CEE3-483D-B1E2-21F7C0FC9CA5}.Debug.Build.0 = Debug|Win32
		{0243BB0E-CEE3-483D-B1E2-21F7C0FC9CA5}.Release.ActiveCfg = Release|Win32
		{0243BB0E-CEE3-483D-B1E2-21F7C0FC9CA5}.Release.Build.0 = Release|Win32
		{ABC54D53-9021-4282-A50D-A5C498926A0E}.Debug.ActiveCfg = Debug|Win32
		{ABC54D53-9021-4282-A50D-A5C498926A0E}.Debug.Build.0 = Debug|Win32
		{ABC54D53-9021-4282-A50D-A5C498926A0E}.Release.ActiveCfg = Release|Win32
		{ABC54D53-9021-4282-A50D-A5C498926A0E}.Release.Build.0 = Release|Win32
	EndGlobalSection
	GlobalSection(SolutionItems) = postSolution
		Item:1 = VCUE\VCUE_Accept.h
		Item:2 = VCUE\VCUE_API.h
		Item:3 = VCUE\VCUE_ATLServerSample.h
		Item:4 = VCUE\VCUE_COM.h
		Item:5 = VCUE\VCUE_Conversion.h
		Item:6 = VCUE\VCUE_Encode.h
		Item:7 = VCUE\VCUE_Encrypt.h
		Item:8 = VCUE\VCUE_ErrorProvider.h
		Item:9 = VCUE\VCUE_ErrorString.h
		Item:10 = VCUE\VCUE_FileStream.h
		Item:11 = VCUE\VCUE_Locale.h
		Item:12 = VCUE\VCUE_OLEDBClient.h
		Item:13 = VCUE\VCUE_Photonicity.h
		Item:14 = VCUE\VCUE_Request.h
		Item:15 = VCUE\VCUE_RequestHandler.h
		Item:16 = VCUE\VCUE_Response.h
		Item:17 = VCUE\VCUE_ServerContext.h
		Item:18 = VCUE\VCUE_Time.h
	EndGlobalSection
	GlobalSection(ExtensibilityGlobals) = postSolution
	EndGlobalSection
	GlobalSection(ExtensibilityAddIns) = postSolution
	EndGlobalSection
EndGlobal
