Microsoft Visual Studio Solution File, Format Version 7.00
Project("{FAE04EC0-301F-11D3-BF4B-00C04F79EFBC}") = "Client", ".\Client\Client.csproj", "{7C137507-5690-415E-92F8-192E42D37067}"
EndProject
Project("{FAE04EC0-301F-11D3-BF4B-00C04F79EFBC}") = "Listener", ".\Listener\Listener.csproj", "{BA6BC8EC-A76F-4509-B79D-B3E3154F0200}"
EndProject
Global
	GlobalSection(SolutionConfiguration) = preSolution
		ConfigName.0 = Debug
		ConfigName.1 = Release
	EndGlobalSection
	GlobalSection(ProjectDependencies) = postSolution
	EndGlobalSection
	GlobalSection(ProjectConfiguration) = postSolution
		{7C137507-5690-415E-92F8-192E42D37067}.Debug.ActiveCfg = Debug|.NET
		{7C137507-5690-415E-92F8-192E42D37067}.Debug.Build.0 = Debug|.NET
		{7C137507-5690-415E-92F8-192E42D37067}.Release.ActiveCfg = Release|.NET
		{7C137507-5690-415E-92F8-192E42D37067}.Release.Build.0 = Release|.NET
		{BA6BC8EC-A76F-4509-B79D-B3E3154F0200}.Debug.ActiveCfg = Debug|.NET
		{BA6BC8EC-A76F-4509-B79D-B3E3154F0200}.Debug.Build.0 = Debug|.NET
		{BA6BC8EC-A76F-4509-B79D-B3E3154F0200}.Release.ActiveCfg = Release|.NET
		{BA6BC8EC-A76F-4509-B79D-B3E3154F0200}.Release.Build.0 = Release|.NET
	EndGlobalSection
	GlobalSection(ExtensibilityGlobals) = postSolution
	EndGlobalSection
	GlobalSection(ExtensibilityAddIns) = postSolution
	EndGlobalSection
EndGlobal
