
Microsoft Visual Studio Solution File, Format Version 9.00
# Visual Studio 2005
Project("{FAE04EC0-301F-11D3-BF4B-00C04F79EFBC}") = "teststub", "teststub\teststub.csproj", "{D399FDBD-7FE4-4836-B886-8C1843E68D43}"
EndProject
Project("{FAE04EC0-301F-11D3-BF4B-00C04F79EFBC}") = "BE.pinvoke2006", "BE.pinvoke2006\BE.pinvoke2006.csproj", "{3C9140EA-805A-4FD6-8DCD-FE33C57B1871}"
EndProject
Project("{54435603-DBB4-11D2-8724-00A0C9A8B90C}") = "BE.pinvoke2006.Setup", "BE.pinvoke2006.Setup\BE.pinvoke2006.Setup.vdproj", "{3B1972FB-FCF2-4877-91EE-5D8EE9FF7DDC}"
EndProject
Global
	GlobalSection(SolutionConfigurationPlatforms) = preSolution
		Debug|Any CPU = Debug|Any CPU
		Release|Any CPU = Release|Any CPU
	EndGlobalSection
	GlobalSection(ProjectConfigurationPlatforms) = postSolution
		{D399FDBD-7FE4-4836-B886-8C1843E68D43}.Debug|Any CPU.ActiveCfg = Debug|Any CPU
		{D399FDBD-7FE4-4836-B886-8C1843E68D43}.Debug|Any CPU.Build.0 = Debug|Any CPU
		{D399FDBD-7FE4-4836-B886-8C1843E68D43}.Release|Any CPU.ActiveCfg = Release|Any CPU
		{D399FDBD-7FE4-4836-B886-8C1843E68D43}.Release|Any CPU.Build.0 = Release|Any CPU
		{3C9140EA-805A-4FD6-8DCD-FE33C57B1871}.Debug|Any CPU.ActiveCfg = Debug|Any CPU
		{3C9140EA-805A-4FD6-8DCD-FE33C57B1871}.Debug|Any CPU.Build.0 = Debug|Any CPU
		{3C9140EA-805A-4FD6-8DCD-FE33C57B1871}.Release|Any CPU.ActiveCfg = Release|Any CPU
		{3C9140EA-805A-4FD6-8DCD-FE33C57B1871}.Release|Any CPU.Build.0 = Release|Any CPU
		{3B1972FB-FCF2-4877-91EE-5D8EE9FF7DDC}.Debug|Any CPU.ActiveCfg = Debug
		{3B1972FB-FCF2-4877-91EE-5D8EE9FF7DDC}.Release|Any CPU.ActiveCfg = Release
	EndGlobalSection
	GlobalSection(SolutionProperties) = preSolution
		HideSolutionNode = FALSE
	EndGlobalSection
EndGlobal
