Microsoft Visual Studio Solution File, Format Version 8.00
Project("{FAE04EC0-301F-11D3-BF4B-00C04F79EFBC}") = "Host", "Host.csproj", "{7D545A5C-2F23-43CC-94CA-5E0DC840A82A}"
	ProjectSection(ProjectDependencies) = postProject
	EndProjectSection
EndProject
Global
	GlobalSection(SolutionConfiguration) = preSolution
		Debug = Debug
		Release = Release
	EndGlobalSection
	GlobalSection(ProjectConfiguration) = postSolution
		{7D545A5C-2F23-43CC-94CA-5E0DC840A82A}.Debug.ActiveCfg = Debug|.NET
		{7D545A5C-2F23-43CC-94CA-5E0DC840A82A}.Debug.Build.0 = Debug|.NET
		{7D545A5C-2F23-43CC-94CA-5E0DC840A82A}.Release.ActiveCfg = Release|.NET
		{7D545A5C-2F23-43CC-94CA-5E0DC840A82A}.Release.Build.0 = Release|.NET
	EndGlobalSection
	GlobalSection(ExtensibilityGlobals) = postSolution
	EndGlobalSection
	GlobalSection(ExtensibilityAddIns) = postSolution
	EndGlobalSection
EndGlobal
