Microsoft Visual Studio Solution File, Format Version 7.00
Project("{8BC9CEB8-8B4A-11D0-8D11-00A0C91BC942}") = "Mailer", "Mailer.vcproj", "{86842C3D-0461-41C9-862D-427FA40BB528}"
EndProject
Project("{8BC9CEB8-8B4A-11D0-8D11-00A0C91BC942}") = "MyIsapiIsapi", "MyIsapiIsapi\MyIsapiIsapi.vcproj", "{CF979BA0-D349-46DF-B6C4-ABFF5FEB2D2A}"
EndProject
Global
	GlobalSection(SolutionConfiguration) = preSolution
		ConfigName.0 = Debug
		ConfigName.1 = Release
	EndGlobalSection
	GlobalSection(ProjectDependencies) = postSolution
	EndGlobalSection
	GlobalSection(ProjectConfiguration) = postSolution
		{86842C3D-0461-41C9-862D-427FA40BB528}.Debug.ActiveCfg = Debug|Win32
		{86842C3D-0461-41C9-862D-427FA40BB528}.Debug.Build.0 = Debug|Win32
		{86842C3D-0461-41C9-862D-427FA40BB528}.Release.ActiveCfg = Release|Win32
		{86842C3D-0461-41C9-862D-427FA40BB528}.Release.Build.0 = Release|Win32
		{CF979BA0-D349-46DF-B6C4-ABFF5FEB2D2A}.Debug.ActiveCfg = Debug|Win32
		{CF979BA0-D349-46DF-B6C4-ABFF5FEB2D2A}.Debug.Build.0 = Debug|Win32
		{CF979BA0-D349-46DF-B6C4-ABFF5FEB2D2A}.Release.ActiveCfg = Release|Win32
		{CF979BA0-D349-46DF-B6C4-ABFF5FEB2D2A}.Release.Build.0 = Release|Win32
	EndGlobalSection
	GlobalSection(ExtensibilityGlobals) = postSolution
	EndGlobalSection
	GlobalSection(ExtensibilityAddIns) = postSolution
	EndGlobalSection
EndGlobal
