Microsoft Visual Studio Solution File, Format Version 8.00
Project("{FAE04EC0-301F-11D3-BF4B-00C04F79EFBC}") = "BizTalkWscfClient", "BizTalkWscfClient.csproj", "{71FE22EF-F886-4925-A73E-D79406EEA434}"
	ProjectSection(ProjectDependencies) = postProject
	EndProjectSection
EndProject
Project("{54435603-DBB4-11D2-8724-00A0C9A8B90C}") = "BizTalkWscfClientSetup", "BizTalkWscfClientSetup\BizTalkWscfClientSetup.vdproj", "{DD316A72-95F0-41CA-82D8-2228DB66F4E7}"
	ProjectSection(ProjectDependencies) = postProject
	EndProjectSection
EndProject
Project("{8BC9CEB8-8B4A-11D0-8D11-00A0C91BC942}") = "BizTalkWscfUi", "BizTalkWscfUi\BizTalkWscfUi.vcproj", "{E7E4BEAE-2422-4E12-B70E-E1775541E5B3}"
	ProjectSection(ProjectDependencies) = postProject
	EndProjectSection
EndProject
Global
	GlobalSection(SolutionConfiguration) = preSolution
		Debug = Debug
		Release = Release
	EndGlobalSection
	GlobalSection(ProjectConfiguration) = postSolution
		{71FE22EF-F886-4925-A73E-D79406EEA434}.Debug.ActiveCfg = Release|.NET
		{71FE22EF-F886-4925-A73E-D79406EEA434}.Debug.Build.0 = Release|.NET
		{71FE22EF-F886-4925-A73E-D79406EEA434}.Release.ActiveCfg = Release|.NET
		{71FE22EF-F886-4925-A73E-D79406EEA434}.Release.Build.0 = Release|.NET
		{DD316A72-95F0-41CA-82D8-2228DB66F4E7}.Debug.ActiveCfg = Release
		{DD316A72-95F0-41CA-82D8-2228DB66F4E7}.Debug.Build.0 = Release
		{DD316A72-95F0-41CA-82D8-2228DB66F4E7}.Release.ActiveCfg = Release
		{E7E4BEAE-2422-4E12-B70E-E1775541E5B3}.Debug.ActiveCfg = Release|Win32
		{E7E4BEAE-2422-4E12-B70E-E1775541E5B3}.Debug.Build.0 = Release|Win32
		{E7E4BEAE-2422-4E12-B70E-E1775541E5B3}.Release.ActiveCfg = Release|Win32
		{E7E4BEAE-2422-4E12-B70E-E1775541E5B3}.Release.Build.0 = Release|Win32
	EndGlobalSection
	GlobalSection(ExtensibilityGlobals) = postSolution
	EndGlobalSection
	GlobalSection(ExtensibilityAddIns) = postSolution
	EndGlobalSection
EndGlobal
