Microsoft Visual Studio Solution File, Format Version 8.00
Project("{FAE04EC0-301F-11D3-BF4B-00C04F79EFBC}") = "How-To Working With GDI+ - Text", "How-To Working With GDI+ - Text.csproj", "{958C7110-4740-4868-A40A-26F46782EF1F}"
	ProjectSection(ProjectDependencies) = postProject
	EndProjectSection
EndProject
Global
	GlobalSection(SolutionConfiguration) = preSolution
		Debug = Debug
		Release = Release
	EndGlobalSection
	GlobalSection(ProjectConfiguration) = postSolution
		{958C7110-4740-4868-A40A-26F46782EF1F}.Debug.ActiveCfg = Debug|.NET
		{958C7110-4740-4868-A40A-26F46782EF1F}.Debug.Build.0 = Debug|.NET
		{958C7110-4740-4868-A40A-26F46782EF1F}.Release.ActiveCfg = Release|.NET
		{958C7110-4740-4868-A40A-26F46782EF1F}.Release.Build.0 = Release|.NET
	EndGlobalSection
	GlobalSection(ExtensibilityGlobals) = postSolution
	EndGlobalSection
	GlobalSection(ExtensibilityAddIns) = postSolution
	EndGlobalSection
EndGlobal
