Microsoft Visual Studio Solution File, Format Version 7.00
Project("{FAE04EC0-301F-11D3-BF4B-00C04F79EFBC}") = "CreateWordAssembly", "CreateWordAssembly\CreateWordAssembly.csproj", "{C965A628-4962-497D-AA21-CABAC93FEAE7}"
EndProject
Project("{FAE04EC0-301F-11D3-BF4B-00C04F79EFBC}") = "Example1", "Example1\Example1.csproj", "{078671EF-4070-4D4E-8B36-EBF0E47CB71C}"
EndProject
Project("{8BC9CEB8-8B4A-11D0-8D11-00A0C91BC942}") = "RunCreateWordAssembly", "RunCreateWordAssembly\RunCreateWordAssembly.vcproj", "{823E0EE6-3ABB-4A12-B261-0BC0E92C2BBD}"
EndProject
Project("{FAE04EC0-301F-11D3-BF4B-00C04F79EFBC}") = "Example2", "Example2\Example2.csproj", "{6398DE32-B59D-4EB9-A4F6-3DB3A1D86C6B}"
EndProject
Project("{FAE04EC0-301F-11D3-BF4B-00C04F79EFBC}") = "Example3", "Example3\Example3.csproj", "{DE8637EB-EA9C-48A1-8AF8-E3CBD6221B37}"
EndProject
Project("{FAE04EC0-301F-11D3-BF4B-00C04F79EFBC}") = "Example4", "Example4\Example4.csproj", "{87685853-99A5-44EF-A08A-BA48E7512F03}"
EndProject
Global
	GlobalSection(SolutionConfiguration) = preSolution
		ConfigName.0 = Debug
		ConfigName.1 = Release
	EndGlobalSection
	GlobalSection(ProjectDependencies) = postSolution
		{078671EF-4070-4D4E-8B36-EBF0E47CB71C}.0 = {C965A628-4962-497D-AA21-CABAC93FEAE7}
		{078671EF-4070-4D4E-8B36-EBF0E47CB71C}.1 = {823E0EE6-3ABB-4A12-B261-0BC0E92C2BBD}
		{823E0EE6-3ABB-4A12-B261-0BC0E92C2BBD}.0 = {C965A628-4962-497D-AA21-CABAC93FEAE7}
		{6398DE32-B59D-4EB9-A4F6-3DB3A1D86C6B}.0 = {C965A628-4962-497D-AA21-CABAC93FEAE7}
		{6398DE32-B59D-4EB9-A4F6-3DB3A1D86C6B}.1 = {823E0EE6-3ABB-4A12-B261-0BC0E92C2BBD}
		{DE8637EB-EA9C-48A1-8AF8-E3CBD6221B37}.0 = {C965A628-4962-497D-AA21-CABAC93FEAE7}
		{DE8637EB-EA9C-48A1-8AF8-E3CBD6221B37}.1 = {823E0EE6-3ABB-4A12-B261-0BC0E92C2BBD}
		{87685853-99A5-44EF-A08A-BA48E7512F03}.0 = {C965A628-4962-497D-AA21-CABAC93FEAE7}
		{87685853-99A5-44EF-A08A-BA48E7512F03}.1 = {823E0EE6-3ABB-4A12-B261-0BC0E92C2BBD}
	EndGlobalSection
	GlobalSection(ProjectConfiguration) = postSolution
		{C965A628-4962-497D-AA21-CABAC93FEAE7}.Debug.ActiveCfg = Debug|.NET
		{C965A628-4962-497D-AA21-CABAC93FEAE7}.Debug.Build.0 = Debug|.NET
		{C965A628-4962-497D-AA21-CABAC93FEAE7}.Release.ActiveCfg = Release|.NET
		{C965A628-4962-497D-AA21-CABAC93FEAE7}.Release.Build.0 = Release|.NET
		{078671EF-4070-4D4E-8B36-EBF0E47CB71C}.Debug.ActiveCfg = Debug|.NET
		{078671EF-4070-4D4E-8B36-EBF0E47CB71C}.Debug.Build.0 = Debug|.NET
		{078671EF-4070-4D4E-8B36-EBF0E47CB71C}.Release.ActiveCfg = Release|.NET
		{078671EF-4070-4D4E-8B36-EBF0E47CB71C}.Release.Build.0 = Release|.NET
		{823E0EE6-3ABB-4A12-B261-0BC0E92C2BBD}.Debug.ActiveCfg = Debug|Win32
		{823E0EE6-3ABB-4A12-B261-0BC0E92C2BBD}.Debug.Build.0 = Debug|Win32
		{823E0EE6-3ABB-4A12-B261-0BC0E92C2BBD}.Release.ActiveCfg = Release|Win32
		{823E0EE6-3ABB-4A12-B261-0BC0E92C2BBD}.Release.Build.0 = Release|Win32
		{6398DE32-B59D-4EB9-A4F6-3DB3A1D86C6B}.Debug.ActiveCfg = Debug|.NET
		{6398DE32-B59D-4EB9-A4F6-3DB3A1D86C6B}.Debug.Build.0 = Debug|.NET
		{6398DE32-B59D-4EB9-A4F6-3DB3A1D86C6B}.Release.ActiveCfg = Release|.NET
		{6398DE32-B59D-4EB9-A4F6-3DB3A1D86C6B}.Release.Build.0 = Release|.NET
		{DE8637EB-EA9C-48A1-8AF8-E3CBD6221B37}.Debug.ActiveCfg = Debug|.NET
		{DE8637EB-EA9C-48A1-8AF8-E3CBD6221B37}.Debug.Build.0 = Debug|.NET
		{DE8637EB-EA9C-48A1-8AF8-E3CBD6221B37}.Release.ActiveCfg = Release|.NET
		{DE8637EB-EA9C-48A1-8AF8-E3CBD6221B37}.Release.Build.0 = Release|.NET
		{87685853-99A5-44EF-A08A-BA48E7512F03}.Debug.ActiveCfg = Debug|.NET
		{87685853-99A5-44EF-A08A-BA48E7512F03}.Debug.Build.0 = Debug|.NET
		{87685853-99A5-44EF-A08A-BA48E7512F03}.Release.ActiveCfg = Release|.NET
		{87685853-99A5-44EF-A08A-BA48E7512F03}.Release.Build.0 = Release|.NET
	EndGlobalSection
	GlobalSection(ExtensibilityGlobals) = postSolution
	EndGlobalSection
	GlobalSection(ExtensibilityAddIns) = postSolution
	EndGlobalSection
EndGlobal
