
Microsoft Visual Studio Solution File, Format Version 9.00
# Visual Studio 2005
Project("{F184B08F-C81C-45F6-A57F-5ABD9991F28F}") = "UsingWebBrowser", "UsingWebBrowser\UsingWebBrowser.vbproj", "{28DA8551-4BC4-4A28-B598-FBA0ACEE294B}"
EndProject
Global
	GlobalSection(SolutionConfigurationPlatforms) = preSolution
		Debug|Any CPU = Debug|Any CPU
		Release|Any CPU = Release|Any CPU
	EndGlobalSection
	GlobalSection(ProjectConfigurationPlatforms) = postSolution
		{28DA8551-4BC4-4A28-B598-FBA0ACEE294B}.Debug|Any CPU.ActiveCfg = Debug|Any CPU
		{28DA8551-4BC4-4A28-B598-FBA0ACEE294B}.Debug|Any CPU.Build.0 = Debug|Any CPU
		{28DA8551-4BC4-4A28-B598-FBA0ACEE294B}.Release|Any CPU.ActiveCfg = Release|Any CPU
		{28DA8551-4BC4-4A28-B598-FBA0ACEE294B}.Release|Any CPU.Build.0 = Release|Any CPU
	EndGlobalSection
	GlobalSection(SolutionProperties) = preSolution
		HideSolutionNode = FALSE
	EndGlobalSection
EndGlobal
