Microsoft Visual Studio Solution File, Format Version 8.00
Project("{FAE04EC0-301F-11D3-BF4B-00C04F79EFBC}") = "Server", "Server.csproj", "{3A15C5B6-7F73-42BC-8EC8-C0C5EC7C984A}"
	ProjectSection(ProjectDependencies) = postProject
	EndProjectSection
EndProject
Global
	GlobalSection(SolutionConfiguration) = preSolution
		Debug = Debug
		Release = Release
	EndGlobalSection
	GlobalSection(ProjectConfiguration) = postSolution
		{3A15C5B6-7F73-42BC-8EC8-C0C5EC7C984A}.Debug.ActiveCfg = Debug|.NET
		{3A15C5B6-7F73-42BC-8EC8-C0C5EC7C984A}.Debug.Build.0 = Debug|.NET
		{3A15C5B6-7F73-42BC-8EC8-C0C5EC7C984A}.Release.ActiveCfg = Release|.NET
		{3A15C5B6-7F73-42BC-8EC8-C0C5EC7C984A}.Release.Build.0 = Release|.NET
	EndGlobalSection
	GlobalSection(ExtensibilityGlobals) = postSolution
	EndGlobalSection
	GlobalSection(ExtensibilityAddIns) = postSolution
	EndGlobalSection
EndGlobal
