Microsoft Visual Studio Solution File, Format Version 7.00
Project("{F184B08F-C81C-45F6-A57F-5ABD9991F28F}") = "AsyncWebService", "http://localhost/AsyncWebService/AsyncWebService.vbproj", "{54F831AD-69BB-4971-B512-B2950390D4EA}"
EndProject
Project("{F184B08F-C81C-45F6-A57F-5ABD9991F28F}") = "AsyncTestClient", "AsyncTestClient\AsyncTestClient.vbproj", "{9CB7A4D3-4DA4-4034-A8D7-C82015B72C82}"
EndProject
Global
	GlobalSection(SolutionConfiguration) = preSolution
		ConfigName.0 = Debug
		ConfigName.1 = Release
	EndGlobalSection
	GlobalSection(ProjectDependencies) = postSolution
	EndGlobalSection
	GlobalSection(ProjectConfiguration) = postSolution
		{54F831AD-69BB-4971-B512-B2950390D4EA}.Debug.ActiveCfg = Debug|.NET
		{54F831AD-69BB-4971-B512-B2950390D4EA}.Debug.Build.0 = Debug|.NET
		{54F831AD-69BB-4971-B512-B2950390D4EA}.Release.ActiveCfg = Release|.NET
		{54F831AD-69BB-4971-B512-B2950390D4EA}.Release.Build.0 = Release|.NET
		{9CB7A4D3-4DA4-4034-A8D7-C82015B72C82}.Debug.ActiveCfg = Debug|.NET
		{9CB7A4D3-4DA4-4034-A8D7-C82015B72C82}.Debug.Build.0 = Debug|.NET
		{9CB7A4D3-4DA4-4034-A8D7-C82015B72C82}.Release.ActiveCfg = Release|.NET
		{9CB7A4D3-4DA4-4034-A8D7-C82015B72C82}.Release.Build.0 = Release|.NET
	EndGlobalSection
	GlobalSection(ExtensibilityGlobals) = postSolution
	EndGlobalSection
	GlobalSection(ExtensibilityAddIns) = postSolution
	EndGlobalSection
EndGlobal
