
Microsoft Visual Studio Solution File, Format Version 9.00
# Visual Studio 2005
Project("{FAE04EC0-301F-11D3-BF4B-00C04F79EFBC}") = "NumberGuessFormHost", "NumberGuessFormHost\NumberGuessFormHost.csproj", "{C67A3489-1F8E-4A5E-B320-C4AA5CB6D780}"
EndProject
Project("{FAE04EC0-301F-11D3-BF4B-00C04F79EFBC}") = "NumberGuessWorkflowLibrary", "NumberGuessWorkflowLibrary\NumberGuessWorkflowLibrary.csproj", "{BDFA645D-D1E9-4F4F-A94D-70D9678E1D31}"
EndProject
Project("{FAE04EC0-301F-11D3-BF4B-00C04F79EFBC}") = "NumberGuessLocalServices", "NumberGuessLocalServices\NumberGuessLocalServices.csproj", "{228405C4-E7A8-4E93-B2A8-39A06369D8D3}"
EndProject
Project("{FAE04EC0-301F-11D3-BF4B-00C04F79EFBC}") = "UpdateRunningWFs", "UpdateRunningWFs\UpdateRunningWFs.csproj", "{C5F40CC8-F78F-41AB-92D5-3A3A61666DD8}"
EndProject
Global
	GlobalSection(SolutionConfigurationPlatforms) = preSolution
		Debug|Any CPU = Debug|Any CPU
		Release|Any CPU = Release|Any CPU
	EndGlobalSection
	GlobalSection(ProjectConfigurationPlatforms) = postSolution
		{C67A3489-1F8E-4A5E-B320-C4AA5CB6D780}.Debug|Any CPU.ActiveCfg = Debug|Any CPU
		{C67A3489-1F8E-4A5E-B320-C4AA5CB6D780}.Debug|Any CPU.Build.0 = Debug|Any CPU
		{C67A3489-1F8E-4A5E-B320-C4AA5CB6D780}.Release|Any CPU.ActiveCfg = Release|Any CPU
		{C67A3489-1F8E-4A5E-B320-C4AA5CB6D780}.Release|Any CPU.Build.0 = Release|Any CPU
		{BDFA645D-D1E9-4F4F-A94D-70D9678E1D31}.Debug|Any CPU.ActiveCfg = Debug|Any CPU
		{BDFA645D-D1E9-4F4F-A94D-70D9678E1D31}.Debug|Any CPU.Build.0 = Debug|Any CPU
		{BDFA645D-D1E9-4F4F-A94D-70D9678E1D31}.Release|Any CPU.ActiveCfg = Release|Any CPU
		{BDFA645D-D1E9-4F4F-A94D-70D9678E1D31}.Release|Any CPU.Build.0 = Release|Any CPU
		{228405C4-E7A8-4E93-B2A8-39A06369D8D3}.Debug|Any CPU.ActiveCfg = Debug|Any CPU
		{228405C4-E7A8-4E93-B2A8-39A06369D8D3}.Debug|Any CPU.Build.0 = Debug|Any CPU
		{228405C4-E7A8-4E93-B2A8-39A06369D8D3}.Release|Any CPU.ActiveCfg = Release|Any CPU
		{228405C4-E7A8-4E93-B2A8-39A06369D8D3}.Release|Any CPU.Build.0 = Release|Any CPU
		{C5F40CC8-F78F-41AB-92D5-3A3A61666DD8}.Debug|Any CPU.ActiveCfg = Debug|Any CPU
		{C5F40CC8-F78F-41AB-92D5-3A3A61666DD8}.Debug|Any CPU.Build.0 = Debug|Any CPU
		{C5F40CC8-F78F-41AB-92D5-3A3A61666DD8}.Release|Any CPU.ActiveCfg = Release|Any CPU
		{C5F40CC8-F78F-41AB-92D5-3A3A61666DD8}.Release|Any CPU.Build.0 = Release|Any CPU
	EndGlobalSection
	GlobalSection(SolutionProperties) = preSolution
		HideSolutionNode = FALSE
	EndGlobalSection
EndGlobal
