Microsoft Visual Studio Solution File, Format Version 7.00
Project("{FAE04EC0-301F-11D3-BF4B-00C04F79EFBC}") = "ConvertCSharp2VB_Offline", "ConvertCSharp2VB_Offline.csproj", "{FDAEB758-5665-464A-B0DA-87BED43E54F5}"
EndProject
Global
	GlobalSection(SolutionConfiguration) = preSolution
		ConfigName.0 = Debug
		ConfigName.1 = Release
	EndGlobalSection
	GlobalSection(ProjectDependencies) = postSolution
	EndGlobalSection
	GlobalSection(ProjectConfiguration) = postSolution
		{FDAEB758-5665-464A-B0DA-87BED43E54F5}.Debug.ActiveCfg = Debug|.NET
		{FDAEB758-5665-464A-B0DA-87BED43E54F5}.Debug.Build.0 = Debug|.NET
		{FDAEB758-5665-464A-B0DA-87BED43E54F5}.Release.ActiveCfg = Release|.NET
		{FDAEB758-5665-464A-B0DA-87BED43E54F5}.Release.Build.0 = Release|.NET
	EndGlobalSection
	GlobalSection(ExtensibilityGlobals) = postSolution
	EndGlobalSection
	GlobalSection(ExtensibilityAddIns) = postSolution
	EndGlobalSection
EndGlobal
