Microsoft Visual Studio Solution File, Format Version 8.00
Project("{FAE04EC0-301F-11D3-BF4B-00C04F79EFBC}") = "How-To Do Simple Printing", "How-To Do Simple Printing.csproj", "{1F0B65D9-165C-4987-9F1B-5859ACC60445}"
	ProjectSection(ProjectDependencies) = postProject
	EndProjectSection
EndProject
Global
	GlobalSection(SolutionConfiguration) = preSolution
		Debug = Debug
		Release = Release
	EndGlobalSection
	GlobalSection(ProjectConfiguration) = postSolution
		{1F0B65D9-165C-4987-9F1B-5859ACC60445}.Debug.ActiveCfg = Debug|.NET
		{1F0B65D9-165C-4987-9F1B-5859ACC60445}.Debug.Build.0 = Debug|.NET
		{1F0B65D9-165C-4987-9F1B-5859ACC60445}.Release.ActiveCfg = Release|.NET
		{1F0B65D9-165C-4987-9F1B-5859ACC60445}.Release.Build.0 = Release|.NET
	EndGlobalSection
	GlobalSection(ExtensibilityGlobals) = postSolution
	EndGlobalSection
	GlobalSection(ExtensibilityAddIns) = postSolution
	EndGlobalSection
EndGlobal
