
Microsoft Visual Studio Solution File, Format Version 10.00
# Visual Studio 2008
Project("{F184B08F-C81C-45F6-A57F-5ABD9991F28F}") = "POSpec", "POSpecs\POSpec.vbproj", "{8364535A-0F79-48E9-837D-ECD0B7D97AD4}"
EndProject
Project("{E24C65DC-7377-472B-9ABA-BC803B73C61A}") = "Northwind", "Northwind\", "{2E2F809B-55B4-4D3C-87B7-05AB08330180}"
	ProjectSection(WebsiteProperties) = preProject
		SccProjectName = "Svn"
		SccAuxPath = "Svn"
		SccLocalPath = "Svn"
		SccProvider = "SubversionScc"
		TargetFramework = "3.5"
		Debug.AspNetCompiler.VirtualPath = "/Northwind"
		Debug.AspNetCompiler.PhysicalPath = "Northwind\"
		Debug.AspNetCompiler.TargetPath = "PrecompiledWeb\Northwind\"
		Debug.AspNetCompiler.Updateable = "true"
		Debug.AspNetCompiler.ForceOverwrite = "true"
		Debug.AspNetCompiler.FixedNames = "false"
		Debug.AspNetCompiler.Debug = "True"
		Release.AspNetCompiler.VirtualPath = "/Northwind"
		Release.AspNetCompiler.PhysicalPath = "Northwind\"
		Release.AspNetCompiler.TargetPath = "PrecompiledWeb\Northwind\"
		Release.AspNetCompiler.Updateable = "true"
		Release.AspNetCompiler.ForceOverwrite = "true"
		Release.AspNetCompiler.FixedNames = "false"
		Release.AspNetCompiler.Debug = "False"
		VWDPort = "50516"
		VWDDynamicPort = "false"
	EndProjectSection
EndProject
Project("{F184B08F-C81C-45F6-A57F-5ABD9991F28F}") = "SimpleHost", "SimpleHost\SimpleHost.vbproj", "{992B3012-F1B4-41F4-AFD1-53EACABD16F0}"
EndProject
Project("{F184B08F-C81C-45F6-A57F-5ABD9991F28F}") = "ContosoWorkflows", "ContosoWorkflows\ContosoWorkflows.vbproj", "{63C35B00-0604-492F-B282-3BD23B3D7177}"
EndProject
Project("{F184B08F-C81C-45F6-A57F-5ABD9991F28F}") = "FabrikamWorkflows", "FabrikamWorkflows\FabrikamWorkflows.vbproj", "{6A543561-6DCD-44E0-9602-14F6675B5CB0}"
EndProject
Project("{E24C65DC-7377-472B-9ABA-BC803B73C61A}") = "FabrikamWorkflows_WebService", "FabrikamWorkflows_WebService\", "{914172C3-D7E0-415F-BFD4-277B58869E15}"
	ProjectSection(WebsiteProperties) = preProject
		SccProjectName = "Svn"
		SccAuxPath = "Svn"
		SccLocalPath = "Svn"
		SccProvider = "SubversionScc"
		TargetFramework = "3.0"
		ProjectReferences = "{6A543561-6DCD-44E0-9602-14F6675B5CB0}|FabrikamWorkflows.dll;{8364535A-0F79-48E9-837D-ECD0B7D97AD4}|POSpecs.dll;"
		Debug.AspNetCompiler.VirtualPath = "/FabrikamWorkflows_WebService"
		Debug.AspNetCompiler.PhysicalPath = "FabrikamWorkflows_WebService\"
		Debug.AspNetCompiler.TargetPath = "PrecompiledWeb\FabrikamWorkflows_WebService\"
		Debug.AspNetCompiler.Updateable = "true"
		Debug.AspNetCompiler.ForceOverwrite = "true"
		Debug.AspNetCompiler.FixedNames = "false"
		Debug.AspNetCompiler.Debug = "True"
		Release.AspNetCompiler.VirtualPath = "/FabrikamWorkflows_WebService"
		Release.AspNetCompiler.PhysicalPath = "FabrikamWorkflows_WebService\"
		Release.AspNetCompiler.TargetPath = "PrecompiledWeb\FabrikamWorkflows_WebService\"
		Release.AspNetCompiler.Updateable = "true"
		Release.AspNetCompiler.ForceOverwrite = "true"
		Release.AspNetCompiler.FixedNames = "false"
		Release.AspNetCompiler.Debug = "False"
		VWDPort = "50557"
		VWDDynamicPort = "false"
		DefaultWebSiteLanguage = "Visual C#"
	EndProjectSection
EndProject
Global
	GlobalSection(SubversionScc) = preSolution
		Svn-Managed = True
		Manager = AnkhSVN - Subversion Support for Visual Studio
	EndGlobalSection
	GlobalSection(SolutionConfigurationPlatforms) = preSolution
		Debug|.NET = Debug|.NET
		Debug|Any CPU = Debug|Any CPU
		Debug|Mixed Platforms = Debug|Mixed Platforms
		Release|.NET = Release|.NET
		Release|Any CPU = Release|Any CPU
		Release|Mixed Platforms = Release|Mixed Platforms
	EndGlobalSection
	GlobalSection(ProjectConfigurationPlatforms) = postSolution
		{8364535A-0F79-48E9-837D-ECD0B7D97AD4}.Debug|.NET.ActiveCfg = Debug|Any CPU
		{8364535A-0F79-48E9-837D-ECD0B7D97AD4}.Debug|Any CPU.ActiveCfg = Debug|Any CPU
		{8364535A-0F79-48E9-837D-ECD0B7D97AD4}.Debug|Any CPU.Build.0 = Debug|Any CPU
		{8364535A-0F79-48E9-837D-ECD0B7D97AD4}.Debug|Mixed Platforms.ActiveCfg = Debug|Any CPU
		{8364535A-0F79-48E9-837D-ECD0B7D97AD4}.Debug|Mixed Platforms.Build.0 = Debug|Any CPU
		{8364535A-0F79-48E9-837D-ECD0B7D97AD4}.Release|.NET.ActiveCfg = Release|Any CPU
		{8364535A-0F79-48E9-837D-ECD0B7D97AD4}.Release|Any CPU.ActiveCfg = Release|Any CPU
		{8364535A-0F79-48E9-837D-ECD0B7D97AD4}.Release|Any CPU.Build.0 = Release|Any CPU
		{8364535A-0F79-48E9-837D-ECD0B7D97AD4}.Release|Mixed Platforms.ActiveCfg = Release|Any CPU
		{8364535A-0F79-48E9-837D-ECD0B7D97AD4}.Release|Mixed Platforms.Build.0 = Release|Any CPU
		{2E2F809B-55B4-4D3C-87B7-05AB08330180}.Debug|.NET.ActiveCfg = Debug|.NET
		{2E2F809B-55B4-4D3C-87B7-05AB08330180}.Debug|.NET.Build.0 = Debug|.NET
		{2E2F809B-55B4-4D3C-87B7-05AB08330180}.Debug|Any CPU.ActiveCfg = Debug|.NET
		{2E2F809B-55B4-4D3C-87B7-05AB08330180}.Debug|Mixed Platforms.ActiveCfg = Debug|.NET
		{2E2F809B-55B4-4D3C-87B7-05AB08330180}.Debug|Mixed Platforms.Build.0 = Debug|.NET
		{2E2F809B-55B4-4D3C-87B7-05AB08330180}.Release|.NET.ActiveCfg = Debug|.NET
		{2E2F809B-55B4-4D3C-87B7-05AB08330180}.Release|.NET.Build.0 = Debug|.NET
		{2E2F809B-55B4-4D3C-87B7-05AB08330180}.Release|Any CPU.ActiveCfg = Debug|.NET
		{2E2F809B-55B4-4D3C-87B7-05AB08330180}.Release|Mixed Platforms.ActiveCfg = Debug|.NET
		{2E2F809B-55B4-4D3C-87B7-05AB08330180}.Release|Mixed Platforms.Build.0 = Debug|.NET
		{992B3012-F1B4-41F4-AFD1-53EACABD16F0}.Debug|.NET.ActiveCfg = Debug|Any CPU
		{992B3012-F1B4-41F4-AFD1-53EACABD16F0}.Debug|Any CPU.ActiveCfg = Debug|Any CPU
		{992B3012-F1B4-41F4-AFD1-53EACABD16F0}.Debug|Any CPU.Build.0 = Debug|Any CPU
		{992B3012-F1B4-41F4-AFD1-53EACABD16F0}.Debug|Mixed Platforms.ActiveCfg = Debug|Any CPU
		{992B3012-F1B4-41F4-AFD1-53EACABD16F0}.Debug|Mixed Platforms.Build.0 = Debug|Any CPU
		{992B3012-F1B4-41F4-AFD1-53EACABD16F0}.Release|.NET.ActiveCfg = Release|Any CPU
		{992B3012-F1B4-41F4-AFD1-53EACABD16F0}.Release|Any CPU.ActiveCfg = Release|Any CPU
		{992B3012-F1B4-41F4-AFD1-53EACABD16F0}.Release|Any CPU.Build.0 = Release|Any CPU
		{992B3012-F1B4-41F4-AFD1-53EACABD16F0}.Release|Mixed Platforms.ActiveCfg = Release|Any CPU
		{992B3012-F1B4-41F4-AFD1-53EACABD16F0}.Release|Mixed Platforms.Build.0 = Release|Any CPU
		{63C35B00-0604-492F-B282-3BD23B3D7177}.Debug|.NET.ActiveCfg = Debug|Any CPU
		{63C35B00-0604-492F-B282-3BD23B3D7177}.Debug|Any CPU.ActiveCfg = Debug|Any CPU
		{63C35B00-0604-492F-B282-3BD23B3D7177}.Debug|Any CPU.Build.0 = Debug|Any CPU
		{63C35B00-0604-492F-B282-3BD23B3D7177}.Debug|Mixed Platforms.ActiveCfg = Debug|Any CPU
		{63C35B00-0604-492F-B282-3BD23B3D7177}.Debug|Mixed Platforms.Build.0 = Debug|Any CPU
		{63C35B00-0604-492F-B282-3BD23B3D7177}.Release|.NET.ActiveCfg = Release|Any CPU
		{63C35B00-0604-492F-B282-3BD23B3D7177}.Release|Any CPU.ActiveCfg = Release|Any CPU
		{63C35B00-0604-492F-B282-3BD23B3D7177}.Release|Any CPU.Build.0 = Release|Any CPU
		{63C35B00-0604-492F-B282-3BD23B3D7177}.Release|Mixed Platforms.ActiveCfg = Release|Any CPU
		{63C35B00-0604-492F-B282-3BD23B3D7177}.Release|Mixed Platforms.Build.0 = Release|Any CPU
		{6A543561-6DCD-44E0-9602-14F6675B5CB0}.Debug|.NET.ActiveCfg = Debug|Any CPU
		{6A543561-6DCD-44E0-9602-14F6675B5CB0}.Debug|Any CPU.ActiveCfg = Debug|Any CPU
		{6A543561-6DCD-44E0-9602-14F6675B5CB0}.Debug|Any CPU.Build.0 = Debug|Any CPU
		{6A543561-6DCD-44E0-9602-14F6675B5CB0}.Debug|Mixed Platforms.ActiveCfg = Debug|Any CPU
		{6A543561-6DCD-44E0-9602-14F6675B5CB0}.Debug|Mixed Platforms.Build.0 = Debug|Any CPU
		{6A543561-6DCD-44E0-9602-14F6675B5CB0}.Release|.NET.ActiveCfg = Release|Any CPU
		{6A543561-6DCD-44E0-9602-14F6675B5CB0}.Release|Any CPU.ActiveCfg = Release|Any CPU
		{6A543561-6DCD-44E0-9602-14F6675B5CB0}.Release|Any CPU.Build.0 = Release|Any CPU
		{6A543561-6DCD-44E0-9602-14F6675B5CB0}.Release|Mixed Platforms.ActiveCfg = Release|Any CPU
		{6A543561-6DCD-44E0-9602-14F6675B5CB0}.Release|Mixed Platforms.Build.0 = Release|Any CPU
		{914172C3-D7E0-415F-BFD4-277B58869E15}.Debug|.NET.ActiveCfg = Debug|.NET
		{914172C3-D7E0-415F-BFD4-277B58869E15}.Debug|.NET.Build.0 = Debug|.NET
		{914172C3-D7E0-415F-BFD4-277B58869E15}.Debug|Any CPU.ActiveCfg = Debug|.NET
		{914172C3-D7E0-415F-BFD4-277B58869E15}.Debug|Mixed Platforms.ActiveCfg = Debug|.NET
		{914172C3-D7E0-415F-BFD4-277B58869E15}.Debug|Mixed Platforms.Build.0 = Debug|.NET
		{914172C3-D7E0-415F-BFD4-277B58869E15}.Release|.NET.ActiveCfg = Debug|.NET
		{914172C3-D7E0-415F-BFD4-277B58869E15}.Release|.NET.Build.0 = Debug|.NET
		{914172C3-D7E0-415F-BFD4-277B58869E15}.Release|Any CPU.ActiveCfg = Debug|.NET
		{914172C3-D7E0-415F-BFD4-277B58869E15}.Release|Mixed Platforms.ActiveCfg = Debug|.NET
		{914172C3-D7E0-415F-BFD4-277B58869E15}.Release|Mixed Platforms.Build.0 = Debug|.NET
	EndGlobalSection
	GlobalSection(SolutionProperties) = preSolution
		HideSolutionNode = FALSE
	EndGlobalSection
EndGlobal
