
Microsoft Visual Studio Solution File, Format Version 9.00
# Visual Studio 2005
Project("{F184B08F-C81C-45F6-A57F-5ABD9991F28F}") = "ExpenseWorkflows", "ExpenseWorkflows\ExpenseWorkflows.vbproj", "{086A2F11-7540-4839-9611-8FBEE9921ACA}"
	ProjectSection(WebsiteProperties) = preProject
		Debug.AspNetCompiler.Debug = "True"
		Release.AspNetCompiler.Debug = "False"
	EndProjectSection
EndProject
Project("{F184B08F-C81C-45F6-A57F-5ABD9991F28F}") = "ExpenseActivities", "ExpenseActivities\ExpenseActivities.vbproj", "{4434CED7-9AA6-4CE2-A933-0F59EA015695}"
	ProjectSection(WebsiteProperties) = preProject
		Debug.AspNetCompiler.Debug = "True"
		Release.AspNetCompiler.Debug = "False"
	EndProjectSection
EndProject
Project("{F184B08F-C81C-45F6-A57F-5ABD9991F28F}") = "ExpenseHost", "ExpenseHost\ExpenseHost.vbproj", "{F2F89FF8-58AB-441F-9C64-B76FE14CEE71}"
	ProjectSection(WebsiteProperties) = preProject
		Debug.AspNetCompiler.Debug = "True"
		Release.AspNetCompiler.Debug = "False"
	EndProjectSection
EndProject
Project("{F184B08F-C81C-45F6-A57F-5ABD9991F28F}") = "ExpenseLocalServices", "ExpenseLocalServices\ExpenseLocalServices.vbproj", "{753D04FE-0E8A-45EA-AD4C-EFCEE4FB48B6}"
	ProjectSection(WebsiteProperties) = preProject
		Debug.AspNetCompiler.Debug = "True"
		Release.AspNetCompiler.Debug = "False"
	EndProjectSection
EndProject
Global
	GlobalSection(SolutionConfigurationPlatforms) = preSolution
		Debug|Any CPU = Debug|Any CPU
		Release|Any CPU = Release|Any CPU
	EndGlobalSection
	GlobalSection(ProjectConfigurationPlatforms) = postSolution
		{086A2F11-7540-4839-9611-8FBEE9921ACA}.Debug|Any CPU.ActiveCfg = Debug|Any CPU
		{086A2F11-7540-4839-9611-8FBEE9921ACA}.Debug|Any CPU.Build.0 = Debug|Any CPU
		{086A2F11-7540-4839-9611-8FBEE9921ACA}.Release|Any CPU.ActiveCfg = Release|Any CPU
		{086A2F11-7540-4839-9611-8FBEE9921ACA}.Release|Any CPU.Build.0 = Release|Any CPU
		{4434CED7-9AA6-4CE2-A933-0F59EA015695}.Debug|Any CPU.ActiveCfg = Debug|Any CPU
		{4434CED7-9AA6-4CE2-A933-0F59EA015695}.Debug|Any CPU.Build.0 = Debug|Any CPU
		{4434CED7-9AA6-4CE2-A933-0F59EA015695}.Release|Any CPU.ActiveCfg = Release|Any CPU
		{4434CED7-9AA6-4CE2-A933-0F59EA015695}.Release|Any CPU.Build.0 = Release|Any CPU
		{F2F89FF8-58AB-441F-9C64-B76FE14CEE71}.Debug|Any CPU.ActiveCfg = Debug|Any CPU
		{F2F89FF8-58AB-441F-9C64-B76FE14CEE71}.Debug|Any CPU.Build.0 = Debug|Any CPU
		{F2F89FF8-58AB-441F-9C64-B76FE14CEE71}.Release|Any CPU.ActiveCfg = Release|Any CPU
		{F2F89FF8-58AB-441F-9C64-B76FE14CEE71}.Release|Any CPU.Build.0 = Release|Any CPU
		{753D04FE-0E8A-45EA-AD4C-EFCEE4FB48B6}.Debug|Any CPU.ActiveCfg = Debug|Any CPU
		{753D04FE-0E8A-45EA-AD4C-EFCEE4FB48B6}.Debug|Any CPU.Build.0 = Debug|Any CPU
		{753D04FE-0E8A-45EA-AD4C-EFCEE4FB48B6}.Release|Any CPU.ActiveCfg = Release|Any CPU
		{753D04FE-0E8A-45EA-AD4C-EFCEE4FB48B6}.Release|Any CPU.Build.0 = Release|Any CPU
	EndGlobalSection
	GlobalSection(SolutionProperties) = preSolution
		HideSolutionNode = FALSE
	EndGlobalSection
EndGlobal
