Microsoft Visual Studio Solution File, Format Version 7.00
Project("{8BC9CEB8-8B4A-11D0-8D11-00A0C91BC942}") = "MFCClient", "MFCClient\MFCClient.vcproj", "{2A38324B-EE70-43AD-BACE-F33BE37D46DD}"
EndProject
Project("{8BC9CEB8-8B4A-11D0-8D11-00A0C91BC942}") = "ATLEventHandling", "ATLEventHandling.vcproj", "{CD56FAC0-C7FC-4DEB-B440-E82C82888D20}"
EndProject
Global
	GlobalSection(SolutionConfiguration) = preSolution
		ConfigName.0 = Debug
		ConfigName.1 = Release
	EndGlobalSection
	GlobalSection(ProjectDependencies) = postSolution
		{2A38324B-EE70-43AD-BACE-F33BE37D46DD}.0 = {CD56FAC0-C7FC-4DEB-B440-E82C82888D20}
	EndGlobalSection
	GlobalSection(ProjectConfiguration) = postSolution
		{2A38324B-EE70-43AD-BACE-F33BE37D46DD}.Debug.ActiveCfg = Debug|Win32
		{2A38324B-EE70-43AD-BACE-F33BE37D46DD}.Debug.Build.0 = Debug|Win32
		{2A38324B-EE70-43AD-BACE-F33BE37D46DD}.Release.ActiveCfg = Release|Win32
		{2A38324B-EE70-43AD-BACE-F33BE37D46DD}.Release.Build.0 = Release|Win32
		{CD56FAC0-C7FC-4DEB-B440-E82C82888D20}.Debug.ActiveCfg = Debug|Win32
		{CD56FAC0-C7FC-4DEB-B440-E82C82888D20}.Debug.Build.0 = Debug|Win32
		{CD56FAC0-C7FC-4DEB-B440-E82C82888D20}.Release.ActiveCfg = Release|Win32
		{CD56FAC0-C7FC-4DEB-B440-E82C82888D20}.Release.Build.0 = Release|Win32
	EndGlobalSection
	GlobalSection(ExtensibilityGlobals) = postSolution
	EndGlobalSection
	GlobalSection(ExtensibilityAddIns) = postSolution
	EndGlobalSection
EndGlobal
