
Microsoft Visual Studio Solution File, Format Version 9.00
# Visual Studio 2005
Project("{F184B08F-C81C-45F6-A57F-5ABD9991F28F}") = "Dsml_ReadRootDSE", "Dsml_ReadRootDSE\Dsml_ReadRootDSE.vbproj", "{B4DA6D17-AC5D-4998-8A07-EF059C97A2C4}"
EndProject
Global
	GlobalSection(SolutionConfigurationPlatforms) = preSolution
		Debug|Any CPU = Debug|Any CPU
		Release|Any CPU = Release|Any CPU
	EndGlobalSection
	GlobalSection(ProjectConfigurationPlatforms) = postSolution
		{B4DA6D17-AC5D-4998-8A07-EF059C97A2C4}.Debug|Any CPU.ActiveCfg = Debug|Any CPU
		{B4DA6D17-AC5D-4998-8A07-EF059C97A2C4}.Debug|Any CPU.Build.0 = Debug|Any CPU
		{B4DA6D17-AC5D-4998-8A07-EF059C97A2C4}.Release|Any CPU.ActiveCfg = Release|Any CPU
		{B4DA6D17-AC5D-4998-8A07-EF059C97A2C4}.Release|Any CPU.Build.0 = Release|Any CPU
	EndGlobalSection
	GlobalSection(SolutionProperties) = preSolution
		HideSolutionNode = FALSE
	EndGlobalSection
EndGlobal
