Microsoft Visual Studio Solution File, Format Version 7.00
Project("{F184B08F-C81C-45F6-A57F-5ABD9991F28F}") = "VB.NET How-To Associating Help with an Application", "VB.NET How-To Associating Help with an Application.vbproj", "{BB808D40-D84B-494A-8A23-0DD9CA1F424A}"
EndProject
Global
	GlobalSection(SolutionConfiguration) = preSolution
		ConfigName.0 = Debug
		ConfigName.1 = Release
	EndGlobalSection
	GlobalSection(ProjectDependencies) = postSolution
	EndGlobalSection
	GlobalSection(ProjectConfiguration) = postSolution
		{BB808D40-D84B-494A-8A23-0DD9CA1F424A}.Debug.ActiveCfg = Debug|.NET
		{BB808D40-D84B-494A-8A23-0DD9CA1F424A}.Debug.Build.0 = Debug|.NET
		{BB808D40-D84B-494A-8A23-0DD9CA1F424A}.Release.ActiveCfg = Release|.NET
		{BB808D40-D84B-494A-8A23-0DD9CA1F424A}.Release.Build.0 = Release|.NET
	EndGlobalSection
	GlobalSection(ExtensibilityGlobals) = postSolution
	EndGlobalSection
	GlobalSection(ExtensibilityAddIns) = postSolution
	EndGlobalSection
EndGlobal
