Microsoft Visual Studio Solution File, Format Version 7.00
Project("{FAE04EC0-301F-11D3-BF4B-00C04F79EFBC}") = "Attributes", "Attributes.csproj", "{0FE346FE-3C8A-4FDE-AB26-9497825C737F}"
EndProject
Global
	GlobalSection(SolutionConfiguration) = preSolution
		ConfigName.0 = Debug
		ConfigName.1 = Release
	EndGlobalSection
	GlobalSection(ProjectDependencies) = postSolution
	EndGlobalSection
	GlobalSection(ProjectConfiguration) = postSolution
		{0FE346FE-3C8A-4FDE-AB26-9497825C737F}.Debug.ActiveCfg = Debug|.NET
		{0FE346FE-3C8A-4FDE-AB26-9497825C737F}.Debug.Build.0 = Debug|.NET
		{0FE346FE-3C8A-4FDE-AB26-9497825C737F}.Release.ActiveCfg = Release|.NET
		{0FE346FE-3C8A-4FDE-AB26-9497825C737F}.Release.Build.0 = Release|.NET
	EndGlobalSection
	GlobalSection(SolutionItems) = postSolution
		Item:1 = readme.txt
	EndGlobalSection
	GlobalSection(ExtensibilityGlobals) = postSolution
	EndGlobalSection
	GlobalSection(ExtensibilityAddIns) = postSolution
	EndGlobalSection
EndGlobal
