Microsoft Visual Studio Solution File, Format Version 7.00
Project("{8BC9CEB8-8B4A-11D0-8D11-00A0C91BC942}") = "Math", "Math.vcproj", "{6A860530-2309-442F-BBB2-03B7A4AD081F}"
EndProject
Project("{8BC9CEB8-8B4A-11D0-8D11-00A0C91BC942}") = "MathPS", "MathPS.vcproj", "{E4BB0960-7A50-46D7-BD58-DF6E1B6FBBE8}"
EndProject
Global
	GlobalSection(SolutionConfiguration) = preSolution
		ConfigName.0 = Debug
		ConfigName.1 = Release
	EndGlobalSection
	GlobalSection(ProjectDependencies) = postSolution
		{E4BB0960-7A50-46D7-BD58-DF6E1B6FBBE8}.0 = {6A860530-2309-442F-BBB2-03B7A4AD081F}
	EndGlobalSection
	GlobalSection(ProjectConfiguration) = postSolution
		{6A860530-2309-442F-BBB2-03B7A4AD081F}.Debug.ActiveCfg = Debug|Win32
		{6A860530-2309-442F-BBB2-03B7A4AD081F}.Debug.Build.0 = Debug|Win32
		{6A860530-2309-442F-BBB2-03B7A4AD081F}.Release.ActiveCfg = Release|Win32
		{6A860530-2309-442F-BBB2-03B7A4AD081F}.Release.Build.0 = Release|Win32
		{E4BB0960-7A50-46D7-BD58-DF6E1B6FBBE8}.Debug.ActiveCfg = Debug|Win32
		{E4BB0960-7A50-46D7-BD58-DF6E1B6FBBE8}.Release.ActiveCfg = Release|Win32
	EndGlobalSection
	GlobalSection(ExtensibilityGlobals) = postSolution
	EndGlobalSection
	GlobalSection(ExtensibilityAddIns) = postSolution
	EndGlobalSection
EndGlobal
