Microsoft Visual Studio Solution File, Format Version 8.00
Project("{FAE04EC0-301F-11D3-BF4B-00C04F79EFBC}") = "How-To Bind Data to a ComboBox", "How-To Bind Data to a ComboBox.csproj", "{38A0A50C-8182-42AF-8F08-2948C8A919A1}"
	ProjectSection(ProjectDependencies) = postProject
	EndProjectSection
EndProject
Global
	GlobalSection(SolutionConfiguration) = preSolution
		Debug = Debug
		Release = Release
	EndGlobalSection
	GlobalSection(ProjectConfiguration) = postSolution
		{38A0A50C-8182-42AF-8F08-2948C8A919A1}.Debug.ActiveCfg = Debug|.NET
		{38A0A50C-8182-42AF-8F08-2948C8A919A1}.Debug.Build.0 = Debug|.NET
		{38A0A50C-8182-42AF-8F08-2948C8A919A1}.Release.ActiveCfg = Release|.NET
		{38A0A50C-8182-42AF-8F08-2948C8A919A1}.Release.Build.0 = Release|.NET
	EndGlobalSection
	GlobalSection(ExtensibilityGlobals) = postSolution
	EndGlobalSection
	GlobalSection(ExtensibilityAddIns) = postSolution
	EndGlobalSection
EndGlobal
