Microsoft Visual Studio Solution File, Format Version 7.00
Project("{8BC9CEB8-8B4A-11D0-8D11-00A0C91BC942}") = "TankIsapiIsapi", "TankIsapiIsapi.vcproj", "{700D0C30-C283-44E9-92E8-1241D3FA882A}"
EndProject
Global
	GlobalSection(SolutionConfiguration) = preSolution
		ConfigName.0 = Debug
		ConfigName.1 = Release
	EndGlobalSection
	GlobalSection(ProjectDependencies) = postSolution
	EndGlobalSection
	GlobalSection(ProjectConfiguration) = postSolution
		{700D0C30-C283-44E9-92E8-1241D3FA882A}.Debug.ActiveCfg = Debug|Win32
		{700D0C30-C283-44E9-92E8-1241D3FA882A}.Debug.Build.0 = Debug|Win32
		{700D0C30-C283-44E9-92E8-1241D3FA882A}.Release.ActiveCfg = Release|Win32
		{700D0C30-C283-44E9-92E8-1241D3FA882A}.Release.Build.0 = Release|Win32
	EndGlobalSection
	GlobalSection(ExtensibilityGlobals) = postSolution
	EndGlobalSection
	GlobalSection(ExtensibilityAddIns) = postSolution
	EndGlobalSection
EndGlobal
