Microsoft Visual Studio Solution File, Format Version 7.00
Project("{8BC9CEB8-8B4A-11D0-8D11-00A0C91BC942}") = "PerformanceCounter", "PerformanceCounter\PerformanceCounter.vcproj", "{3AB51155-1FD6-4AA6-8105-E49716A9DE8A}"
EndProject
Project("{8BC9CEB8-8B4A-11D0-8D11-00A0C91BC942}") = "PerformanceCounterIsapi", "PerformanceCounterIsapi\PerformanceCounterIsapi.vcproj", "{C6D5EC7D-8E8F-468B-B450-7A8EC411F88A}"
EndProject
Global
	GlobalSection(SolutionConfiguration) = preSolution
		ConfigName.0 = Debug
		ConfigName.1 = Release
	EndGlobalSection
	GlobalSection(ProjectDependencies) = postSolution
	EndGlobalSection
	GlobalSection(ProjectConfiguration) = postSolution
		{3AB51155-1FD6-4AA6-8105-E49716A9DE8A}.Debug.ActiveCfg = Debug|Win32
		{3AB51155-1FD6-4AA6-8105-E49716A9DE8A}.Debug.Build.0 = Debug|Win32
		{3AB51155-1FD6-4AA6-8105-E49716A9DE8A}.Release.ActiveCfg = Release|Win32
		{3AB51155-1FD6-4AA6-8105-E49716A9DE8A}.Release.Build.0 = Release|Win32
		{C6D5EC7D-8E8F-468B-B450-7A8EC411F88A}.Debug.ActiveCfg = Debug|Win32
		{C6D5EC7D-8E8F-468B-B450-7A8EC411F88A}.Debug.Build.0 = Debug|Win32
		{C6D5EC7D-8E8F-468B-B450-7A8EC411F88A}.Release.ActiveCfg = Release|Win32
		{C6D5EC7D-8E8F-468B-B450-7A8EC411F88A}.Release.Build.0 = Release|Win32
	EndGlobalSection
	GlobalSection(ExtensibilityGlobals) = postSolution
	EndGlobalSection
	GlobalSection(ExtensibilityAddIns) = postSolution
	EndGlobalSection
EndGlobal
