Microsoft Visual Studio Solution File, Format Version 1.00
Project("{8BC9CEB8-8B4A-11D0-8D11-00A0C91BC942}") = "TstCon", "TstCon.vcproj", "{E60F9BFB-EA05-4570-BD1D-D95A40C0ECFB}"
	ProjectSection(ProjectDependencies) = postProject
		0 = {D550E27B-2E52-40BC-B082-C1EB14B31B7A}
	EndProjectSection
	ProjectSection(SolutionConfiguration) = postProject
		Release.ActiveCfg = Release|Win32
		Release.Build.0 = Release|Win32
		Debug.ActiveCfg = Debug|Win32
		Debug.Build.0 = Debug|Win32
	EndProjectSection
EndProject
Project("{8BC9CEB8-8B4A-11D0-8D11-00A0C91BC942}") = "TCProps", "TCProps\TCProps.vcproj", "{D550E27B-2E52-40BC-B082-C1EB14B31B7A}"
	ProjectSection(ProjectDependencies) = postProject
	EndProjectSection
	ProjectSection(SolutionConfiguration) = postProject
		Release.ActiveCfg = Release|Win32
		Release.Build.0 = Release|Win32
		Debug.ActiveCfg = Debug|Win32
		Debug.Build.0 = Debug|Win32
	EndProjectSection
EndProject
Global
	GlobalSection(SolutionConfiguration) = preSolution
		ConfigName.0 = Debug
		ConfigName.1 = Release
		DoSign = FALSE
	EndGlobalSection
	GlobalSection(ExtensibilityGlobals) = postSolution
	EndGlobalSection
	GlobalSection(ExtensibilityAddIns) = postSolution
	EndGlobalSection
EndGlobal
