Microsoft Visual Studio Solution File, Format Version 7.00
Project("{FAE04EC0-301F-11D3-BF4B-00C04F79EFBC}") = "CultureRegion", "CultureRegion.csproj", "{F3DA4556-E4F4-4BD4-B0EF-069BF170AC37}"
EndProject
Global
	GlobalSection(SolutionConfiguration) = preSolution
		ConfigName.0 = Debug
		ConfigName.1 = Release
	EndGlobalSection
	GlobalSection(ProjectDependencies) = postSolution
	EndGlobalSection
	GlobalSection(ProjectConfiguration) = postSolution
		{F3DA4556-E4F4-4BD4-B0EF-069BF170AC37}.Debug.ActiveCfg = Debug|.NET
		{F3DA4556-E4F4-4BD4-B0EF-069BF170AC37}.Debug.Build.0 = Debug|.NET
		{F3DA4556-E4F4-4BD4-B0EF-069BF170AC37}.Release.ActiveCfg = Release|.NET
		{F3DA4556-E4F4-4BD4-B0EF-069BF170AC37}.Release.Build.0 = Release|.NET
	EndGlobalSection
	GlobalSection(ExtensibilityGlobals) = postSolution
	EndGlobalSection
	GlobalSection(ExtensibilityAddIns) = postSolution
	EndGlobalSection
EndGlobal
