Microsoft Visual Studio Solution File, Format Version 7.00
Project("{FAE04EC0-301F-11D3-BF4B-00C04F79EFBC}") = "DataSet Sample", "DataSet Sample.csproj", "{15F120FE-1620-4558-A8C7-9FA693EFD79C}"
EndProject
Global
	GlobalSection(SolutionConfiguration) = preSolution
		ConfigName.0 = Debug
		ConfigName.1 = Release
	EndGlobalSection
	GlobalSection(ProjectDependencies) = postSolution
	EndGlobalSection
	GlobalSection(ProjectConfiguration) = postSolution
		{15F120FE-1620-4558-A8C7-9FA693EFD79C}.Debug.ActiveCfg = Debug|.NET
		{15F120FE-1620-4558-A8C7-9FA693EFD79C}.Debug.Build.0 = Debug|.NET
		{15F120FE-1620-4558-A8C7-9FA693EFD79C}.Release.ActiveCfg = Release|.NET
		{15F120FE-1620-4558-A8C7-9FA693EFD79C}.Release.Build.0 = Release|.NET
	EndGlobalSection
	GlobalSection(ExtensibilityGlobals) = postSolution
	EndGlobalSection
	GlobalSection(ExtensibilityAddIns) = postSolution
	EndGlobalSection
EndGlobal
