Microsoft Visual Studio Solution File, Format Version 7.00
Project("{F184B08F-C81C-45F6-A57F-5ABD9991F28F}") = "CustAttr", "CustAttr.vbproj", "{B58F08C4-3CBD-4D3A-9DBB-6523CADD5193}"
	ProjectSection(ProjectDependencies) = postProject
	EndProjectSection
	ProjectSection(SolutionConfiguration) = postProject
		Debug.ActiveCfg = Debug|WSP
		Debug.Build.0 = Debug|WSP
		Release.ActiveCfg = Release|WSP
		Release.Build.0 = Release|WSP
	EndProjectSection
EndProject
Global
	GlobalSection(SolutionConfiguration) = preSolution
		ConfigName.0 = Debug
		ConfigName.1 = Release
		DoSign = FALSE
	EndGlobalSection
	GlobalSection(ExtensibilityGlobals) = postSolution
	EndGlobalSection
	GlobalSection(ExtensibilityAddIns) = postSolution
	EndGlobalSection
EndGlobal
