Microsoft Visual Studio Solution File, Format Version 7.00
Project("{FAE04EC0-301F-11D3-BF4B-00C04F79EFBC}") = "AsyncWebService", "http://localhost/AsyncWebServiceCS/AsyncWebService.csproj", "{E7DFEA64-E181-4943-8CC4-0A2C2888D8AD}"
EndProject
Project("{FAE04EC0-301F-11D3-BF4B-00C04F79EFBC}") = "AsyncTestClient", "AsyncTestClient\AsyncTestClient.csproj", "{B6DAF773-2652-4983-B0AE-FA48290BBE8E}"
EndProject
Global
	GlobalSection(SolutionConfiguration) = preSolution
		ConfigName.0 = Debug
		ConfigName.1 = Release
	EndGlobalSection
	GlobalSection(ProjectDependencies) = postSolution
	EndGlobalSection
	GlobalSection(ProjectConfiguration) = postSolution
		{E7DFEA64-E181-4943-8CC4-0A2C2888D8AD}.Debug.ActiveCfg = Debug|.NET
		{E7DFEA64-E181-4943-8CC4-0A2C2888D8AD}.Debug.Build.0 = Debug|.NET
		{E7DFEA64-E181-4943-8CC4-0A2C2888D8AD}.Release.ActiveCfg = Release|.NET
		{E7DFEA64-E181-4943-8CC4-0A2C2888D8AD}.Release.Build.0 = Release|.NET
		{B6DAF773-2652-4983-B0AE-FA48290BBE8E}.Debug.ActiveCfg = Debug|.NET
		{B6DAF773-2652-4983-B0AE-FA48290BBE8E}.Debug.Build.0 = Debug|.NET
		{B6DAF773-2652-4983-B0AE-FA48290BBE8E}.Release.ActiveCfg = Release|.NET
		{B6DAF773-2652-4983-B0AE-FA48290BBE8E}.Release.Build.0 = Release|.NET
	EndGlobalSection
	GlobalSection(ExtensibilityGlobals) = postSolution
	EndGlobalSection
	GlobalSection(ExtensibilityAddIns) = postSolution
	EndGlobalSection
EndGlobal
