Microsoft Visual Studio Solution File, Format Version 9.00
Project("{FAE04EC0-301F-11D3-BF4B-00C04F79EFBC}") = "StringWalkerCS", "StringWalker\StringWalkerCS.csproj", "{BF0C8D4A-6787-456A-9525-9571D8CD0609}"
EndProject
Global
	GlobalSection(SolutionConfigurationPlatforms) = preSolution
		Debug|.NET = Debug|.NET
		Release|.NET = Release|.NET
	EndGlobalSection
	GlobalSection(ProjectConfigurationPlatforms) = postSolution
		{BF0C8D4A-6787-456A-9525-9571D8CD0609}.Debug|.NET.ActiveCfg = Debug|.NET
		{BF0C8D4A-6787-456A-9525-9571D8CD0609}.Debug|.NET.Build.0 = Debug|.NET
		{BF0C8D4A-6787-456A-9525-9571D8CD0609}.Release|.NET.ActiveCfg = Release|.NET
		{BF0C8D4A-6787-456A-9525-9571D8CD0609}.Release|.NET.Build.0 = Release|.NET
	EndGlobalSection
	GlobalSection(SolutionProperties) = preSolution
		HideSolutionNode = FALSE
	EndGlobalSection
EndGlobal
