Microsoft Visual Studio Solution File, Format Version 7.00
Project("{FAE04EC0-301F-11D3-BF4B-00C04F79EFBC}") = "1. Rational", "Rational\1. Rational.csproj", "{93A4D36C-9AA3-4FBD-A975-DBDEBBF43BFE}"
	ProjectSection(ProjectDependencies) = postProject
	EndProjectSection
	ProjectSection(SolutionConfiguration) = postProject
		1. Rational.ActiveCfg = Release|.NET
		1. Rational.Build.0 = Release|.NET
		2. AttributeViewier.ActiveCfg = Release|.NET
		2. AttributeViewier.Build.0 = Release|.NET
		4. VideoPlayer.ActiveCfg = Release|.NET
		4. VideoPlayer.Build.0 = Release|.NET
		5. MDLView.ActiveCfg = Release|.NET
		5. MDLView.Build.0 = Release|.NET
		Release.ActiveCfg = Release|.NET
		Release.Build.0 = Release|.NET
		Debug.ActiveCfg = Debug|.NET
		Debug.Build.0 = Debug|.NET
		3. DLLImport.ActiveCfg = Release|.NET
		3. DLLImport.Build.0 = Release|.NET
	EndProjectSection
EndProject
Project("{FAE04EC0-301F-11D3-BF4B-00C04F79EFBC}") = "2. AttributeViewer", "AttributeViewer\2. AttributeViewer.csproj", "{BEC35078-0534-417F-ABDC-021DFC6C8E38}"
	ProjectSection(ProjectDependencies) = postProject
	EndProjectSection
	ProjectSection(SolutionConfiguration) = postProject
		1. Rational.ActiveCfg = Release|.NET
		1. Rational.Build.0 = Release|.NET
		2. AttributeViewier.ActiveCfg = Release|.NET
		2. AttributeViewier.Build.0 = Release|.NET
		4. VideoPlayer.ActiveCfg = Release|.NET
		4. VideoPlayer.Build.0 = Release|.NET
		5. MDLView.ActiveCfg = Release|.NET
		5. MDLView.Build.0 = Release|.NET
		Release.ActiveCfg = Release|.NET
		Release.Build.0 = Release|.NET
		Debug.ActiveCfg = Debug|.NET
		Debug.Build.0 = Debug|.NET
		3. DLLImport.ActiveCfg = Release|.NET
		3. DLLImport.Build.0 = Release|.NET
	EndProjectSection
EndProject
Project("{FAE04EC0-301F-11D3-BF4B-00C04F79EFBC}") = "3. Swarm", "DLLImport\3. Swarm.csproj", "{3E7AC363-7430-47A5-A2CF-84F97EC147C3}"
	ProjectSection(ProjectDependencies) = postProject
	EndProjectSection
	ProjectSection(SolutionConfiguration) = postProject
		1. Rational.ActiveCfg = Release|.NET
		1. Rational.Build.0 = Release|.NET
		2. AttributeViewier.ActiveCfg = Release|.NET
		2. AttributeViewier.Build.0 = Release|.NET
		4. VideoPlayer.ActiveCfg = Release|.NET
		4. VideoPlayer.Build.0 = Release|.NET
		5. MDLView.ActiveCfg = Release|.NET
		5. MDLView.Build.0 = Release|.NET
		Release.ActiveCfg = Release|.NET
		Release.Build.0 = Release|.NET
		Debug.ActiveCfg = Debug|.NET
		Debug.Build.0 = Debug|.NET
		3. DLLImport.ActiveCfg = Release|.NET
		3. DLLImport.Build.0 = Release|.NET
	EndProjectSection
EndProject
Project("{FAE04EC0-301F-11D3-BF4B-00C04F79EFBC}") = "4. VideoPlayer", "ComSupport\4. VideoPlayer.csproj", "{860C08D3-7E78-41B1-A2E6-112277B70943}"
	ProjectSection(ProjectDependencies) = postProject
	EndProjectSection
	ProjectSection(SolutionConfiguration) = postProject
		1. Rational.ActiveCfg = Release|.NET
		1. Rational.Build.0 = Release|.NET
		2. AttributeViewier.ActiveCfg = Release|.NET
		2. AttributeViewier.Build.0 = Release|.NET
		4. VideoPlayer.ActiveCfg = Release|.NET
		4. VideoPlayer.Build.0 = Release|.NET
		5. MDLView.ActiveCfg = Release|.NET
		5. MDLView.Build.0 = Release|.NET
		Release.ActiveCfg = Release|.NET
		Release.Build.0 = Release|.NET
		Debug.ActiveCfg = Debug|.NET
		Debug.Build.0 = Debug|.NET
		3. DLLImport.ActiveCfg = Release|.NET
		3. DLLImport.Build.0 = Release|.NET
	EndProjectSection
EndProject
Project("{FAE04EC0-301F-11D3-BF4B-00C04F79EFBC}") = "5. MDLView", "MDLView\5. MDLView.csproj", "{B51BD7A8-1D11-4683-9AAC-3E6A2A4B0EB3}"
	ProjectSection(ProjectDependencies) = postProject
	EndProjectSection
	ProjectSection(SolutionConfiguration) = postProject
		1. Rational.ActiveCfg = Release|.NET
		1. Rational.Build.0 = Release|.NET
		2. AttributeViewier.ActiveCfg = Release|.NET
		2. AttributeViewier.Build.0 = Release|.NET
		4. VideoPlayer.ActiveCfg = Release|.NET
		4. VideoPlayer.Build.0 = Release|.NET
		5. MDLView.ActiveCfg = Release|.NET
		5. MDLView.Build.0 = Release|.NET
		Release.ActiveCfg = Release|.NET
		Release.Build.0 = Release|.NET
		Debug.ActiveCfg = Debug|.NET
		Debug.Build.0 = Debug|.NET
		3. DLLImport.ActiveCfg = Release|.NET
		3. DLLImport.Build.0 = Release|.NET
	EndProjectSection
EndProject
Global
	GlobalSection(SolutionConfiguration) = preSolution
		ConfigName.0 = Debug
		ConfigName.1 = Release
		ConfigName.2 = 5. MDLView
		ConfigName.3 = 4. VideoPlayer
		ConfigName.4 = 3. DLLImport
		ConfigName.5 = 2. AttributeViewier
		ConfigName.6 = 1. Rational
		DoSign = FALSE
	EndGlobalSection
	GlobalSection(ExtensibilityGlobals) = postSolution
	EndGlobalSection
	GlobalSection(ExtensibilityAddIns) = postSolution
	EndGlobalSection
EndGlobal
