Microsoft Visual Studio Solution File, Format Version 7.00
Project("{FAE04EC0-301F-11D3-BF4B-00C04F79EFBC}") = "Logging", "Logging\Logging.csproj", "{8FFFF5F3-8D45-4585-9980-4A5C1482E94E}"
EndProject
Project("{FAE04EC0-301F-11D3-BF4B-00C04F79EFBC}") = "WinLogger", "WinLogger\WinLogger.csproj", "{A7B3B05E-92E9-454D-8A62-9F99B99488E7}"
EndProject
Global
	GlobalSection(SolutionConfiguration) = preSolution
		ConfigName.0 = Debug
		ConfigName.1 = Release
	EndGlobalSection
	GlobalSection(ProjectDependencies) = postSolution
	EndGlobalSection
	GlobalSection(ProjectConfiguration) = postSolution
		{8FFFF5F3-8D45-4585-9980-4A5C1482E94E}.Debug.ActiveCfg = Debug|.NET
		{8FFFF5F3-8D45-4585-9980-4A5C1482E94E}.Debug.Build.0 = Debug|.NET
		{8FFFF5F3-8D45-4585-9980-4A5C1482E94E}.Release.ActiveCfg = Release|.NET
		{8FFFF5F3-8D45-4585-9980-4A5C1482E94E}.Release.Build.0 = Release|.NET
		{A7B3B05E-92E9-454D-8A62-9F99B99488E7}.Debug.ActiveCfg = Debug|.NET
		{A7B3B05E-92E9-454D-8A62-9F99B99488E7}.Debug.Build.0 = Debug|.NET
		{A7B3B05E-92E9-454D-8A62-9F99B99488E7}.Release.ActiveCfg = Release|.NET
		{A7B3B05E-92E9-454D-8A62-9F99B99488E7}.Release.Build.0 = Release|.NET
	EndGlobalSection
	GlobalSection(SolutionItems) = postSolution
		Item:1 = Readme.txt
	EndGlobalSection
	GlobalSection(ExtensibilityGlobals) = postSolution
	EndGlobalSection
	GlobalSection(ExtensibilityAddIns) = postSolution
	EndGlobalSection
EndGlobal
