
Microsoft Visual Studio Solution File, Format Version 9.00
# Visual Studio 2005
Project("{FAE04EC0-301F-11D3-BF4B-00C04F79EFBC}") = "HandleScreenOrientation", "HandleScreenOrientation.csproj", "{CC57A787-858C-47C4-82B3-ACE2DE7BDA7F}"
EndProject
Global
	GlobalSection(SolutionConfigurationPlatforms) = preSolution
		Debug|Any CPU = Debug|Any CPU
		Release|Any CPU = Release|Any CPU
	EndGlobalSection
	GlobalSection(ProjectConfigurationPlatforms) = postSolution
		{CC57A787-858C-47C4-82B3-ACE2DE7BDA7F}.Debug|Any CPU.ActiveCfg = Debug|Any CPU
		{CC57A787-858C-47C4-82B3-ACE2DE7BDA7F}.Debug|Any CPU.Build.0 = Debug|Any CPU
		{CC57A787-858C-47C4-82B3-ACE2DE7BDA7F}.Debug|Any CPU.Deploy.0 = Debug|Any CPU
		{CC57A787-858C-47C4-82B3-ACE2DE7BDA7F}.Release|Any CPU.ActiveCfg = Release|Any CPU
		{CC57A787-858C-47C4-82B3-ACE2DE7BDA7F}.Release|Any CPU.Build.0 = Release|Any CPU
		{CC57A787-858C-47C4-82B3-ACE2DE7BDA7F}.Release|Any CPU.Deploy.0 = Release|Any CPU
	EndGlobalSection
	GlobalSection(SolutionProperties) = preSolution
		HideSolutionNode = FALSE
	EndGlobalSection
EndGlobal
