
Microsoft Visual Studio Solution File, Format Version 9.00
# Visual Studio 2005
Project("{FAE04EC0-301F-11D3-BF4B-00C04F79EFBC}") = "StoringRetrievingImage", "StoringRetrievingImage\StoringRetrievingImage.csproj", "{14FBC1CC-94CB-4B70-862B-E0FA4BD0B7EF}"
EndProject
Global
	GlobalSection(SolutionConfigurationPlatforms) = preSolution
		Debug|Any CPU = Debug|Any CPU
		Release|Any CPU = Release|Any CPU
	EndGlobalSection
	GlobalSection(ProjectConfigurationPlatforms) = postSolution
		{14FBC1CC-94CB-4B70-862B-E0FA4BD0B7EF}.Debug|Any CPU.ActiveCfg = Debug|Any CPU
		{14FBC1CC-94CB-4B70-862B-E0FA4BD0B7EF}.Debug|Any CPU.Build.0 = Debug|Any CPU
		{14FBC1CC-94CB-4B70-862B-E0FA4BD0B7EF}.Release|Any CPU.ActiveCfg = Release|Any CPU
		{14FBC1CC-94CB-4B70-862B-E0FA4BD0B7EF}.Release|Any CPU.Build.0 = Release|Any CPU
	EndGlobalSection
	GlobalSection(SolutionProperties) = preSolution
		HideSolutionNode = FALSE
	EndGlobalSection
EndGlobal
