Microsoft Visual Studio Solution File, Format Version 7.00
Project("{8BC9CEB8-8B4A-11D0-8D11-00A0C91BC942}") = "SRFSyntaxSample", "SRFSyntaxSample\SRFSyntaxSample.vcproj", "{6C213FA2-F2E3-4CEC-BAC0-DE961CE8AFBA}"
EndProject
Project("{8BC9CEB8-8B4A-11D0-8D11-00A0C91BC942}") = "SRFSyntaxSampleIsapi", "SRFSyntaxSampleIsapi\SRFSyntaxSampleIsapi.vcproj", "{411D0A73-9769-43B8-AD57-5F89E87A8FB7}"
EndProject
Global
	GlobalSection(SolutionConfiguration) = preSolution
		ConfigName.0 = Debug
		ConfigName.1 = Release
	EndGlobalSection
	GlobalSection(ProjectDependencies) = postSolution
	EndGlobalSection
	GlobalSection(ProjectConfiguration) = postSolution
		{6C213FA2-F2E3-4CEC-BAC0-DE961CE8AFBA}.Debug.ActiveCfg = Debug|Win32
		{6C213FA2-F2E3-4CEC-BAC0-DE961CE8AFBA}.Debug.Build.0 = Debug|Win32
		{6C213FA2-F2E3-4CEC-BAC0-DE961CE8AFBA}.Release.ActiveCfg = Release|Win32
		{6C213FA2-F2E3-4CEC-BAC0-DE961CE8AFBA}.Release.Build.0 = Release|Win32
		{411D0A73-9769-43B8-AD57-5F89E87A8FB7}.Debug.ActiveCfg = Debug|Win32
		{411D0A73-9769-43B8-AD57-5F89E87A8FB7}.Debug.Build.0 = Debug|Win32
		{411D0A73-9769-43B8-AD57-5F89E87A8FB7}.Release.ActiveCfg = Release|Win32
		{411D0A73-9769-43B8-AD57-5F89E87A8FB7}.Release.Build.0 = Release|Win32
	EndGlobalSection
	GlobalSection(SolutionItems) = postSolution
		Item:1 = IncludedFile.srf
		Item:2 = root.css
		Item:3 = SRFParams.srf
		Item:4 = SRFSyntax.srf
	EndGlobalSection
	GlobalSection(ExtensibilityGlobals) = postSolution
	EndGlobalSection
	GlobalSection(ExtensibilityAddIns) = postSolution
	EndGlobalSection
EndGlobal
