
Microsoft Visual Studio Solution File, Format Version 9.00
# Visual Studio 2005
Project("{FAE04EC0-301F-11D3-BF4B-00C04F79EFBC}") = "CreatingMenusInOutlook", "CreatingMenusInOutlook\CreatingMenusInOutlook.csproj", "{377B7EB1-8160-40C2-8ED8-80504E3D7A87}"
EndProject
Project("{54435603-DBB4-11D2-8724-00A0C9A8B90C}") = "CreatingMenusInOutlookSetup", "CreatingMenusInOutlookSetup\CreatingMenusInOutlookSetup", "{73D7ED6E-86E4-4B79-A52F-9E8B4FF4ED84}"
EndProject
Global
	GlobalSection(SolutionConfigurationPlatforms) = preSolution
		Debug|Any CPU = Debug|Any CPU
		Release|Any CPU = Release|Any CPU
	EndGlobalSection
	GlobalSection(ProjectConfigurationPlatforms) = postSolution
		{377B7EB1-8160-40C2-8ED8-80504E3D7A87}.Debug|Any CPU.ActiveCfg = Debug|Any CPU
		{377B7EB1-8160-40C2-8ED8-80504E3D7A87}.Debug|Any CPU.Build.0 = Debug|Any CPU
		{377B7EB1-8160-40C2-8ED8-80504E3D7A87}.Release|Any CPU.ActiveCfg = Release|Any CPU
		{377B7EB1-8160-40C2-8ED8-80504E3D7A87}.Release|Any CPU.Build.0 = Release|Any CPU
		{73D7ED6E-86E4-4B79-A52F-9E8B4FF4ED84}.Debug|Any CPU.ActiveCfg = Debug
		{73D7ED6E-86E4-4B79-A52F-9E8B4FF4ED84}.Release|Any CPU.ActiveCfg = Release
	EndGlobalSection
	GlobalSection(SolutionProperties) = preSolution
		HideSolutionNode = FALSE
	EndGlobalSection
EndGlobal
