Microsoft Visual Studio Solution File, Format Version 7.00
Project("{FAE04EC0-301F-11D3-BF4B-00C04F79EFBC}") = "Marshal", "Marshal\Marshal.csproj", "{B626E333-0216-4236-896F-F7EA04847BEA}"
EndProject
Project("{FAE04EC0-301F-11D3-BF4B-00C04F79EFBC}") = "PInvokeTest", "PInvokeTest\PInvokeTest.csproj", "{89200F86-4837-4098-A49F-5CC4CDB37A12}"
EndProject
Project("{FAE04EC0-301F-11D3-BF4B-00C04F79EFBC}") = "PInvoke", "PInvoke\PInvoke.csproj", "{D5760D01-4E20-42C8-A88E-0E333EE37769}"
EndProject
Global
	GlobalSection(SolutionConfiguration) = preSolution
		ConfigName.0 = Debug
		ConfigName.1 = Release
	EndGlobalSection
	GlobalSection(ProjectDependencies) = postSolution
	EndGlobalSection
	GlobalSection(ProjectConfiguration) = postSolution
		{B626E333-0216-4236-896F-F7EA04847BEA}.Debug.ActiveCfg = Debug|.NET
		{B626E333-0216-4236-896F-F7EA04847BEA}.Debug.Build.0 = Debug|.NET
		{B626E333-0216-4236-896F-F7EA04847BEA}.Release.ActiveCfg = Release|.NET
		{B626E333-0216-4236-896F-F7EA04847BEA}.Release.Build.0 = Release|.NET
		{89200F86-4837-4098-A49F-5CC4CDB37A12}.Debug.ActiveCfg = Debug|.NET
		{89200F86-4837-4098-A49F-5CC4CDB37A12}.Debug.Build.0 = Debug|.NET
		{89200F86-4837-4098-A49F-5CC4CDB37A12}.Release.ActiveCfg = Release|.NET
		{89200F86-4837-4098-A49F-5CC4CDB37A12}.Release.Build.0 = Release|.NET
		{D5760D01-4E20-42C8-A88E-0E333EE37769}.Debug.ActiveCfg = Debug|.NET
		{D5760D01-4E20-42C8-A88E-0E333EE37769}.Debug.Build.0 = Debug|.NET
		{D5760D01-4E20-42C8-A88E-0E333EE37769}.Release.ActiveCfg = Release|.NET
		{D5760D01-4E20-42C8-A88E-0E333EE37769}.Release.Build.0 = Release|.NET
	EndGlobalSection
	GlobalSection(SolutionItems) = postSolution
		Item:1 = readme.txt
	EndGlobalSection
	GlobalSection(ExtensibilityGlobals) = postSolution
	EndGlobalSection
	GlobalSection(ExtensibilityAddIns) = postSolution
	EndGlobalSection
EndGlobal
