
Microsoft Visual Studio Solution File, Format Version 9.00
# Visual Studio 2005
Project("{FAE04EC0-301F-11D3-BF4B-00C04F79EFBC}") = "CustomActivity", "CustomActivity\CustomActivity.csproj", "{B33E8034-0FB5-4695-9171-D44E03F59C19}"
EndProject
Global
	GlobalSection(SolutionConfigurationPlatforms) = preSolution
		Debug|Any CPU = Debug|Any CPU
		Release|Any CPU = Release|Any CPU
	EndGlobalSection
	GlobalSection(ProjectConfigurationPlatforms) = postSolution
		{B33E8034-0FB5-4695-9171-D44E03F59C19}.Debug|Any CPU.ActiveCfg = Debug|Any CPU
		{B33E8034-0FB5-4695-9171-D44E03F59C19}.Debug|Any CPU.Build.0 = Debug|Any CPU
		{B33E8034-0FB5-4695-9171-D44E03F59C19}.Release|Any CPU.ActiveCfg = Release|Any CPU
		{B33E8034-0FB5-4695-9171-D44E03F59C19}.Release|Any CPU.Build.0 = Release|Any CPU
	EndGlobalSection
	GlobalSection(SolutionProperties) = preSolution
		HideSolutionNode = FALSE
	EndGlobalSection
EndGlobal
