Microsoft Visual Studio Solution File, Format Version 7.00
Project("{8BC9CEB8-8B4A-11D0-8D11-00A0C91BC942}") = "MfcTangram", "mfctangram\MfcTangram.vcproj", "{764cd7cb-42dc-4a92-b15e-b18f5a663baf}"
	ProjectSection(ProjectDependencies) = postProject
		0 = {079b5d4a-b8e3-43ba-9733-69094d104d22}
	EndProjectSection
	ProjectSection(SolutionConfiguration) = postProject
		Debug.ActiveCfg = Debug|Win32
		Debug.Build.0 = Debug|Win32
		Release.ActiveCfg = Release|Win32
		Release.Build.0 = Release|Win32
	EndProjectSection
EndProject
Project("{8BC9CEB8-8B4A-11D0-8D11-00A0C91BC942}") = "AtlGdiWorld", "AtlGdiWorld\AtlGdiWorld.vcproj", "{01bf6070-5cca-4fd4-8a3c-b1d2be921e65}"
	ProjectSection(ProjectDependencies) = postProject
		0 = {2e887b05-8dfd-4804-a178-4e583794760d}
		1 = {02352212-bf3f-40ec-8d4a-579e2e3d6d9e}
		2 = {c9ee2c6a-d0ad-4d58-a72c-777197c0a725}
	EndProjectSection
	ProjectSection(SolutionConfiguration) = postProject
		Debug.ActiveCfg = Debug|Win32
		Debug.Build.0 = Debug|Win32
		Release.ActiveCfg = Release|Win32
		Release.Build.0 = Release|Win32
	EndProjectSection
EndProject
Project("{8BC9CEB8-8B4A-11D0-8D11-00A0C91BC942}") = "AtlModel", "atlModel\AtlModel.vcproj", "{02352212-bf3f-40ec-8d4a-579e2e3d6d9e}"
	ProjectSection(ProjectDependencies) = postProject
	EndProjectSection
	ProjectSection(SolutionConfiguration) = postProject
		Debug.ActiveCfg = Debug|Win32
		Debug.Build.0 = Debug|Win32
		Release.ActiveCfg = Release|Win32
		Release.Build.0 = Release|Win32
	EndProjectSection
EndProject
Project("{8BC9CEB8-8B4A-11D0-8D11-00A0C91BC942}") = "atlglworld", "atlglworld\atlglworld.vcproj", "{079b5d4a-b8e3-43ba-9733-69094d104d22}"
	ProjectSection(ProjectDependencies) = postProject
		0 = {01bf6070-5cca-4fd4-8a3c-b1d2be921e65}
	EndProjectSection
	ProjectSection(SolutionConfiguration) = postProject
		Debug.ActiveCfg = Debug|Win32
		Debug.Build.0 = Debug|Win32
		Release.ActiveCfg = Release|Win32
		Release.Build.0 = Release|Win32
	EndProjectSection
EndProject
Project("{8BC9CEB8-8B4A-11D0-8D11-00A0C91BC942}") = "AtlModelLocal", "atlModel\AtlModelLocal.vcproj", "{2e887b05-8dfd-4804-a178-4e583794760d}"
	ProjectSection(ProjectDependencies) = postProject
	EndProjectSection
	ProjectSection(SolutionConfiguration) = postProject
		Debug.ActiveCfg = Debug|Win32
		Debug.Build.0 = Debug|Win32
		Release.ActiveCfg = Release|Win32
		Release.Build.0 = Release|Win32
	EndProjectSection
EndProject
Project("{8BC9CEB8-8B4A-11D0-8D11-00A0C91BC942}") = "atltangramcanvas", "atltangramcanvas\atltangramcanvas.vcproj", "{c9ee2c6a-d0ad-4d58-a72c-777197c0a725}"
	ProjectSection(ProjectDependencies) = postProject
	EndProjectSection
	ProjectSection(SolutionConfiguration) = postProject
		Debug.ActiveCfg = Debug|Win32
		Debug.Build.0 = Debug|Win32
		Release.ActiveCfg = Release|Win32
		Release.Build.0 = Release|Win32
	EndProjectSection
EndProject
Global
	GlobalSection(SolutionConfiguration) = preSolution
		ConfigName.0 = Release
		ConfigName.1 = Debug
		DoSign = FALSE
	EndGlobalSection
	GlobalSection(ExtensibilityGlobals) = postSolution
	EndGlobalSection
	GlobalSection(ExtensibilityAddIns) = postSolution
	EndGlobalSection
EndGlobal
