Microsoft Visual Studio Solution File, Format Version 7.00
Project("{FAE04EC0-301F-11D3-BF4B-00C04F79EFBC}") = "ConvertCSharp2VB", "ConvertCSharp2VB.csproj", "{9794AAC3-9C54-400C-8ABD-2596FFB1BC7F}"
EndProject
Global
	GlobalSection(SolutionConfiguration) = preSolution
		ConfigName.0 = Debug
		ConfigName.1 = Release
	EndGlobalSection
	GlobalSection(ProjectDependencies) = postSolution
	EndGlobalSection
	GlobalSection(ProjectConfiguration) = postSolution
		{9794AAC3-9C54-400C-8ABD-2596FFB1BC7F}.Debug.ActiveCfg = Debug|.NET
		{9794AAC3-9C54-400C-8ABD-2596FFB1BC7F}.Debug.Build.0 = Debug|.NET
		{9794AAC3-9C54-400C-8ABD-2596FFB1BC7F}.Release.ActiveCfg = Release|.NET
		{9794AAC3-9C54-400C-8ABD-2596FFB1BC7F}.Release.Build.0 = Release|.NET
	EndGlobalSection
	GlobalSection(ExtensibilityGlobals) = postSolution
	EndGlobalSection
	GlobalSection(ExtensibilityAddIns) = postSolution
	EndGlobalSection
EndGlobal
