Microsoft Visual Studio Solution File, Format Version 7.00
Project("{FAE04EC0-301F-11D3-BF4B-00C04F79EFBC}") = "StopJoin", "StopJoin\StopJoin.csproj", "{94B75708-19F5-412F-8F80-C25A2708F871}"
EndProject
Project("{FAE04EC0-301F-11D3-BF4B-00C04F79EFBC}") = "MonitorSample", "MonitorSample\MonitorSample.csproj", "{C52412DC-7296-446E-A221-0C4F2AE2B54F}"
EndProject
Project("{FAE04EC0-301F-11D3-BF4B-00C04F79EFBC}") = "SimplePool", "SimplePool\SimplePool.csproj", "{28E62CC0-643A-4C49-A28F-E468085500CA}"
EndProject
Global
	GlobalSection(SolutionConfiguration) = preSolution
		ConfigName.0 = Debug
		ConfigName.1 = Release
	EndGlobalSection
	GlobalSection(ProjectDependencies) = postSolution
	EndGlobalSection
	GlobalSection(ProjectConfiguration) = postSolution
		{94B75708-19F5-412F-8F80-C25A2708F871}.Debug.ActiveCfg = Debug|.NET
		{94B75708-19F5-412F-8F80-C25A2708F871}.Debug.Build.0 = Debug|.NET
		{94B75708-19F5-412F-8F80-C25A2708F871}.Release.ActiveCfg = Release|.NET
		{94B75708-19F5-412F-8F80-C25A2708F871}.Release.Build.0 = Release|.NET
		{C52412DC-7296-446E-A221-0C4F2AE2B54F}.Debug.ActiveCfg = Debug|.NET
		{C52412DC-7296-446E-A221-0C4F2AE2B54F}.Debug.Build.0 = Debug|.NET
		{C52412DC-7296-446E-A221-0C4F2AE2B54F}.Release.ActiveCfg = Release|.NET
		{C52412DC-7296-446E-A221-0C4F2AE2B54F}.Release.Build.0 = Release|.NET
		{919280A4-EFDB-424C-913F-32B6BF48F92D}.Debug.ActiveCfg = Debug|.NET
		{919280A4-EFDB-424C-913F-32B6BF48F92D}.Debug.Build.0 = Debug|.NET
		{919280A4-EFDB-424C-913F-32B6BF48F92D}.Release.ActiveCfg = Release|.NET
		{919280A4-EFDB-424C-913F-32B6BF48F92D}.Release.Build.0 = Release|.NET
		{59F02CE5-9D9E-473E-97A4-7F57224C60D3}.Debug.ActiveCfg = Debug|.NET
		{59F02CE5-9D9E-473E-97A4-7F57224C60D3}.Debug.Build.0 = Debug|.NET
		{59F02CE5-9D9E-473E-97A4-7F57224C60D3}.Release.ActiveCfg = Release|.NET
		{59F02CE5-9D9E-473E-97A4-7F57224C60D3}.Release.Build.0 = Release|.NET
		{28E62CC0-643A-4C49-A28F-E468085500CA}.Debug.ActiveCfg = Debug|.NET
		{28E62CC0-643A-4C49-A28F-E468085500CA}.Debug.Build.0 = Debug|.NET
		{28E62CC0-643A-4C49-A28F-E468085500CA}.Release.ActiveCfg = Release|.NET
		{28E62CC0-643A-4C49-A28F-E468085500CA}.Release.Build.0 = Release|.NET
		{A48AACC3-0377-426A-8B3F-43FEE3B1DDA2}.Debug.ActiveCfg = Debug|.NET
		{A48AACC3-0377-426A-8B3F-43FEE3B1DDA2}.Debug.Build.0 = Debug|.NET
		{A48AACC3-0377-426A-8B3F-43FEE3B1DDA2}.Release.ActiveCfg = Release|.NET
		{A48AACC3-0377-426A-8B3F-43FEE3B1DDA2}.Release.Build.0 = Release|.NET
		{03A61B7D-B899-4411-B67B-82B9E7AB5A59}.Debug.ActiveCfg = Debug|.NET
		{03A61B7D-B899-4411-B67B-82B9E7AB5A59}.Debug.Build.0 = Debug|.NET
		{03A61B7D-B899-4411-B67B-82B9E7AB5A59}.Release.ActiveCfg = Release|.NET
		{03A61B7D-B899-4411-B67B-82B9E7AB5A59}.Release.Build.0 = Release|.NET
		{DB926907-ABC9-43B3-9251-8E90725D3B1E}.Debug.ActiveCfg = Debug|.NET
		{DB926907-ABC9-43B3-9251-8E90725D3B1E}.Debug.Build.0 = Debug|.NET
		{DB926907-ABC9-43B3-9251-8E90725D3B1E}.Release.ActiveCfg = Release|.NET
		{DB926907-ABC9-43B3-9251-8E90725D3B1E}.Release.Build.0 = Release|.NET
	EndGlobalSection
	GlobalSection(SolutionItems) = postSolution
		Item:1 = readme.txt
	EndGlobalSection
	GlobalSection(ExtensibilityGlobals) = postSolution
	EndGlobalSection
	GlobalSection(ExtensibilityAddIns) = postSolution
	EndGlobalSection
EndGlobal
