Microsoft Visual Studio Solution File, Format Version 7.00
Project("{F184B08F-C81C-45F6-A57F-5ABD9991F28F}") = "VB.NET How-To Try, Catch, Finally", "VB.NET How-To Try, Catch, Finally.vbproj", "{FF79EC5E-3683-4668-B729-7E75688E218A}"
EndProject
Global
	GlobalSection(SolutionConfiguration) = preSolution
		ConfigName.0 = Debug
		ConfigName.1 = Release
	EndGlobalSection
	GlobalSection(ProjectDependencies) = postSolution
	EndGlobalSection
	GlobalSection(ProjectConfiguration) = postSolution
		{FF79EC5E-3683-4668-B729-7E75688E218A}.Debug.ActiveCfg = Debug|.NET
		{FF79EC5E-3683-4668-B729-7E75688E218A}.Debug.Build.0 = Debug|.NET
		{FF79EC5E-3683-4668-B729-7E75688E218A}.Release.ActiveCfg = Release|.NET
		{FF79EC5E-3683-4668-B729-7E75688E218A}.Release.Build.0 = Release|.NET
	EndGlobalSection
	GlobalSection(ExtensibilityGlobals) = postSolution
	EndGlobalSection
	GlobalSection(ExtensibilityAddIns) = postSolution
	EndGlobalSection
EndGlobal
