Microsoft Visual Studio Solution File, Format Version 8.00
Project("{FAE04EC0-301F-11D3-BF4B-00C04F79EFBC}") = "How-To Benefits", "How-To Benefits.csproj", "{1A241E6B-76B6-4C9F-A45E-2D673DBF7394}"
	ProjectSection(ProjectDependencies) = postProject
	EndProjectSection
EndProject
Global
	GlobalSection(SolutionConfiguration) = preSolution
		Debug = Debug
		Release = Release
	EndGlobalSection
	GlobalSection(ProjectConfiguration) = postSolution
		{1A241E6B-76B6-4C9F-A45E-2D673DBF7394}.Debug.ActiveCfg = Debug|.NET
		{1A241E6B-76B6-4C9F-A45E-2D673DBF7394}.Debug.Build.0 = Debug|.NET
		{1A241E6B-76B6-4C9F-A45E-2D673DBF7394}.Release.ActiveCfg = Release|.NET
		{1A241E6B-76B6-4C9F-A45E-2D673DBF7394}.Release.Build.0 = Release|.NET
	EndGlobalSection
	GlobalSection(ExtensibilityGlobals) = postSolution
	EndGlobalSection
	GlobalSection(ExtensibilityAddIns) = postSolution
	EndGlobalSection
EndGlobal
