Microsoft Visual Studio Solution File, Format Version 8.00
Project("{FAE04EC0-301F-11D3-BF4B-00C04F79EFBC}") = "ReportLibrary", "ReportLibrary\ReportLibrary.csproj", "{F7F217C5-2415-49F3-AE03-49A23DD1CA8F}"
	ProjectSection(ProjectDependencies) = postProject
	EndProjectSection
EndProject
Project("{FAE04EC0-301F-11D3-BF4B-00C04F79EFBC}") = "View", "View\View.csproj", "{B4CFBE87-0ACF-4E7F-BA91-E475EF1D8232}"
	ProjectSection(ProjectDependencies) = postProject
	EndProjectSection
EndProject
Project("{FAE04EC0-301F-11D3-BF4B-00C04F79EFBC}") = "Viewer", "Viewer\Viewer.csproj", "{563AF910-F55F-44B7-8670-538CCAF36BBC}"
	ProjectSection(ProjectDependencies) = postProject
	EndProjectSection
EndProject
Project("{FAE04EC0-301F-11D3-BF4B-00C04F79EFBC}") = "BarcodePlugin", "BarcodePlugin\BarcodePlugin.csproj", "{3FAE770D-EC3F-4133-85EE-C9425EA1D7EE}"
	ProjectSection(ProjectDependencies) = postProject
	EndProjectSection
EndProject
Project("{FAE04EC0-301F-11D3-BF4B-00C04F79EFBC}") = "Buttons", "Buttons\Buttons.csproj", "{875DA42E-84F3-448D-A8BF-AAD7CB16AB2F}"
	ProjectSection(ProjectDependencies) = postProject
	EndProjectSection
EndProject
Project("{FAE04EC0-301F-11D3-BF4B-00C04F79EFBC}") = "Editor", "Editor\Editor.csproj", "{F49DD334-8F79-49CF-8C11-CFEC3D04B592}"
	ProjectSection(ProjectDependencies) = postProject
	EndProjectSection
EndProject
Project("{FAE04EC0-301F-11D3-BF4B-00C04F79EFBC}") = "Export", "Export\Export.csproj", "{70F6B53C-6436-4B64-86D4-C094D7172A52}"
	ProjectSection(ProjectDependencies) = postProject
	EndProjectSection
EndProject
Project("{FAE04EC0-301F-11D3-BF4B-00C04F79EFBC}") = "Demo", "Demo\Demo.csproj", "{8FF13196-BB40-495F-9CBF-B7EA6CAE55B7}"
	ProjectSection(ProjectDependencies) = postProject
	EndProjectSection
EndProject
Global
	GlobalSection(SolutionConfiguration) = preSolution
		Debug = Debug
		Release = Release
	EndGlobalSection
	GlobalSection(ProjectConfiguration) = postSolution
		{F7F217C5-2415-49F3-AE03-49A23DD1CA8F}.Debug.ActiveCfg = Debug|.NET
		{F7F217C5-2415-49F3-AE03-49A23DD1CA8F}.Debug.Build.0 = Debug|.NET
		{F7F217C5-2415-49F3-AE03-49A23DD1CA8F}.Release.ActiveCfg = Release|.NET
		{F7F217C5-2415-49F3-AE03-49A23DD1CA8F}.Release.Build.0 = Release|.NET
		{B4CFBE87-0ACF-4E7F-BA91-E475EF1D8232}.Debug.ActiveCfg = Debug|.NET
		{B4CFBE87-0ACF-4E7F-BA91-E475EF1D8232}.Debug.Build.0 = Debug|.NET
		{B4CFBE87-0ACF-4E7F-BA91-E475EF1D8232}.Release.ActiveCfg = Release|.NET
		{B4CFBE87-0ACF-4E7F-BA91-E475EF1D8232}.Release.Build.0 = Release|.NET
		{563AF910-F55F-44B7-8670-538CCAF36BBC}.Debug.ActiveCfg = Debug|.NET
		{563AF910-F55F-44B7-8670-538CCAF36BBC}.Debug.Build.0 = Debug|.NET
		{563AF910-F55F-44B7-8670-538CCAF36BBC}.Release.ActiveCfg = Release|.NET
		{563AF910-F55F-44B7-8670-538CCAF36BBC}.Release.Build.0 = Release|.NET
		{3FAE770D-EC3F-4133-85EE-C9425EA1D7EE}.Debug.ActiveCfg = Debug|.NET
		{3FAE770D-EC3F-4133-85EE-C9425EA1D7EE}.Debug.Build.0 = Debug|.NET
		{3FAE770D-EC3F-4133-85EE-C9425EA1D7EE}.Release.ActiveCfg = Release|.NET
		{3FAE770D-EC3F-4133-85EE-C9425EA1D7EE}.Release.Build.0 = Release|.NET
		{875DA42E-84F3-448D-A8BF-AAD7CB16AB2F}.Debug.ActiveCfg = Debug|.NET
		{875DA42E-84F3-448D-A8BF-AAD7CB16AB2F}.Debug.Build.0 = Debug|.NET
		{875DA42E-84F3-448D-A8BF-AAD7CB16AB2F}.Release.ActiveCfg = Release|.NET
		{875DA42E-84F3-448D-A8BF-AAD7CB16AB2F}.Release.Build.0 = Release|.NET
		{F49DD334-8F79-49CF-8C11-CFEC3D04B592}.Debug.ActiveCfg = Debug|.NET
		{F49DD334-8F79-49CF-8C11-CFEC3D04B592}.Debug.Build.0 = Debug|.NET
		{F49DD334-8F79-49CF-8C11-CFEC3D04B592}.Release.ActiveCfg = Release|.NET
		{F49DD334-8F79-49CF-8C11-CFEC3D04B592}.Release.Build.0 = Release|.NET
		{70F6B53C-6436-4B64-86D4-C094D7172A52}.Debug.ActiveCfg = Debug|.NET
		{70F6B53C-6436-4B64-86D4-C094D7172A52}.Debug.Build.0 = Debug|.NET
		{70F6B53C-6436-4B64-86D4-C094D7172A52}.Release.ActiveCfg = Release|.NET
		{70F6B53C-6436-4B64-86D4-C094D7172A52}.Release.Build.0 = Release|.NET
		{8FF13196-BB40-495F-9CBF-B7EA6CAE55B7}.Debug.ActiveCfg = Debug|.NET
		{8FF13196-BB40-495F-9CBF-B7EA6CAE55B7}.Debug.Build.0 = Debug|.NET
		{8FF13196-BB40-495F-9CBF-B7EA6CAE55B7}.Release.ActiveCfg = Release|.NET
		{8FF13196-BB40-495F-9CBF-B7EA6CAE55B7}.Release.Build.0 = Release|.NET
	EndGlobalSection
	GlobalSection(ExtensibilityGlobals) = postSolution
		SolutionDescription = 
	EndGlobalSection
	GlobalSection(ExtensibilityAddIns) = postSolution
	EndGlobalSection
EndGlobal
