Microsoft Visual Studio Solution File, Format Version 7.00
Project("{8BC9CEB8-8B4A-11D0-8D11-00A0C91BC942}") = "MCppSuffix", "test.vcproj", "{034F583B-E537-4C97-B82A-92EAF05344AB}"
EndProject
Project("{8BC9CEB8-8B4A-11D0-8D11-00A0C91BC942}") = "substring", "substring.vcproj", "{933D56F5-4F22-4A5E-9B82-E52752706C79}"
EndProject
Project("{FAE04EC0-301F-11D3-BF4B-00C04F79EFBC}") = "Suffix", "ConsoleApplication1\Suffix.csproj", "{CDEA44E3-C1EA-4432-B218-F75197ADF999}"
EndProject
Global
	GlobalSection(SolutionConfiguration) = preSolution
		ConfigName.0 = Debug
		ConfigName.1 = Release
	EndGlobalSection
	GlobalSection(ProjectDependencies) = postSolution
		{034F583B-E537-4C97-B82A-92EAF05344AB}.0 = {933D56F5-4F22-4A5E-9B82-E52752706C79}
		{CDEA44E3-C1EA-4432-B218-F75197ADF999}.0 = {034F583B-E537-4C97-B82A-92EAF05344AB}
	EndGlobalSection
	GlobalSection(ProjectConfiguration) = postSolution
		{034F583B-E537-4C97-B82A-92EAF05344AB}.Debug.ActiveCfg = Debug|Win32
		{034F583B-E537-4C97-B82A-92EAF05344AB}.Debug.Build.0 = Debug|Win32
		{034F583B-E537-4C97-B82A-92EAF05344AB}.Release.ActiveCfg = Release|Win32
		{034F583B-E537-4C97-B82A-92EAF05344AB}.Release.Build.0 = Release|Win32
		{933D56F5-4F22-4A5E-9B82-E52752706C79}.Debug.ActiveCfg = Debug|Win32
		{933D56F5-4F22-4A5E-9B82-E52752706C79}.Debug.Build.0 = Debug|Win32
		{933D56F5-4F22-4A5E-9B82-E52752706C79}.Release.ActiveCfg = Release|Win32
		{933D56F5-4F22-4A5E-9B82-E52752706C79}.Release.Build.0 = Release|Win32
		{CDEA44E3-C1EA-4432-B218-F75197ADF999}.Debug.ActiveCfg = Debug|.NET
		{CDEA44E3-C1EA-4432-B218-F75197ADF999}.Debug.Build.0 = Debug|.NET
		{CDEA44E3-C1EA-4432-B218-F75197ADF999}.Release.ActiveCfg = Release|.NET
		{CDEA44E3-C1EA-4432-B218-F75197ADF999}.Release.Build.0 = Release|.NET
	EndGlobalSection
	GlobalSection(ExtensibilityGlobals) = postSolution
	EndGlobalSection
	GlobalSection(ExtensibilityAddIns) = postSolution
	EndGlobalSection
EndGlobal
