Microsoft Visual Studio Solution File, Format Version 7.00
Project("{8BC9CEB8-8B4A-11D0-8D11-00A0C91BC942}") = "ATLPages7", "ATLPages7.vcproj", "{E5134770-A809-4A82-AE17-07CBE04D8F75}"
EndProject
Project("{8BC9CEB8-8B4A-11D0-8D11-00A0C91BC942}") = "ATLPages7PS", "ATLPages7PS.vcproj", "{AA1E5CE5-3422-46C4-8D48-DACD8B5D6012}"
EndProject
Global
	GlobalSection(SolutionConfiguration) = preSolution
		ConfigName.0 = Debug
		ConfigName.1 = Release
	EndGlobalSection
	GlobalSection(ProjectDependencies) = postSolution
		{AA1E5CE5-3422-46C4-8D48-DACD8B5D6012}.0 = {E5134770-A809-4A82-AE17-07CBE04D8F75}
	EndGlobalSection
	GlobalSection(ProjectConfiguration) = postSolution
		{E5134770-A809-4A82-AE17-07CBE04D8F75}.Debug.ActiveCfg = Debug|Win32
		{E5134770-A809-4A82-AE17-07CBE04D8F75}.Debug.Build.0 = Debug|Win32
		{E5134770-A809-4A82-AE17-07CBE04D8F75}.Release.ActiveCfg = Release|Win32
		{E5134770-A809-4A82-AE17-07CBE04D8F75}.Release.Build.0 = Release|Win32
		{AA1E5CE5-3422-46C4-8D48-DACD8B5D6012}.Debug.ActiveCfg = Debug|Win32
		{AA1E5CE5-3422-46C4-8D48-DACD8B5D6012}.Release.ActiveCfg = Release|Win32
	EndGlobalSection
	GlobalSection(ExtensibilityGlobals) = postSolution
	EndGlobalSection
	GlobalSection(ExtensibilityAddIns) = postSolution
	EndGlobalSection
EndGlobal
