
Microsoft Visual Studio Solution File, Format Version 9.00
# Visual Studio 2005
Project("{FAE04EC0-301F-11D3-BF4B-00C04F79EFBC}") = "ManagedWebBrowser", "ManagedWebBrowser\ManagedWebBrowser.csproj", "{28FB4815-2A94-4481-B7E2-BF0480910F2A}"
EndProject
Global
	GlobalSection(SolutionConfigurationPlatforms) = preSolution
		Debug|Any CPU = Debug|Any CPU
		Release|Any CPU = Release|Any CPU
	EndGlobalSection
	GlobalSection(ProjectConfigurationPlatforms) = postSolution
		{28FB4815-2A94-4481-B7E2-BF0480910F2A}.Debug|Any CPU.ActiveCfg = Debug|Any CPU
		{28FB4815-2A94-4481-B7E2-BF0480910F2A}.Debug|Any CPU.Build.0 = Debug|Any CPU
		{28FB4815-2A94-4481-B7E2-BF0480910F2A}.Release|Any CPU.ActiveCfg = Release|Any CPU
		{28FB4815-2A94-4481-B7E2-BF0480910F2A}.Release|Any CPU.Build.0 = Release|Any CPU
	EndGlobalSection
	GlobalSection(SolutionProperties) = preSolution
		HideSolutionNode = FALSE
	EndGlobalSection
EndGlobal
