
Microsoft Visual Studio Solution File, Format Version 9.00
# Visual Studio 2005
Project("{E24C65DC-7377-472B-9ABA-BC803B73C61A}") = "C:\AtlasWorkflowDesigner\AtlasWorkflowDesigner\", "AtlasWorkflowDesigner\", "{6558C9DB-6293-4705-B554-78ABE5DE75FD}"
	ProjectSection(WebsiteProperties) = preProject
		ProjectReferences = "{753E3A04-17F0-4EF5-B834-58E1B9E05564}|WorkflowDesignerControl.dll;{E613100C-C095-4089-9D94-82B9D62516E2}|WorkflowVisibilityControl.dll;"
		Debug.AspNetCompiler.VirtualPath = "/AtlasWorkflowDesigner"
		Debug.AspNetCompiler.PhysicalPath = "AtlasWorkflowDesigner\"
		Debug.AspNetCompiler.TargetPath = "PrecompiledWeb\AtlasWorkflowDesigner\"
		Debug.AspNetCompiler.Updateable = "true"
		Debug.AspNetCompiler.ForceOverwrite = "true"
		Debug.AspNetCompiler.FixedNames = "false"
		Debug.AspNetCompiler.Debug = "True"
		Release.AspNetCompiler.VirtualPath = "/AtlasWorkflowDesigner"
		Release.AspNetCompiler.PhysicalPath = "AtlasWorkflowDesigner\"
		Release.AspNetCompiler.TargetPath = "PrecompiledWeb\AtlasWorkflowDesigner\"
		Release.AspNetCompiler.Updateable = "true"
		Release.AspNetCompiler.ForceOverwrite = "true"
		Release.AspNetCompiler.FixedNames = "false"
		Release.AspNetCompiler.Debug = "False"
		VWDPort = "55563"
	EndProjectSection
EndProject
Project("{FAE04EC0-301F-11D3-BF4B-00C04F79EFBC}") = "WorkflowVisibilityControl", "WorkflowVisibilityControl\WorkflowVisibilityControl.csproj", "{E613100C-C095-4089-9D94-82B9D62516E2}"
EndProject
Project("{FAE04EC0-301F-11D3-BF4B-00C04F79EFBC}") = "WorkflowDesignerControl", "WorkflowDesignerControl\WorkflowDesignerControl.csproj", "{753E3A04-17F0-4EF5-B834-58E1B9E05564}"
EndProject
Global
	GlobalSection(SolutionConfigurationPlatforms) = preSolution
		Debug|.NET = Debug|.NET
		Debug|Any CPU = Debug|Any CPU
		Debug|Mixed Platforms = Debug|Mixed Platforms
		Release|.NET = Release|.NET
		Release|Any CPU = Release|Any CPU
		Release|Mixed Platforms = Release|Mixed Platforms
	EndGlobalSection
	GlobalSection(ProjectConfigurationPlatforms) = postSolution
		{6558C9DB-6293-4705-B554-78ABE5DE75FD}.Debug|.NET.ActiveCfg = Debug|.NET
		{6558C9DB-6293-4705-B554-78ABE5DE75FD}.Debug|.NET.Build.0 = Debug|.NET
		{6558C9DB-6293-4705-B554-78ABE5DE75FD}.Debug|Any CPU.ActiveCfg = Debug|.NET
		{6558C9DB-6293-4705-B554-78ABE5DE75FD}.Debug|Mixed Platforms.ActiveCfg = Debug|.NET
		{6558C9DB-6293-4705-B554-78ABE5DE75FD}.Debug|Mixed Platforms.Build.0 = Debug|.NET
		{6558C9DB-6293-4705-B554-78ABE5DE75FD}.Release|.NET.ActiveCfg = Debug|.NET
		{6558C9DB-6293-4705-B554-78ABE5DE75FD}.Release|.NET.Build.0 = Debug|.NET
		{6558C9DB-6293-4705-B554-78ABE5DE75FD}.Release|Any CPU.ActiveCfg = Debug|.NET
		{6558C9DB-6293-4705-B554-78ABE5DE75FD}.Release|Mixed Platforms.ActiveCfg = Debug|.NET
		{6558C9DB-6293-4705-B554-78ABE5DE75FD}.Release|Mixed Platforms.Build.0 = Debug|.NET
		{E613100C-C095-4089-9D94-82B9D62516E2}.Debug|.NET.ActiveCfg = Debug|Any CPU
		{E613100C-C095-4089-9D94-82B9D62516E2}.Debug|Any CPU.ActiveCfg = Debug|Any CPU
		{E613100C-C095-4089-9D94-82B9D62516E2}.Debug|Any CPU.Build.0 = Debug|Any CPU
		{E613100C-C095-4089-9D94-82B9D62516E2}.Debug|Mixed Platforms.ActiveCfg = Debug|Any CPU
		{E613100C-C095-4089-9D94-82B9D62516E2}.Debug|Mixed Platforms.Build.0 = Debug|Any CPU
		{E613100C-C095-4089-9D94-82B9D62516E2}.Release|.NET.ActiveCfg = Release|Any CPU
		{E613100C-C095-4089-9D94-82B9D62516E2}.Release|Any CPU.ActiveCfg = Release|Any CPU
		{E613100C-C095-4089-9D94-82B9D62516E2}.Release|Any CPU.Build.0 = Release|Any CPU
		{E613100C-C095-4089-9D94-82B9D62516E2}.Release|Mixed Platforms.ActiveCfg = Release|Any CPU
		{E613100C-C095-4089-9D94-82B9D62516E2}.Release|Mixed Platforms.Build.0 = Release|Any CPU
		{753E3A04-17F0-4EF5-B834-58E1B9E05564}.Debug|.NET.ActiveCfg = Debug|Any CPU
		{753E3A04-17F0-4EF5-B834-58E1B9E05564}.Debug|Any CPU.ActiveCfg = Debug|Any CPU
		{753E3A04-17F0-4EF5-B834-58E1B9E05564}.Debug|Any CPU.Build.0 = Debug|Any CPU
		{753E3A04-17F0-4EF5-B834-58E1B9E05564}.Debug|Mixed Platforms.ActiveCfg = Debug|Any CPU
		{753E3A04-17F0-4EF5-B834-58E1B9E05564}.Debug|Mixed Platforms.Build.0 = Debug|Any CPU
		{753E3A04-17F0-4EF5-B834-58E1B9E05564}.Release|.NET.ActiveCfg = Release|Any CPU
		{753E3A04-17F0-4EF5-B834-58E1B9E05564}.Release|Any CPU.ActiveCfg = Release|Any CPU
		{753E3A04-17F0-4EF5-B834-58E1B9E05564}.Release|Any CPU.Build.0 = Release|Any CPU
		{753E3A04-17F0-4EF5-B834-58E1B9E05564}.Release|Mixed Platforms.ActiveCfg = Release|Any CPU
		{753E3A04-17F0-4EF5-B834-58E1B9E05564}.Release|Mixed Platforms.Build.0 = Release|Any CPU
	EndGlobalSection
	GlobalSection(SolutionProperties) = preSolution
		HideSolutionNode = FALSE
	EndGlobalSection
EndGlobal
