Microsoft Visual Studio Solution File, Format Version 7.00
Project("{FAE04EC0-301F-11D3-BF4B-00C04F79EFBC}") = "csMessageQueue", "csMessageQueue.csproj", "{B2697A9D-80B6-4EE0-9E80-14382A874ADC}"
EndProject
Global
	GlobalSection(SolutionConfiguration) = preSolution
		ConfigName.0 = Debug
		ConfigName.1 = Release
	EndGlobalSection
	GlobalSection(ProjectDependencies) = postSolution
	EndGlobalSection
	GlobalSection(ProjectConfiguration) = postSolution
		{B2697A9D-80B6-4EE0-9E80-14382A874ADC}.Debug.ActiveCfg = Debug|.NET
		{B2697A9D-80B6-4EE0-9E80-14382A874ADC}.Debug.Build.0 = Debug|.NET
		{B2697A9D-80B6-4EE0-9E80-14382A874ADC}.Release.ActiveCfg = Release|.NET
		{B2697A9D-80B6-4EE0-9E80-14382A874ADC}.Release.Build.0 = Release|.NET
	EndGlobalSection
	GlobalSection(ExtensibilityGlobals) = postSolution
	EndGlobalSection
	GlobalSection(ExtensibilityAddIns) = postSolution
	EndGlobalSection
EndGlobal
