Microsoft Visual Studio Solution File, Format Version 8.00
Project("{FAE04EC0-301F-11D3-BF4B-00C04F79EFBC}") = "ResGenX", "ResGenX.csproj", "{1D5DA93E-221C-4B7A-AF8E-BE9BDFA1F8E7}"
	ProjectSection(ProjectDependencies) = postProject
	EndProjectSection
EndProject
Project("{FAE04EC0-301F-11D3-BF4B-00C04F79EFBC}") = "McToMMc", "McToMMc\McToMMc.csproj", "{AD704357-B774-4281-9137-B2E4F71D8734}"
	ProjectSection(ProjectDependencies) = postProject
	EndProjectSection
EndProject
Project("{FAE04EC0-301F-11D3-BF4B-00C04F79EFBC}") = "CustomAttributes", "CustomAttributes\CustomAttributes.csproj", "{271D77DD-72E0-41CD-9507-12DA47C73ED9}"
	ProjectSection(ProjectDependencies) = postProject
	EndProjectSection
EndProject
Global
	GlobalSection(SolutionConfiguration) = preSolution
		Debug = Debug
		Release = Release
	EndGlobalSection
	GlobalSection(ProjectConfiguration) = postSolution
		{1D5DA93E-221C-4B7A-AF8E-BE9BDFA1F8E7}.Debug.ActiveCfg = Debug|.NET
		{1D5DA93E-221C-4B7A-AF8E-BE9BDFA1F8E7}.Debug.Build.0 = Debug|.NET
		{1D5DA93E-221C-4B7A-AF8E-BE9BDFA1F8E7}.Release.ActiveCfg = Release|.NET
		{1D5DA93E-221C-4B7A-AF8E-BE9BDFA1F8E7}.Release.Build.0 = Release|.NET
		{AD704357-B774-4281-9137-B2E4F71D8734}.Debug.ActiveCfg = Debug|.NET
		{AD704357-B774-4281-9137-B2E4F71D8734}.Debug.Build.0 = Debug|.NET
		{AD704357-B774-4281-9137-B2E4F71D8734}.Release.ActiveCfg = Release|.NET
		{AD704357-B774-4281-9137-B2E4F71D8734}.Release.Build.0 = Release|.NET
		{271D77DD-72E0-41CD-9507-12DA47C73ED9}.Debug.ActiveCfg = Debug|.NET
		{271D77DD-72E0-41CD-9507-12DA47C73ED9}.Debug.Build.0 = Debug|.NET
		{271D77DD-72E0-41CD-9507-12DA47C73ED9}.Release.ActiveCfg = Release|.NET
		{271D77DD-72E0-41CD-9507-12DA47C73ED9}.Release.Build.0 = Release|.NET
	EndGlobalSection
	GlobalSection(ExtensibilityGlobals) = postSolution
	EndGlobalSection
	GlobalSection(ExtensibilityAddIns) = postSolution
	EndGlobalSection
EndGlobal
