Microsoft Visual Studio Solution File, Format Version 8.00
Project("{FAE04EC0-301F-11D3-BF4B-00C04F79EFBC}") = "How-To Sockets Client", "How-To Sockets Client.csproj", "{F153A1D7-6846-4564-A195-43433A966293}"
	ProjectSection(ProjectDependencies) = postProject
	EndProjectSection
EndProject
Global
	GlobalSection(SolutionConfiguration) = preSolution
		Debug = Debug
		Release = Release
	EndGlobalSection
	GlobalSection(ProjectConfiguration) = postSolution
		{F153A1D7-6846-4564-A195-43433A966293}.Debug.ActiveCfg = Debug|.NET
		{F153A1D7-6846-4564-A195-43433A966293}.Debug.Build.0 = Debug|.NET
		{F153A1D7-6846-4564-A195-43433A966293}.Release.ActiveCfg = Release|.NET
		{F153A1D7-6846-4564-A195-43433A966293}.Release.Build.0 = Release|.NET
	EndGlobalSection
	GlobalSection(ExtensibilityGlobals) = postSolution
	EndGlobalSection
	GlobalSection(ExtensibilityAddIns) = postSolution
	EndGlobalSection
EndGlobal
