Microsoft Visual Studio Solution File, Format Version 7.00
Project("{FAE04EC0-301F-11D3-BF4B-00C04F79EFBC}") = "Test App", "Test App\Test App.csproj", "{83714BAC-D508-4BF1-B116-B771BD800BAB}"
EndProject
Project("{FAE04EC0-301F-11D3-BF4B-00C04F79EFBC}") = "Joaqs.UI", "Joaqs.UI\Joaqs.UI.csproj", "{6BE08A0B-8528-48C4-9A6F-F5DCA140F3A0}"
EndProject
Global
	GlobalSection(SolutionConfiguration) = preSolution
		ConfigName.0 = Debug
		ConfigName.1 = Release
	EndGlobalSection
	GlobalSection(ProjectDependencies) = postSolution
	EndGlobalSection
	GlobalSection(ProjectConfiguration) = postSolution
		{83714BAC-D508-4BF1-B116-B771BD800BAB}.Debug.ActiveCfg = Debug|.NET
		{83714BAC-D508-4BF1-B116-B771BD800BAB}.Debug.Build.0 = Debug|.NET
		{83714BAC-D508-4BF1-B116-B771BD800BAB}.Release.ActiveCfg = Release|.NET
		{83714BAC-D508-4BF1-B116-B771BD800BAB}.Release.Build.0 = Release|.NET
		{6BE08A0B-8528-48C4-9A6F-F5DCA140F3A0}.Debug.ActiveCfg = Debug|.NET
		{6BE08A0B-8528-48C4-9A6F-F5DCA140F3A0}.Debug.Build.0 = Debug|.NET
		{6BE08A0B-8528-48C4-9A6F-F5DCA140F3A0}.Release.ActiveCfg = Release|.NET
		{6BE08A0B-8528-48C4-9A6F-F5DCA140F3A0}.Release.Build.0 = Release|.NET
	EndGlobalSection
	GlobalSection(ExtensibilityGlobals) = postSolution
	EndGlobalSection
	GlobalSection(ExtensibilityAddIns) = postSolution
	EndGlobalSection
EndGlobal
