Microsoft Visual Studio Solution File, Format Version 7.00
Project("{FAE04EC0-301F-11D3-BF4B-00C04F79EFBC}") = "HelloWorldControl", "HelloWorldControl\HelloWorldControl.csproj", "{F8F1ACD7-3E28-411D-9E04-4B0027A206EA}"
EndProject
Project("{FAE04EC0-301F-11D3-BF4B-00C04F79EFBC}") = "HostApp", "HostApp\HostApp.csproj", "{DD55E3B3-7FA4-4B59-95C3-F73A6309439C}"
EndProject
Global
	GlobalSection(SolutionConfiguration) = preSolution
		ConfigName.0 = Debug
		ConfigName.1 = Release
	EndGlobalSection
	GlobalSection(ProjectDependencies) = postSolution
	EndGlobalSection
	GlobalSection(ProjectConfiguration) = postSolution
		{F8F1ACD7-3E28-411D-9E04-4B0027A206EA}.Debug.ActiveCfg = Debug|.NET
		{F8F1ACD7-3E28-411D-9E04-4B0027A206EA}.Debug.Build.0 = Debug|.NET
		{F8F1ACD7-3E28-411D-9E04-4B0027A206EA}.Release.ActiveCfg = Release|.NET
		{F8F1ACD7-3E28-411D-9E04-4B0027A206EA}.Release.Build.0 = Release|.NET
		{DD55E3B3-7FA4-4B59-95C3-F73A6309439C}.Debug.ActiveCfg = Debug|.NET
		{DD55E3B3-7FA4-4B59-95C3-F73A6309439C}.Debug.Build.0 = Debug|.NET
		{DD55E3B3-7FA4-4B59-95C3-F73A6309439C}.Release.ActiveCfg = Release|.NET
		{DD55E3B3-7FA4-4B59-95C3-F73A6309439C}.Release.Build.0 = Release|.NET
	EndGlobalSection
	GlobalSection(ExtensibilityGlobals) = postSolution
	EndGlobalSection
	GlobalSection(ExtensibilityAddIns) = postSolution
	EndGlobalSection
EndGlobal
