
Microsoft Visual Studio Solution File, Format Version 9.00
# Visual Studio 2005
Project("{F184B08F-C81C-45F6-A57F-5ABD9991F28F}") = "MaskedTextBox", "MaskedTextBox\MaskedTextBox.vbproj", "{968296DE-E1D6-41DE-9338-0BFEF6B677BA}"
EndProject
Global
	GlobalSection(SolutionConfigurationPlatforms) = preSolution
		Debug|Any CPU = Debug|Any CPU
		Release|Any CPU = Release|Any CPU
	EndGlobalSection
	GlobalSection(ProjectConfigurationPlatforms) = postSolution
		{968296DE-E1D6-41DE-9338-0BFEF6B677BA}.Debug|Any CPU.ActiveCfg = Debug|Any CPU
		{968296DE-E1D6-41DE-9338-0BFEF6B677BA}.Debug|Any CPU.Build.0 = Debug|Any CPU
		{968296DE-E1D6-41DE-9338-0BFEF6B677BA}.Release|Any CPU.ActiveCfg = Release|Any CPU
		{968296DE-E1D6-41DE-9338-0BFEF6B677BA}.Release|Any CPU.Build.0 = Release|Any CPU
	EndGlobalSection
	GlobalSection(SolutionProperties) = preSolution
		HideSolutionNode = FALSE
	EndGlobalSection
EndGlobal
