
Microsoft Visual Studio Solution File, Format Version 9.00
# Visual Studio 2005
Project("{FAE04EC0-301F-11D3-BF4B-00C04F79EFBC}") = "FTPSample", "FTPSample.csproj", "{0A21B40F-EEC9-4BF0-B966-792DFF3F5130}"
EndProject
Global
	GlobalSection(SolutionConfigurationPlatforms) = preSolution
		Debug|Any CPU = Debug|Any CPU
		Release|Any CPU = Release|Any CPU
	EndGlobalSection
	GlobalSection(ProjectConfigurationPlatforms) = postSolution
		{0A21B40F-EEC9-4BF0-B966-792DFF3F5130}.Debug|Any CPU.ActiveCfg = Debug|Any CPU
		{0A21B40F-EEC9-4BF0-B966-792DFF3F5130}.Debug|Any CPU.Build.0 = Debug|Any CPU
		{0A21B40F-EEC9-4BF0-B966-792DFF3F5130}.Release|Any CPU.ActiveCfg = Release|Any CPU
		{0A21B40F-EEC9-4BF0-B966-792DFF3F5130}.Release|Any CPU.Build.0 = Release|Any CPU
	EndGlobalSection
	GlobalSection(SolutionProperties) = preSolution
		HideSolutionNode = FALSE
	EndGlobalSection
EndGlobal
