
Microsoft Visual Studio Solution File, Format Version 9.00
# Visual Studio 2005
Project("{F184B08F-C81C-45F6-A57F-5ABD9991F28F}") = "SelectionPatternClient", "SelectionPatternClient.vbproj", "{5CA829A6-1247-4713-87C0-0E4E8117419C}"
EndProject
Project("{F184B08F-C81C-45F6-A57F-5ABD9991F28F}") = "SelectionPatternTarget", "SelectionPatternTarget.vbproj", "{33BFE910-FECD-424D-B5A2-25BA0F46AA39}"
EndProject
Global
	GlobalSection(SolutionConfigurationPlatforms) = preSolution
		Debug|Any CPU = Debug|Any CPU
		Release|Any CPU = Release|Any CPU
	EndGlobalSection
	GlobalSection(ProjectConfigurationPlatforms) = postSolution
		{5CA829A6-1247-4713-87C0-0E4E8117419C}.Debug|Any CPU.ActiveCfg = Debug|Any CPU
		{5CA829A6-1247-4713-87C0-0E4E8117419C}.Debug|Any CPU.Build.0 = Debug|Any CPU
		{5CA829A6-1247-4713-87C0-0E4E8117419C}.Release|Any CPU.ActiveCfg = Release|Any CPU
		{5CA829A6-1247-4713-87C0-0E4E8117419C}.Release|Any CPU.Build.0 = Release|Any CPU
		{33BFE910-FECD-424D-B5A2-25BA0F46AA39}.Debug|Any CPU.ActiveCfg = Debug|Any CPU
		{33BFE910-FECD-424D-B5A2-25BA0F46AA39}.Debug|Any CPU.Build.0 = Debug|Any CPU
		{33BFE910-FECD-424D-B5A2-25BA0F46AA39}.Release|Any CPU.ActiveCfg = Release|Any CPU
		{33BFE910-FECD-424D-B5A2-25BA0F46AA39}.Release|Any CPU.Build.0 = Release|Any CPU
	EndGlobalSection
	GlobalSection(SolutionProperties) = preSolution
		HideSolutionNode = FALSE
	EndGlobalSection
EndGlobal
