
Microsoft Visual Studio Solution File, Format Version 8.00
Project("{FAE04EC0-301F-11D3-BF4B-00C04F79EFBC}") = "GenericsPerf", "GenericsPerf\GenericsPerf.csproj", "{9716504C-FE16-4EB3-AE6D-71CC28B9AE3F}"
EndProject
Global
	GlobalSection(SolutionConfiguration) = preSolution
		Debug = Debug
		Release = Release
	EndGlobalSection
	GlobalSection(ProjectConfiguration) = postSolution
		{9716504C-FE16-4EB3-AE6D-71CC28B9AE3F}.Debug.ActiveCfg = Debug|.NET
		{9716504C-FE16-4EB3-AE6D-71CC28B9AE3F}.Debug.Build.0 = Debug|.NET
		{9716504C-FE16-4EB3-AE6D-71CC28B9AE3F}.Release.ActiveCfg = Release|.NET
		{9716504C-FE16-4EB3-AE6D-71CC28B9AE3F}.Release.Build.0 = Release|.NET
	EndGlobalSection
	GlobalSection(SolutionProperties) = preSolution
		HideSolutionNode = FALSE
	EndGlobalSection
EndGlobal
