Microsoft Visual Studio Solution File, Format Version 8.00
Project("{FAE04EC0-301F-11D3-BF4B-00C04F79EFBC}") = "How-To Reading and Writing with a Text File", "How-To Reading and Writing with a Text File.csproj", "{D136F068-1EBA-4AA3-B7FD-D7414EE088F9}"
	ProjectSection(ProjectDependencies) = postProject
	EndProjectSection
EndProject
Global
	GlobalSection(SolutionConfiguration) = preSolution
		Debug = Debug
		Release = Release
	EndGlobalSection
	GlobalSection(ProjectConfiguration) = postSolution
		{D136F068-1EBA-4AA3-B7FD-D7414EE088F9}.Debug.ActiveCfg = Debug|.NET
		{D136F068-1EBA-4AA3-B7FD-D7414EE088F9}.Debug.Build.0 = Debug|.NET
		{D136F068-1EBA-4AA3-B7FD-D7414EE088F9}.Release.ActiveCfg = Release|.NET
		{D136F068-1EBA-4AA3-B7FD-D7414EE088F9}.Release.Build.0 = Release|.NET
	EndGlobalSection
	GlobalSection(ExtensibilityGlobals) = postSolution
	EndGlobalSection
	GlobalSection(ExtensibilityAddIns) = postSolution
	EndGlobalSection
EndGlobal
