Microsoft Visual Studio Solution File, Format Version 8.00
Project("{FAE04EC0-301F-11D3-BF4B-00C04F79EFBC}") = "How-To Create a Login Dialog Box", "How-To Create a Login Dialog Box.csproj", "{FA4373A2-6F04-479A-BB83-EF8416F0AC0A}"
	ProjectSection(ProjectDependencies) = postProject
	EndProjectSection
EndProject
Global
	GlobalSection(SolutionConfiguration) = preSolution
		Debug = Debug
		Release = Release
	EndGlobalSection
	GlobalSection(ProjectConfiguration) = postSolution
		{FA4373A2-6F04-479A-BB83-EF8416F0AC0A}.Debug.ActiveCfg = Debug|.NET
		{FA4373A2-6F04-479A-BB83-EF8416F0AC0A}.Debug.Build.0 = Debug|.NET
		{FA4373A2-6F04-479A-BB83-EF8416F0AC0A}.Release.ActiveCfg = Release|.NET
		{FA4373A2-6F04-479A-BB83-EF8416F0AC0A}.Release.Build.0 = Release|.NET
	EndGlobalSection
	GlobalSection(ExtensibilityGlobals) = postSolution
	EndGlobalSection
	GlobalSection(ExtensibilityAddIns) = postSolution
	EndGlobalSection
EndGlobal
