Microsoft Visual Studio Solution File, Format Version 8.00
Project("{FAE04EC0-301F-11D3-BF4B-00C04F79EFBC}") = "How-To ShellEx API Functionality", "How-To ShellEx API Functionality.csproj", "{53B89103-7989-4201-B30D-9AE20CFD7591}"
	ProjectSection(ProjectDependencies) = postProject
	EndProjectSection
EndProject
Global
	GlobalSection(SolutionConfiguration) = preSolution
		Debug = Debug
		Release = Release
	EndGlobalSection
	GlobalSection(ProjectConfiguration) = postSolution
		{53B89103-7989-4201-B30D-9AE20CFD7591}.Debug.ActiveCfg = Debug|.NET
		{53B89103-7989-4201-B30D-9AE20CFD7591}.Debug.Build.0 = Debug|.NET
		{53B89103-7989-4201-B30D-9AE20CFD7591}.Release.ActiveCfg = Release|.NET
		{53B89103-7989-4201-B30D-9AE20CFD7591}.Release.Build.0 = Release|.NET
	EndGlobalSection
	GlobalSection(ExtensibilityGlobals) = postSolution
	EndGlobalSection
	GlobalSection(ExtensibilityAddIns) = postSolution
	EndGlobalSection
EndGlobal
